// !$*UTF8*$!
{
	archiveVersion = 1;
	classes = {
	};
	objectVersion = 46;
	objects = {

/* Begin PBXAggregateTarget section */
		452EC706187E74F100795834 /* All (Mac) */ = {
			isa = PBXAggregateTarget;
			buildConfigurationList = 452EC70A187E74F100795834 /* Build configuration list for PBXAggregateTarget "All (Mac)" */;
			buildPhases = (
			);
			dependencies = (
				452EC70E187E74FE00795834 /* PBXTargetDependency */,
				452EC710187E74FE00795834 /* PBXTargetDependency */,
			);
			name = "All (Mac)";
			productName = All;
		};
/* End PBXAggregateTarget section */

/* Begin PBXBuildFile section */
		450FD6C4182ACB130022909D /* InfoPlist.strings in Resources */ = {isa = PBXBuildFile; fileRef = 450FD6C2182ACB130022909D /* InfoPlist.strings */; };
		450FD6C6182ACB130022909D /* main.m in Sources */ = {isa = PBXBuildFile; fileRef = 450FD6C5182ACB130022909D /* main.m */; };
		450FD6CA182ACB130022909D /* CAppDelegate.m in Sources */ = {isa = PBXBuildFile; fileRef = 450FD6C9182ACB130022909D /* CAppDelegate.m */; };
		450FD6CD182ACB130022909D /* Main_iPhone.storyboard in Resources */ = {isa = PBXBuildFile; fileRef = 450FD6CB182ACB130022909D /* Main_iPhone.storyboard */; };
		450FD6D0182ACB130022909D /* Main_iPad.storyboard in Resources */ = {isa = PBXBuildFile; fileRef = 450FD6CE182ACB130022909D /* Main_iPad.storyboard */; };
		450FD6D3182ACB130022909D /* CViewController.m in Sources */ = {isa = PBXBuildFile; fileRef = 450FD6D2182ACB130022909D /* CViewController.m */; };
		450FD6D5182ACB130022909D /* Images.xcassets in Resources */ = {isa = PBXBuildFile; fileRef = 450FD6D4182ACB130022909D /* Images.xcassets */; };
		451AAC801857F8CF00B09BFA /* Noise.png in Resources */ = {isa = PBXBuildFile; fileRef = 451AAC7F1857F8CF00B09BFA /* Noise.png */; };
		452401F718AAF24900309356 /* NIMLoggingPeer.m in Sources */ = {isa = PBXBuildFile; fileRef = 452401F618AAF24900309356 /* NIMLoggingPeer.m */; };
		452401FA18AAF25700309356 /* NIMLoggingSession.m in Sources */ = {isa = PBXBuildFile; fileRef = 452401F918AAF25700309356 /* NIMLoggingSession.m */; };
		454B1BF5185FA09B003FB0E7 /* libShanty.a in Frameworks */ = {isa = PBXBuildFile; fileRef = 4518E34E185F914900B1B1D9 /* libShanty.a */; };
		454B1BF8185FA0D2003FB0E7 /* Shanty.framework in Frameworks */ = {isa = PBXBuildFile; fileRef = 4518E350185F914900B1B1D9 /* Shanty.framework */; };
		454FCD2B182AD70200A06C8B /* InfoPlist.strings in Resources */ = {isa = PBXBuildFile; fileRef = 454FCD29182AD70200A06C8B /* InfoPlist.strings */; };
		454FCD2D182AD70200A06C8B /* main.m in Sources */ = {isa = PBXBuildFile; fileRef = 454FCD2C182AD70200A06C8B /* main.m */; };
		454FCD31182AD70200A06C8B /* Credits.rtf in Resources */ = {isa = PBXBuildFile; fileRef = 454FCD2F182AD70200A06C8B /* Credits.rtf */; };
		454FCD34182AD70200A06C8B /* NIMAppDelegate.m in Sources */ = {isa = PBXBuildFile; fileRef = 454FCD33182AD70200A06C8B /* NIMAppDelegate.m */; };
		454FCD37182AD70200A06C8B /* MainMenu.xib in Resources */ = {isa = PBXBuildFile; fileRef = 454FCD35182AD70200A06C8B /* MainMenu.xib */; };
		454FCD39182AD70200A06C8B /* Images.xcassets in Resources */ = {isa = PBXBuildFile; fileRef = 454FCD38182AD70200A06C8B /* Images.xcassets */; };
		4588AEE4182AF31000A08681 /* Cube.dae in Resources */ = {isa = PBXBuildFile; fileRef = 4588AEE3182AF31000A08681 /* Cube.dae */; };
		45CADE8F185F9C3E00CEC1D7 /* Shanty.framework in CopyFiles */ = {isa = PBXBuildFile; fileRef = 4518E350185F914900B1B1D9 /* Shanty.framework */; };
		45E90C9E185F928F0060B938 /* Shanty.framework in Frameworks */ = {isa = PBXBuildFile; fileRef = 4518E350185F914900B1B1D9 /* Shanty.framework */; };
		45EE0E3018456C4B00DEE839 /* InfoPlist.strings in Resources */ = {isa = PBXBuildFile; fileRef = 45EE0E2E18456C4B00DEE839 /* InfoPlist.strings */; };
		45EE0E3218456C4B00DEE839 /* main.m in Sources */ = {isa = PBXBuildFile; fileRef = 45EE0E3118456C4B00DEE839 /* main.m */; };
		45EE0E3618456C4B00DEE839 /* Credits.rtf in Resources */ = {isa = PBXBuildFile; fileRef = 45EE0E3418456C4B00DEE839 /* Credits.rtf */; };
		45EE0E3918456C4B00DEE839 /* NIMLogServerAppDelegate.m in Sources */ = {isa = PBXBuildFile; fileRef = 45EE0E3818456C4B00DEE839 /* NIMLogServerAppDelegate.m */; };
		45EE0E3C18456C4B00DEE839 /* MainMenu.xib in Resources */ = {isa = PBXBuildFile; fileRef = 45EE0E3A18456C4B00DEE839 /* MainMenu.xib */; };
		45EE0E3E18456C4B00DEE839 /* Images.xcassets in Resources */ = {isa = PBXBuildFile; fileRef = 45EE0E3D18456C4B00DEE839 /* Images.xcassets */; };
		45FCF1221857EFA100650FED /* STYDebugTool.m in Sources */ = {isa = PBXBuildFile; fileRef = 45FCF1211857EFA100650FED /* STYDebugTool.m */; };
/* End PBXBuildFile section */

/* Begin PBXContainerItemProxy section */
		4518E34D185F914900B1B1D9 /* PBXContainerItemProxy */ = {
			isa = PBXContainerItemProxy;
			containerPortal = 4518E347185F914900B1B1D9 /* Shanty.xcodeproj */;
			proxyType = 2;
			remoteGlobalIDString = 4538AEAE185F851A003DF921;
			remoteInfo = Shanty;
		};
		4518E34F185F914900B1B1D9 /* PBXContainerItemProxy */ = {
			isa = PBXContainerItemProxy;
			containerPortal = 4518E347185F914900B1B1D9 /* Shanty.xcodeproj */;
			proxyType = 2;
			remoteGlobalIDString = 4518E30C185F90BA00B1B1D9;
			remoteInfo = "Mac OS X Framework";
		};
		452EC70D187E74FE00795834 /* PBXContainerItemProxy */ = {
			isa = PBXContainerItemProxy;
			containerPortal = 450FAE37182067F200772BA3 /* Project object */;
			proxyType = 1;
			remoteGlobalIDString = 454FCD1E182AD70200A06C8B;
			remoteInfo = "Shanty Mac Example";
		};
		452EC70F187E74FE00795834 /* PBXContainerItemProxy */ = {
			isa = PBXContainerItemProxy;
			containerPortal = 450FAE37182067F200772BA3 /* Project object */;
			proxyType = 1;
			remoteGlobalIDString = 45EE0E2818456C4B00DEE839;
			remoteInfo = "Shanty Log Server";
		};
		454B1BF3185FA068003FB0E7 /* PBXContainerItemProxy */ = {
			isa = PBXContainerItemProxy;
			containerPortal = 4518E347185F914900B1B1D9 /* Shanty.xcodeproj */;
			proxyType = 1;
			remoteGlobalIDString = 4538AEAD185F851A003DF921;
			remoteInfo = Shanty;
		};
		454B1BF6185FA0CC003FB0E7 /* PBXContainerItemProxy */ = {
			isa = PBXContainerItemProxy;
			containerPortal = 4518E347185F914900B1B1D9 /* Shanty.xcodeproj */;
			proxyType = 1;
			remoteGlobalIDString = 4518E30B185F90BA00B1B1D9;
			remoteInfo = "Mac OS X Framework";
		};
		45B8D1E6185F916700F1A26B /* PBXContainerItemProxy */ = {
			isa = PBXContainerItemProxy;
			containerPortal = 4518E347185F914900B1B1D9 /* Shanty.xcodeproj */;
			proxyType = 1;
			remoteGlobalIDString = 4518E30B185F90BA00B1B1D9;
			remoteInfo = "Mac OS X Framework";
		};
		45F74E64187F251900294D9D /* PBXContainerItemProxy */ = {
			isa = PBXContainerItemProxy;
			containerPortal = 4518E347185F914900B1B1D9 /* Shanty.xcodeproj */;
			proxyType = 2;
			remoteGlobalIDString = 45DA232C187E7BA700599FAC;
			remoteInfo = "Shanty Mac OS X Tests";
		};
/* End PBXContainerItemProxy section */

/* Begin PBXCopyFilesBuildPhase section */
		45CADE8E185F9C2F00CEC1D7 /* CopyFiles */ = {
			isa = PBXCopyFilesBuildPhase;
			buildActionMask = 2147483647;
			dstPath = "";
			dstSubfolderSpec = 10;
			files = (
				45CADE8F185F9C3E00CEC1D7 /* Shanty.framework in CopyFiles */,
			);
			runOnlyForDeploymentPostprocessing = 0;
		};
/* End PBXCopyFilesBuildPhase section */

/* Begin PBXFileReference section */
		450FD6B9182ACB130022909D /* Shanty iOS Example.app */ = {isa = PBXFileReference; explicitFileType = wrapper.application; includeInIndex = 0; path = "Shanty iOS Example.app"; sourceTree = BUILT_PRODUCTS_DIR; };
		450FD6C1182ACB130022909D /* Shanty iOS Example-Info.plist */ = {isa = PBXFileReference; lastKnownFileType = text.plist.xml; path = "Shanty iOS Example-Info.plist"; sourceTree = "<group>"; };
		450FD6C3182ACB130022909D /* en */ = {isa = PBXFileReference; lastKnownFileType = text.plist.strings; name = en; path = en.lproj/InfoPlist.strings; sourceTree = "<group>"; };
		450FD6C5182ACB130022909D /* main.m */ = {isa = PBXFileReference; lastKnownFileType = sourcecode.c.objc; path = main.m; sourceTree = "<group>"; };
		450FD6C7182ACB130022909D /* Shanty iOS Example-Prefix.pch */ = {isa = PBXFileReference; lastKnownFileType = sourcecode.c.h; path = "Shanty iOS Example-Prefix.pch"; sourceTree = "<group>"; };
		450FD6C8182ACB130022909D /* CAppDelegate.h */ = {isa = PBXFileReference; lastKnownFileType = sourcecode.c.h; path = CAppDelegate.h; sourceTree = "<group>"; };
		450FD6C9182ACB130022909D /* CAppDelegate.m */ = {isa = PBXFileReference; lastKnownFileType = sourcecode.c.objc; path = CAppDelegate.m; sourceTree = "<group>"; };
		450FD6CC182ACB130022909D /* Base */ = {isa = PBXFileReference; lastKnownFileType = file.storyboard; name = Base; path = Base.lproj/Main_iPhone.storyboard; sourceTree = "<group>"; };
		450FD6CF182ACB130022909D /* Base */ = {isa = PBXFileReference; lastKnownFileType = file.storyboard; name = Base; path = Base.lproj/Main_iPad.storyboard; sourceTree = "<group>"; };
		450FD6D1182ACB130022909D /* CViewController.h */ = {isa = PBXFileReference; lastKnownFileType = sourcecode.c.h; path = CViewController.h; sourceTree = "<group>"; };
		450FD6D2182ACB130022909D /* CViewController.m */ = {isa = PBXFileReference; lastKnownFileType = sourcecode.c.objc; path = CViewController.m; sourceTree = "<group>"; };
		450FD6D4182ACB130022909D /* Images.xcassets */ = {isa = PBXFileReference; lastKnownFileType = folder.assetcatalog; path = Images.xcassets; sourceTree = "<group>"; };
		4518E347185F914900B1B1D9 /* Shanty.xcodeproj */ = {isa = PBXFileReference; lastKnownFileType = "wrapper.pb-project"; name = Shanty.xcodeproj; path = ../Shanty.xcodeproj; sourceTree = "<group>"; };
		451AAC7F1857F8CF00B09BFA /* Noise.png */ = {isa = PBXFileReference; lastKnownFileType = image.png; path = Noise.png; sourceTree = "<group>"; };
		452401F518AAF24900309356 /* NIMLoggingPeer.h */ = {isa = PBXFileReference; fileEncoding = 4; lastKnownFileType = sourcecode.c.h; path = NIMLoggingPeer.h; sourceTree = "<group>"; };
		452401F618AAF24900309356 /* NIMLoggingPeer.m */ = {isa = PBXFileReference; fileEncoding = 4; lastKnownFileType = sourcecode.c.objc; path = NIMLoggingPeer.m; sourceTree = "<group>"; };
		452401F818AAF25700309356 /* NIMLoggingSession.h */ = {isa = PBXFileReference; fileEncoding = 4; lastKnownFileType = sourcecode.c.h; path = NIMLoggingSession.h; sourceTree = "<group>"; };
		452401F918AAF25700309356 /* NIMLoggingSession.m */ = {isa = PBXFileReference; fileEncoding = 4; lastKnownFileType = sourcecode.c.objc; path = NIMLoggingSession.m; sourceTree = "<group>"; };
		454FCD1F182AD70200A06C8B /* Shanty Mac Example.app */ = {isa = PBXFileReference; explicitFileType = wrapper.application; includeInIndex = 0; path = "Shanty Mac Example.app"; sourceTree = BUILT_PRODUCTS_DIR; };
		454FCD28182AD70200A06C8B /* Shanty Mac Example-Info.plist */ = {isa = PBXFileReference; lastKnownFileType = text.plist.xml; path = "Shanty Mac Example-Info.plist"; sourceTree = "<group>"; };
		454FCD2A182AD70200A06C8B /* en */ = {isa = PBXFileReference; lastKnownFileType = text.plist.strings; name = en; path = en.lproj/InfoPlist.strings; sourceTree = "<group>"; };
		454FCD2C182AD70200A06C8B /* main.m */ = {isa = PBXFileReference; lastKnownFileType = sourcecode.c.objc; path = main.m; sourceTree = "<group>"; };
		454FCD2E182AD70200A06C8B /* Shanty Mac Example-Prefix.pch */ = {isa = PBXFileReference; lastKnownFileType = sourcecode.c.h; path = "Shanty Mac Example-Prefix.pch"; sourceTree = "<group>"; };
		454FCD30182AD70200A06C8B /* en */ = {isa = PBXFileReference; lastKnownFileType = text.rtf; name = en; path = en.lproj/Credits.rtf; sourceTree = "<group>"; };
		454FCD32182AD70200A06C8B /* NIMAppDelegate.h */ = {isa = PBXFileReference; lastKnownFileType = sourcecode.c.h; path = NIMAppDelegate.h; sourceTree = "<group>"; };
		454FCD33182AD70200A06C8B /* NIMAppDelegate.m */ = {isa = PBXFileReference; lastKnownFileType = sourcecode.c.objc; path = NIMAppDelegate.m; sourceTree = "<group>"; };
		454FCD36182AD70200A06C8B /* Base */ = {isa = PBXFileReference; lastKnownFileType = file.xib; name = Base; path = Base.lproj/MainMenu.xib; sourceTree = "<group>"; };
		454FCD38182AD70200A06C8B /* Images.xcassets */ = {isa = PBXFileReference; lastKnownFileType = folder.assetcatalog; path = Images.xcassets; sourceTree = "<group>"; };
		4588AEE3182AF31000A08681 /* Cube.dae */ = {isa = PBXFileReference; fileEncoding = 4; lastKnownFileType = text.xml.dae; path = Cube.dae; sourceTree = "<group>"; };
		45EE0E2918456C4B00DEE839 /* Shanty Log Server.app */ = {isa = PBXFileReference; explicitFileType = wrapper.application; includeInIndex = 0; path = "Shanty Log Server.app"; sourceTree = BUILT_PRODUCTS_DIR; };
		45EE0E2D18456C4B00DEE839 /* Shanty Log Server-Info.plist */ = {isa = PBXFileReference; lastKnownFileType = text.plist.xml; path = "Shanty Log Server-Info.plist"; sourceTree = "<group>"; };
		45EE0E2F18456C4B00DEE839 /* en */ = {isa = PBXFileReference; lastKnownFileType = text.plist.strings; name = en; path = en.lproj/InfoPlist.strings; sourceTree = "<group>"; };
		45EE0E3118456C4B00DEE839 /* main.m */ = {isa = PBXFileReference; lastKnownFileType = sourcecode.c.objc; path = main.m; sourceTree = "<group>"; };
		45EE0E3318456C4B00DEE839 /* Shanty Log Server-Prefix.pch */ = {isa = PBXFileReference; lastKnownFileType = sourcecode.c.h; path = "Shanty Log Server-Prefix.pch"; sourceTree = "<group>"; };
		45EE0E3518456C4B00DEE839 /* en */ = {isa = PBXFileReference; lastKnownFileType = text.rtf; name = en; path = en.lproj/Credits.rtf; sourceTree = "<group>"; };
		45EE0E3718456C4B00DEE839 /* NIMLogServerAppDelegate.h */ = {isa = PBXFileReference; lastKnownFileType = sourcecode.c.h; path = NIMLogServerAppDelegate.h; sourceTree = "<group>"; };
		45EE0E3818456C4B00DEE839 /* NIMLogServerAppDelegate.m */ = {isa = PBXFileReference; lastKnownFileType = sourcecode.c.objc; path = NIMLogServerAppDelegate.m; sourceTree = "<group>"; };
		45EE0E3B18456C4B00DEE839 /* Base */ = {isa = PBXFileReference; lastKnownFileType = file.xib; name = Base; path = Base.lproj/MainMenu.xib; sourceTree = "<group>"; };
		45EE0E3D18456C4B00DEE839 /* Images.xcassets */ = {isa = PBXFileReference; lastKnownFileType = folder.assetcatalog; path = Images.xcassets; sourceTree = "<group>"; };
		45FCF1201857EFA100650FED /* STYDebugTool.h */ = {isa = PBXFileReference; fileEncoding = 4; lastKnownFileType = sourcecode.c.h; path = STYDebugTool.h; sourceTree = "<group>"; };
		45FCF1211857EFA100650FED /* STYDebugTool.m */ = {isa = PBXFileReference; fileEncoding = 4; lastKnownFileType = sourcecode.c.objc; path = STYDebugTool.m; sourceTree = "<group>"; };
/* End PBXFileReference section */

/* Begin PBXFrameworksBuildPhase section */
		450FD6B6182ACB130022909D /* Frameworks */ = {
			isa = PBXFrameworksBuildPhase;
			buildActionMask = 2147483647;
			files = (
				454B1BF5185FA09B003FB0E7 /* libShanty.a in Frameworks */,
			);
			runOnlyForDeploymentPostprocessing = 0;
		};
		454FCD1C182AD70200A06C8B /* Frameworks */ = {
			isa = PBXFrameworksBuildPhase;
			buildActionMask = 2147483647;
			files = (
				454B1BF8185FA0D2003FB0E7 /* Shanty.framework in Frameworks */,
			);
			runOnlyForDeploymentPostprocessing = 0;
		};
		45EE0E2618456C4B00DEE839 /* Frameworks */ = {
			isa = PBXFrameworksBuildPhase;
			buildActionMask = 2147483647;
			files = (
				45E90C9E185F928F0060B938 /* Shanty.framework in Frameworks */,
			);
			runOnlyForDeploymentPostprocessing = 0;
		};
/* End PBXFrameworksBuildPhase section */

/* Begin PBXGroup section */
		450FAE36182067F200772BA3 = {
			isa = PBXGroup;
			children = (
				450FD6BF182ACB130022909D /* Shanty iOS Example */,
				454FCD26182AD70200A06C8B /* Shanty Mac Example */,
				45EE0E2B18456C4B00DEE839 /* Shanty Log Server */,
				4518E347185F914900B1B1D9 /* Shanty.xcodeproj */,
				450FAE40182067F200772BA3 /* Products */,
			);
			sourceTree = "<group>";
			usesTabs = 0;
		};
		450FAE40182067F200772BA3 /* Products */ = {
			isa = PBXGroup;
			children = (
				450FD6B9182ACB130022909D /* Shanty iOS Example.app */,
				454FCD1F182AD70200A06C8B /* Shanty Mac Example.app */,
				45EE0E2918456C4B00DEE839 /* Shanty Log Server.app */,
			);
			name = Products;
			sourceTree = "<group>";
		};
		450FD6BF182ACB130022909D /* Shanty iOS Example */ = {
			isa = PBXGroup;
			children = (
				451AAC7F1857F8CF00B09BFA /* Noise.png */,
				450FD6C8182ACB130022909D /* CAppDelegate.h */,
				450FD6C9182ACB130022909D /* CAppDelegate.m */,
				450FD6CB182ACB130022909D /* Main_iPhone.storyboard */,
				450FD6CE182ACB130022909D /* Main_iPad.storyboard */,
				450FD6D1182ACB130022909D /* CViewController.h */,
				450FD6D2182ACB130022909D /* CViewController.m */,
				45FCF1201857EFA100650FED /* STYDebugTool.h */,
				45FCF1211857EFA100650FED /* STYDebugTool.m */,
				450FD6D4182ACB130022909D /* Images.xcassets */,
				450FD6C0182ACB130022909D /* Supporting Files */,
			);
			path = "Shanty iOS Example";
			sourceTree = "<group>";
		};
		450FD6C0182ACB130022909D /* Supporting Files */ = {
			isa = PBXGroup;
			children = (
				450FD6C1182ACB130022909D /* Shanty iOS Example-Info.plist */,
				450FD6C2182ACB130022909D /* InfoPlist.strings */,
				450FD6C5182ACB130022909D /* main.m */,
				450FD6C7182ACB130022909D /* Shanty iOS Example-Prefix.pch */,
			);
			name = "Supporting Files";
			sourceTree = "<group>";
		};
		4518E348185F914900B1B1D9 /* Products */ = {
			isa = PBXGroup;
			children = (
				4518E34E185F914900B1B1D9 /* libShanty.a */,
				4518E350185F914900B1B1D9 /* Shanty.framework */,
				45F74E65187F251900294D9D /* Shanty Mac OS X Tests.xctest */,
			);
			name = Products;
			sourceTree = "<group>";
		};
		454FCD26182AD70200A06C8B /* Shanty Mac Example */ = {
			isa = PBXGroup;
			children = (
				454FCD32182AD70200A06C8B /* NIMAppDelegate.h */,
				454FCD33182AD70200A06C8B /* NIMAppDelegate.m */,
				454FCD35182AD70200A06C8B /* MainMenu.xib */,
				4588AEE3182AF31000A08681 /* Cube.dae */,
				454FCD38182AD70200A06C8B /* Images.xcassets */,
				454FCD27182AD70200A06C8B /* Supporting Files */,
			);
			path = "Shanty Mac Example";
			sourceTree = "<group>";
		};
		454FCD27182AD70200A06C8B /* Supporting Files */ = {
			isa = PBXGroup;
			children = (
				454FCD28182AD70200A06C8B /* Shanty Mac Example-Info.plist */,
				454FCD29182AD70200A06C8B /* InfoPlist.strings */,
				454FCD2C182AD70200A06C8B /* main.m */,
				454FCD2E182AD70200A06C8B /* Shanty Mac Example-Prefix.pch */,
				454FCD2F182AD70200A06C8B /* Credits.rtf */,
			);
			name = "Supporting Files";
			sourceTree = "<group>";
		};
		45EE0E2B18456C4B00DEE839 /* Shanty Log Server */ = {
			isa = PBXGroup;
			children = (
				45EE0E3718456C4B00DEE839 /* NIMLogServerAppDelegate.h */,
				45EE0E3818456C4B00DEE839 /* NIMLogServerAppDelegate.m */,
				452401F518AAF24900309356 /* NIMLoggingPeer.h */,
				452401F618AAF24900309356 /* NIMLoggingPeer.m */,
				452401F818AAF25700309356 /* NIMLoggingSession.h */,
				452401F918AAF25700309356 /* NIMLoggingSession.m */,
				45EE0E3A18456C4B00DEE839 /* MainMenu.xib */,
				45EE0E3D18456C4B00DEE839 /* Images.xcassets */,
				45EE0E2C18456C4B00DEE839 /* Supporting Files */,
			);
			path = "Shanty Log Server";
			sourceTree = "<group>";
		};
		45EE0E2C18456C4B00DEE839 /* Supporting Files */ = {
			isa = PBXGroup;
			children = (
				45EE0E2D18456C4B00DEE839 /* Shanty Log Server-Info.plist */,
				45EE0E2E18456C4B00DEE839 /* InfoPlist.strings */,
				45EE0E3118456C4B00DEE839 /* main.m */,
				45EE0E3318456C4B00DEE839 /* Shanty Log Server-Prefix.pch */,
				45EE0E3418456C4B00DEE839 /* Credits.rtf */,
			);
			name = "Supporting Files";
			sourceTree = "<group>";
		};
/* End PBXGroup section */

/* Begin PBXNativeTarget section */
		450FD6B8182ACB130022909D /* Shanty iOS Example */ = {
			isa = PBXNativeTarget;
			buildConfigurationList = 450FD6E8182ACB130022909D /* Build configuration list for PBXNativeTarget "Shanty iOS Example" */;
			buildPhases = (
				450FD6B5182ACB130022909D /* Sources */,
				450FD6B6182ACB130022909D /* Frameworks */,
				450FD6B7182ACB130022909D /* Resources */,
			);
			buildRules = (
			);
			dependencies = (
				454B1BF4185FA068003FB0E7 /* PBXTargetDependency */,
			);
			name = "Shanty iOS Example";
			productName = "Shanty iOS Example";
			productReference = 450FD6B9182ACB130022909D /* Shanty iOS Example.app */;
			productType = "com.apple.product-type.application";
		};
		454FCD1E182AD70200A06C8B /* Shanty Mac Example */ = {
			isa = PBXNativeTarget;
			buildConfigurationList = 454FCD4B182AD70200A06C8B /* Build configuration list for PBXNativeTarget "Shanty Mac Example" */;
			buildPhases = (
				454FCD1B182AD70200A06C8B /* Sources */,
				454FCD1C182AD70200A06C8B /* Frameworks */,
				454FCD1D182AD70200A06C8B /* Resources */,
			);
			buildRules = (
			);
			dependencies = (
				454B1BF7185FA0CC003FB0E7 /* PBXTargetDependency */,
			);
			name = "Shanty Mac Example";
			productName = "Shanty Mac Example";
			productReference = 454FCD1F182AD70200A06C8B /* Shanty Mac Example.app */;
			productType = "com.apple.product-type.application";
		};
		45EE0E2818456C4B00DEE839 /* Shanty Log Server */ = {
			isa = PBXNativeTarget;
			buildConfigurationList = 45EE0E5418456C4B00DEE839 /* Build configuration list for PBXNativeTarget "Shanty Log Server" */;
			buildPhases = (
				45EE0E2518456C4B00DEE839 /* Sources */,
				45EE0E2618456C4B00DEE839 /* Frameworks */,
				45EE0E2718456C4B00DEE839 /* Resources */,
				45CADE8E185F9C2F00CEC1D7 /* CopyFiles */,
			);
			buildRules = (
			);
			dependencies = (
				45B8D1E7185F916700F1A26B /* PBXTargetDependency */,
			);
			name = "Shanty Log Server";
			productName = "Shanty Log Server";
			productReference = 45EE0E2918456C4B00DEE839 /* Shanty Log Server.app */;
			productType = "com.apple.product-type.application";
		};
/* End PBXNativeTarget section */

/* Begin PBXProject section */
		450FAE37182067F200772BA3 /* Project object */ = {
			isa = PBXProject;
			attributes = {
				CLASSPREFIX = NIM;
				LastUpgradeCheck = 0500;
				ORGANIZATIONNAME = schwa.io;
			};
			buildConfigurationList = 450FAE3A182067F200772BA3 /* Build configuration list for PBXProject "Shanty Examples" */;
			compatibilityVersion = "Xcode 3.2";
			developmentRegion = English;
			hasScannedForEncodings = 0;
			knownRegions = (
				en,
				Base,
			);
			mainGroup = 450FAE36182067F200772BA3;
			productRefGroup = 450FAE40182067F200772BA3 /* Products */;
			projectDirPath = "";
			projectReferences = (
				{
					ProductGroup = 4518E348185F914900B1B1D9 /* Products */;
					ProjectRef = 4518E347185F914900B1B1D9 /* Shanty.xcodeproj */;
				},
			);
			projectRoot = "";
			targets = (
				452EC706187E74F100795834 /* All (Mac) */,
				450FD6B8182ACB130022909D /* Shanty iOS Example */,
				454FCD1E182AD70200A06C8B /* Shanty Mac Example */,
				45EE0E2818456C4B00DEE839 /* Shanty Log Server */,
			);
		};
/* End PBXProject section */

/* Begin PBXReferenceProxy section */
		4518E34E185F914900B1B1D9 /* libShanty.a */ = {
			isa = PBXReferenceProxy;
			fileType = archive.ar;
			path = libShanty.a;
			remoteRef = 4518E34D185F914900B1B1D9 /* PBXContainerItemProxy */;
			sourceTree = BUILT_PRODUCTS_DIR;
		};
		4518E350185F914900B1B1D9 /* Shanty.framework */ = {
			isa = PBXReferenceProxy;
			fileType = wrapper.framework;
			path = Shanty.framework;
			remoteRef = 4518E34F185F914900B1B1D9 /* PBXContainerItemProxy */;
			sourceTree = BUILT_PRODUCTS_DIR;
		};
		45F74E65187F251900294D9D /* Shanty Mac OS X Tests.xctest */ = {
			isa = PBXReferenceProxy;
			fileType = wrapper.cfbundle;
			path = "Shanty Mac OS X Tests.xctest";
			remoteRef = 45F74E64187F251900294D9D /* PBXContainerItemProxy */;
			sourceTree = BUILT_PRODUCTS_DIR;
		};
/* End PBXReferenceProxy section */

/* Begin PBXResourcesBuildPhase section */
		450FD6B7182ACB130022909D /* Resources */ = {
			isa = PBXResourcesBuildPhase;
			buildActionMask = 2147483647;
			files = (
				451AAC801857F8CF00B09BFA /* Noise.png in Resources */,
				450FD6D0182ACB130022909D /* Main_iPad.storyboard in Resources */,
				450FD6D5182ACB130022909D /* Images.xcassets in Resources */,
				450FD6CD182ACB130022909D /* Main_iPhone.storyboard in Resources */,
				450FD6C4182ACB130022909D /* InfoPlist.strings in Resources */,
			);
			runOnlyForDeploymentPostprocessing = 0;
		};
		454FCD1D182AD70200A06C8B /* Resources */ = {
			isa = PBXResourcesBuildPhase;
			buildActionMask = 2147483647;
			files = (
				4588AEE4182AF31000A08681 /* Cube.dae in Resources */,
				454FCD2B182AD70200A06C8B /* InfoPlist.strings in Resources */,
				454FCD39182AD70200A06C8B /* Images.xcassets in Resources */,
				454FCD31182AD70200A06C8B /* Credits.rtf in Resources */,
				454FCD37182AD70200A06C8B /* MainMenu.xib in Resources */,
			);
			runOnlyForDeploymentPostprocessing = 0;
		};
		45EE0E2718456C4B00DEE839 /* Resources */ = {
			isa = PBXResourcesBuildPhase;
			buildActionMask = 2147483647;
			files = (
				45EE0E3018456C4B00DEE839 /* InfoPlist.strings in Resources */,
				45EE0E3E18456C4B00DEE839 /* Images.xcassets in Resources */,
				45EE0E3618456C4B00DEE839 /* Credits.rtf in Resources */,
				45EE0E3C18456C4B00DEE839 /* MainMenu.xib in Resources */,
			);
			runOnlyForDeploymentPostprocessing = 0;
		};
/* End PBXResourcesBuildPhase section */

/* Begin PBXSourcesBuildPhase section */
		450FD6B5182ACB130022909D /* Sources */ = {
			isa = PBXSourcesBuildPhase;
			buildActionMask = 2147483647;
			files = (
				450FD6CA182ACB130022909D /* CAppDelegate.m in Sources */,
				45FCF1221857EFA100650FED /* STYDebugTool.m in Sources */,
				450FD6C6182ACB130022909D /* main.m in Sources */,
				450FD6D3182ACB130022909D /* CViewController.m in Sources */,
			);
			runOnlyForDeploymentPostprocessing = 0;
		};
		454FCD1B182AD70200A06C8B /* Sources */ = {
			isa = PBXSourcesBuildPhase;
			buildActionMask = 2147483647;
			files = (
				454FCD2D182AD70200A06C8B /* main.m in Sources */,
				454FCD34182AD70200A06C8B /* NIMAppDelegate.m in Sources */,
			);
			runOnlyForDeploymentPostprocessing = 0;
		};
		45EE0E2518456C4B00DEE839 /* Sources */ = {
			isa = PBXSourcesBuildPhase;
			buildActionMask = 2147483647;
			files = (
				452401F718AAF24900309356 /* NIMLoggingPeer.m in Sources */,
				452401FA18AAF25700309356 /* NIMLoggingSession.m in Sources */,
				45EE0E3218456C4B00DEE839 /* main.m in Sources */,
				45EE0E3918456C4B00DEE839 /* NIMLogServerAppDelegate.m in Sources */,
			);
			runOnlyForDeploymentPostprocessing = 0;
		};
/* End PBXSourcesBuildPhase section */

/* Begin PBXTargetDependency section */
		452EC70E187E74FE00795834 /* PBXTargetDependency */ = {
			isa = PBXTargetDependency;
			target = 454FCD1E182AD70200A06C8B /* Shanty Mac Example */;
			targetProxy = 452EC70D187E74FE00795834 /* PBXContainerItemProxy */;
		};
		452EC710187E74FE00795834 /* PBXTargetDependency */ = {
			isa = PBXTargetDependency;
			target = 45EE0E2818456C4B00DEE839 /* Shanty Log Server */;
			targetProxy = 452EC70F187E74FE00795834 /* PBXContainerItemProxy */;
		};
		454B1BF4185FA068003FB0E7 /* PBXTargetDependency */ = {
			isa = PBXTargetDependency;
			name = Shanty;
			targetProxy = 454B1BF3185FA068003FB0E7 /* PBXContainerItemProxy */;
		};
		454B1BF7185FA0CC003FB0E7 /* PBXTargetDependency */ = {
			isa = PBXTargetDependency;
			name = "Mac OS X Framework";
			targetProxy = 454B1BF6185FA0CC003FB0E7 /* PBXContainerItemProxy */;
		};
		45B8D1E7185F916700F1A26B /* PBXTargetDependency */ = {
			isa = PBXTargetDependency;
			name = "Mac OS X Framework";
			targetProxy = 45B8D1E6185F916700F1A26B /* PBXContainerItemProxy */;
		};
/* End PBXTargetDependency section */

/* Begin PBXVariantGroup section */
		450FD6C2182ACB130022909D /* InfoPlist.strings */ = {
			isa = PBXVariantGroup;
			children = (
				450FD6C3182ACB130022909D /* en */,
			);
			name = InfoPlist.strings;
			sourceTree = "<group>";
		};
		450FD6CB182ACB130022909D /* Main_iPhone.storyboard */ = {
			isa = PBXVariantGroup;
			children = (
				450FD6CC182ACB130022909D /* Base */,
			);
			name = Main_iPhone.storyboard;
			sourceTree = "<group>";
		};
		450FD6CE182ACB130022909D /* Main_iPad.storyboard */ = {
			isa = PBXVariantGroup;
			children = (
				450FD6CF182ACB130022909D /* Base */,
			);
			name = Main_iPad.storyboard;
			sourceTree = "<group>";
		};
		454FCD29182AD70200A06C8B /* InfoPlist.strings */ = {
			isa = PBXVariantGroup;
			children = (
				454FCD2A182AD70200A06C8B /* en */,
			);
			name = InfoPlist.strings;
			sourceTree = "<group>";
		};
		454FCD2F182AD70200A06C8B /* Credits.rtf */ = {
			isa = PBXVariantGroup;
			children = (
				454FCD30182AD70200A06C8B /* en */,
			);
			name = Credits.rtf;
			sourceTree = "<group>";
		};
		454FCD35182AD70200A06C8B /* MainMenu.xib */ = {
			isa = PBXVariantGroup;
			children = (
				454FCD36182AD70200A06C8B /* Base */,
			);
			name = MainMenu.xib;
			sourceTree = "<group>";
		};
		45EE0E2E18456C4B00DEE839 /* InfoPlist.strings */ = {
			isa = PBXVariantGroup;
			children = (
				45EE0E2F18456C4B00DEE839 /* en */,
			);
			name = InfoPlist.strings;
			sourceTree = "<group>";
		};
		45EE0E3418456C4B00DEE839 /* Credits.rtf */ = {
			isa = PBXVariantGroup;
			children = (
				45EE0E3518456C4B00DEE839 /* en */,
			);
			name = Credits.rtf;
			sourceTree = "<group>";
		};
		45EE0E3A18456C4B00DEE839 /* MainMenu.xib */ = {
			isa = PBXVariantGroup;
			children = (
				45EE0E3B18456C4B00DEE839 /* Base */,
			);
			name = MainMenu.xib;
			sourceTree = "<group>";
		};
/* End PBXVariantGroup section */

/* Begin XCBuildConfiguration section */
		450FAE4B182067F200772BA3 /* Debug */ = {
			isa = XCBuildConfiguration;
			buildSettings = {
				ALWAYS_SEARCH_USER_PATHS = NO;
				CLANG_CXX_LANGUAGE_STANDARD = "gnu++0x";
				CLANG_CXX_LIBRARY = "libc++";
				CLANG_ENABLE_MODULES = YES;
				CLANG_ENABLE_OBJC_ARC = YES;
				CLANG_WARN_BOOL_CONVERSION = YES;
				CLANG_WARN_CONSTANT_CONVERSION = YES;
				CLANG_WARN_DIRECT_OBJC_ISA_USAGE = YES_ERROR;
				CLANG_WARN_EMPTY_BODY = YES;
				CLANG_WARN_ENUM_CONVERSION = YES;
				CLANG_WARN_INT_CONVERSION = YES;
				CLANG_WARN_OBJC_ROOT_CLASS = YES_ERROR;
				CLANG_WARN__DUPLICATE_METHOD_MATCH = YES;
				COPY_PHASE_STRIP = NO;
				GCC_C_LANGUAGE_STANDARD = gnu99;
				GCC_DYNAMIC_NO_PIC = NO;
				GCC_ENABLE_OBJC_EXCEPTIONS = YES;
				GCC_OPTIMIZATION_LEVEL = 0;
				GCC_PREPROCESSOR_DEFINITIONS = (
					"DEBUG=1",
					"$(inherited)",
				);
				GCC_SYMBOLS_PRIVATE_EXTERN = NO;
				GCC_WARN_64_TO_32_BIT_CONVERSION = YES;
				GCC_WARN_ABOUT_RETURN_TYPE = YES_ERROR;
				GCC_WARN_UNDECLARED_SELECTOR = YES;
				GCC_WARN_UNINITIALIZED_AUTOS = YES;
				GCC_WARN_UNUSED_FUNCTION = YES;
				GCC_WARN_UNUSED_VARIABLE = YES;
				MACOSX_DEPLOYMENT_TARGET = 10.9;
				ONLY_ACTIVE_ARCH = YES;
				SDKROOT = macosx;
			};
			name = Debug;
		};
		450FAE4C182067F200772BA3 /* Release */ = {
			isa = XCBuildConfiguration;
			buildSettings = {
				ALWAYS_SEARCH_USER_PATHS = NO;
				CLANG_CXX_LANGUAGE_STANDARD = "gnu++0x";
				CLANG_CXX_LIBRARY = "libc++";
				CLANG_ENABLE_MODULES = YES;
				CLANG_ENABLE_OBJC_ARC = YES;
				CLANG_WARN_BOOL_CONVERSION = YES;
				CLANG_WARN_CONSTANT_CONVERSION = YES;
				CLANG_WARN_DIRECT_OBJC_ISA_USAGE = YES_ERROR;
				CLANG_WARN_EMPTY_BODY = YES;
				CLANG_WARN_ENUM_CONVERSION = YES;
				CLANG_WARN_INT_CONVERSION = YES;
				CLANG_WARN_OBJC_ROOT_CLASS = YES_ERROR;
				CLANG_WARN__DUPLICATE_METHOD_MATCH = YES;
				COPY_PHASE_STRIP = YES;
				DEBUG_INFORMATION_FORMAT = "dwarf-with-dsym";
				ENABLE_NS_ASSERTIONS = NO;
				GCC_C_LANGUAGE_STANDARD = gnu99;
				GCC_ENABLE_OBJC_EXCEPTIONS = YES;
				GCC_WARN_64_TO_32_BIT_CONVERSION = YES;
				GCC_WARN_ABOUT_RETURN_TYPE = YES_ERROR;
				GCC_WARN_UNDECLARED_SELECTOR = YES;
				GCC_WARN_UNINITIALIZED_AUTOS = YES;
				GCC_WARN_UNUSED_FUNCTION = YES;
				GCC_WARN_UNUSED_VARIABLE = YES;
				MACOSX_DEPLOYMENT_TARGET = 10.9;
				SDKROOT = macosx;
			};
			name = Release;
		};
		450FD6E9182ACB130022909D /* Debug */ = {
			isa = XCBuildConfiguration;
			buildSettings = {
				ARCHS = "$(ARCHS_STANDARD_INCLUDING_64_BIT)";
				ASSETCATALOG_COMPILER_APPICON_NAME = AppIcon;
				ASSETCATALOG_COMPILER_LAUNCHIMAGE_NAME = LaunchImage;
				CLANG_ENABLE_MODULES = YES;
				"CODE_SIGN_IDENTITY[sdk=iphoneos*]" = "iPhone Developer";
				FRAMEWORK_SEARCH_PATHS = (
					"$(inherited)",
					"$(DEVELOPER_FRAMEWORKS_DIR)",
				);
				GCC_PRECOMPILE_PREFIX_HEADER = YES;
				GCC_PREFIX_HEADER = "Shanty iOS Example/Shanty iOS Example-Prefix.pch";
				GCC_PREPROCESSOR_DEFINITIONS = (
					"DEBUG=1",
					"$(inherited)",
				);
				INFOPLIST_FILE = "Shanty iOS Example/Shanty iOS Example-Info.plist";
				IPHONEOS_DEPLOYMENT_TARGET = 7.0;
				OTHER_LDFLAGS = "-ObjC";
				PRODUCT_NAME = "$(TARGET_NAME)";
				SDKROOT = iphoneos;
				TARGETED_DEVICE_FAMILY = "1,2";
				WRAPPER_EXTENSION = app;
			};
			name = Debug;
		};
		450FD6EA182ACB130022909D /* Release */ = {
			isa = XCBuildConfiguration;
			buildSettings = {
				ARCHS = "$(ARCHS_STANDARD_INCLUDING_64_BIT)";
				ASSETCATALOG_COMPILER_APPICON_NAME = AppIcon;
				ASSETCATALOG_COMPILER_LAUNCHIMAGE_NAME = LaunchImage;
				CLANG_ENABLE_MODULES = YES;
				"CODE_SIGN_IDENTITY[sdk=iphoneos*]" = "iPhone Developer";
				FRAMEWORK_SEARCH_PATHS = (
					"$(inherited)",
					"$(DEVELOPER_FRAMEWORKS_DIR)",
				);
				GCC_PRECOMPILE_PREFIX_HEADER = YES;
				GCC_PREFIX_HEADER = "Shanty iOS Example/Shanty iOS Example-Prefix.pch";
				INFOPLIST_FILE = "Shanty iOS Example/Shanty iOS Example-Info.plist";
				IPHONEOS_DEPLOYMENT_TARGET = 7.0;
				OTHER_LDFLAGS = "-ObjC";
				PRODUCT_NAME = "$(TARGET_NAME)";
				SDKROOT = iphoneos;
				TARGETED_DEVICE_FAMILY = "1,2";
				VALIDATE_PRODUCT = YES;
				WRAPPER_EXTENSION = app;
			};
			name = Release;
		};
		452EC707187E74F100795834 /* Debug */ = {
			isa = XCBuildConfiguration;
			buildSettings = {
				PRODUCT_NAME = "$(TARGET_NAME)";
			};
			name = Debug;
		};
		452EC708187E74F100795834 /* Release */ = {
			isa = XCBuildConfiguration;
			buildSettings = {
				PRODUCT_NAME = "$(TARGET_NAME)";
			};
			name = Release;
		};
		454FCD4C182AD70200A06C8B /* Debug */ = {
			isa = XCBuildConfiguration;
			buildSettings = {
				ASSETCATALOG_COMPILER_APPICON_NAME = AppIcon;
				COMBINE_HIDPI_IMAGES = YES;
				GCC_PRECOMPILE_PREFIX_HEADER = YES;
				GCC_PREFIX_HEADER = "Shanty Mac Example/Shanty Mac Example-Prefix.pch";
				GCC_PREPROCESSOR_DEFINITIONS = (
					"DEBUG=1",
					"$(inherited)",
				);
				INFOPLIST_FILE = "Shanty Mac Example/Shanty Mac Example-Info.plist";
				PRODUCT_NAME = "$(TARGET_NAME)";
				WRAPPER_EXTENSION = app;
			};
			name = Debug;
		};
		454FCD4D182AD70200A06C8B /* Release */ = {
			isa = XCBuildConfiguration;
			buildSettings = {
				ASSETCATALOG_COMPILER_APPICON_NAME = AppIcon;
				COMBINE_HIDPI_IMAGES = YES;
				GCC_PRECOMPILE_PREFIX_HEADER = YES;
				GCC_PREFIX_HEADER = "Shanty Mac Example/Shanty Mac Example-Prefix.pch";
				INFOPLIST_FILE = "Shanty Mac Example/Shanty Mac Example-Info.plist";
				PRODUCT_NAME = "$(TARGET_NAME)";
				WRAPPER_EXTENSION = app;
			};
			name = Release;
		};
		45EE0E5018456C4B00DEE839 /* Debug */ = {
			isa = XCBuildConfiguration;
			buildSettings = {
				ASSETCATALOG_COMPILER_APPICON_NAME = AppIcon;
				COMBINE_HIDPI_IMAGES = YES;
				GCC_PRECOMPILE_PREFIX_HEADER = YES;
				GCC_PREFIX_HEADER = "Shanty Log Server/Shanty Log Server-Prefix.pch";
				GCC_PREPROCESSOR_DEFINITIONS = (
					"DEBUG=1",
					"$(inherited)",
				);
				INFOPLIST_FILE = "Shanty Log Server/Shanty Log Server-Info.plist";
				LD_RUNPATH_SEARCH_PATHS = "@loader_path/../Frameworks";
				PRODUCT_NAME = "$(TARGET_NAME)";
				WRAPPER_EXTENSION = app;
			};
			name = Debug;
		};
		45EE0E5118456C4B00DEE839 /* Release */ = {
			isa = XCBuildConfiguration;
			buildSettings = {
				ASSETCATALOG_COMPILER_APPICON_NAME = AppIcon;
				COMBINE_HIDPI_IMAGES = YES;
				GCC_PRECOMPILE_PREFIX_HEADER = YES;
				GCC_PREFIX_HEADER = "Shanty Log Server/Shanty Log Server-Prefix.pch";
				INFOPLIST_FILE = "Shanty Log Server/Shanty Log Server-Info.plist";
				LD_RUNPATH_SEARCH_PATHS = "@loader_path/../Frameworks";
				PRODUCT_NAME = "$(TARGET_NAME)";
				WRAPPER_EXTENSION = app;
			};
			name = Release;
		};
/* End XCBuildConfiguration section */

/* Begin XCConfigurationList section */
		450FAE3A182067F200772BA3 /* Build configuration list for PBXProject "Shanty Examples" */ = {
			isa = XCConfigurationList;
			buildConfigurations = (
				450FAE4B182067F200772BA3 /* Debug */,
				450FAE4C182067F200772BA3 /* Release */,
			);
			defaultConfigurationIsVisible = 0;
			defaultConfigurationName = Release;
		};
		450FD6E8182ACB130022909D /* Build configuration list for PBXNativeTarget "Shanty iOS Example" */ = {
			isa = XCConfigurationList;
			buildConfigurations = (
				450FD6E9182ACB130022909D /* Debug */,
				450FD6EA182ACB130022909D /* Release */,
			);
			defaultConfigurationIsVisible = 0;
			defaultConfigurationName = Release;
		};
		452EC70A187E74F100795834 /* Build configuration list for PBXAggregateTarget "All (Mac)" */ = {
			isa = XCConfigurationList;
			buildConfigurations = (
				452EC707187E74F100795834 /* Debug */,
				452EC708187E74F100795834 /* Release */,
			);
			defaultConfigurationIsVisible = 0;
			defaultConfigurationName = Release;
		};
		454FCD4B182AD70200A06C8B /* Build configuration list for PBXNativeTarget "Shanty Mac Example" */ = {
			isa = XCConfigurationList;
			buildConfigurations = (
				454FCD4C182AD70200A06C8B /* Debug */,
				454FCD4D182AD70200A06C8B /* Release */,
			);
			defaultConfigurationIsVisible = 0;
			defaultConfigurationName = Release;
		};
		45EE0E5418456C4B00DEE839 /* Build configuration list for PBXNativeTarget "Shanty Log Server" */ = {
			isa = XCConfigurationList;
			buildConfigurations = (
				45EE0E5018456C4B00DEE839 /* Debug */,
				45EE0E5118456C4B00DEE839 /* Release */,
			);
			defaultConfigurationIsVisible = 0;
			defaultConfigurationName = Release;
		};
/* End XCConfigurationList section */
	};
	rootObject = 450FAE37182067F200772BA3 /* Project object */;
}
