// !$*UTF8*$!
{
	archiveVersion = 1;
	classes = {
	};
	objectVersion = 46;
	objects = {

/* Begin PBXAggregateTarget section */
		45E6A596185F8F2000F87958 /* Shanty iOS Framework */ = {
			isa = PBXAggregateTarget;
			buildConfigurationList = 45E6A599185F8F2000F87958 /* Build configuration list for PBXAggregateTarget "Shanty iOS Framework" */;
			buildPhases = (
				45E6A59C185F8F4300F87958 /* ShellScript */,
			);
			dependencies = (
				45E6A59B185F8F2A00F87958 /* PBXTargetDependency */,
			);
			name = "Shanty iOS Framework";
			productName = "iOS Framework";
		};
/* End PBXAggregateTarget section */

/* Begin PBXBuildFile section */
		45065FEE19ABF9C2007B22EE /* STYTransport.m in Sources */ = {isa = PBXBuildFile; fileRef = 45065FEB19ABF9C2007B22EE /* STYTransport.m */; };
		45065FEF19ABF9C2007B22EE /* STYTransport.m in Sources */ = {isa = PBXBuildFile; fileRef = 45065FEB19ABF9C2007B22EE /* STYTransport.m */; };
		45065FF319ABFB1F007B22EE /* STYTransport.h in Headers */ = {isa = PBXBuildFile; fileRef = 45065FEA19ABF9C2007B22EE /* STYTransport.h */; settings = {ATTRIBUTES = (Public, ); }; };
		45065FF419ABFB62007B22EE /* STYTransport.h in Headers */ = {isa = PBXBuildFile; fileRef = 45065FEA19ABF9C2007B22EE /* STYTransport.h */; settings = {ATTRIBUTES = (Public, ); }; };
		4518E336185F90D300B1B1D9 /* NSNetService+STYUserInfo.m in Sources */ = {isa = PBXBuildFile; fileRef = 4538AED9185F85D7003DF921 /* NSNetService+STYUserInfo.m */; };
		4518E337185F90D300B1B1D9 /* STYAddress.m in Sources */ = {isa = PBXBuildFile; fileRef = 4538AEDC185F85D7003DF921 /* STYAddress.m */; };
		4518E339185F90D300B1B1D9 /* STYDataScanner+Message.m in Sources */ = {isa = PBXBuildFile; fileRef = 4538AEE1185F85D7003DF921 /* STYDataScanner+Message.m */; };
		4518E33A185F90D300B1B1D9 /* STYDataScanner.m in Sources */ = {isa = PBXBuildFile; fileRef = 4538AEE3185F85D7003DF921 /* STYDataScanner.m */; };
		4518E33C185F90D400B1B1D9 /* STYMessage.m in Sources */ = {isa = PBXBuildFile; fileRef = 4538AEE7185F85D7003DF921 /* STYMessage.m */; };
		4518E33D185F90D400B1B1D9 /* STYMessageHandler.m in Sources */ = {isa = PBXBuildFile; fileRef = 4538AEE9185F85D7003DF921 /* STYMessageHandler.m */; };
		4518E33E185F90D400B1B1D9 /* STYPeer.m in Sources */ = {isa = PBXBuildFile; fileRef = 4538AEEB185F85D7003DF921 /* STYPeer.m */; };
		4518E33F185F90D400B1B1D9 /* STYListener.m in Sources */ = {isa = PBXBuildFile; fileRef = 4538AEED185F85D7003DF921 /* STYListener.m */; };
		4518E340185F90D400B1B1D9 /* STYServiceDiscoverer.m in Sources */ = {isa = PBXBuildFile; fileRef = 4538AEEF185F85D7003DF921 /* STYServiceDiscoverer.m */; };
		452C012C1876360900BF19DB /* STYConstants.h in Headers */ = {isa = PBXBuildFile; fileRef = 452C012A1876360900BF19DB /* STYConstants.h */; settings = {ATTRIBUTES = (Public, ); }; };
		452C012D1876360900BF19DB /* STYConstants.h in Headers */ = {isa = PBXBuildFile; fileRef = 452C012A1876360900BF19DB /* STYConstants.h */; settings = {ATTRIBUTES = (Public, ); }; };
		452C012E1876360900BF19DB /* STYConstants.m in Sources */ = {isa = PBXBuildFile; fileRef = 452C012B1876360900BF19DB /* STYConstants.m */; };
		452C012F1876360900BF19DB /* STYConstants.m in Sources */ = {isa = PBXBuildFile; fileRef = 452C012B1876360900BF19DB /* STYConstants.m */; };
		452C013218763FA500BF19DB /* STYSocket.h in Headers */ = {isa = PBXBuildFile; fileRef = 452C013018763FA500BF19DB /* STYSocket.h */; settings = {ATTRIBUTES = (Public, ); }; };
		452C013318763FA500BF19DB /* STYSocket.h in Headers */ = {isa = PBXBuildFile; fileRef = 452C013018763FA500BF19DB /* STYSocket.h */; settings = {ATTRIBUTES = (Public, ); }; };
		452C013418763FA500BF19DB /* STYSocket.m in Sources */ = {isa = PBXBuildFile; fileRef = 452C013118763FA500BF19DB /* STYSocket.m */; };
		452C013518763FA500BF19DB /* STYSocket.m in Sources */ = {isa = PBXBuildFile; fileRef = 452C013118763FA500BF19DB /* STYSocket.m */; };
		4538AEF0185F85D7003DF921 /* NSNetService+STYUserInfo.m in Sources */ = {isa = PBXBuildFile; fileRef = 4538AED9185F85D7003DF921 /* NSNetService+STYUserInfo.m */; };
		4538AEF1185F85D7003DF921 /* STYAddress.m in Sources */ = {isa = PBXBuildFile; fileRef = 4538AEDC185F85D7003DF921 /* STYAddress.m */; };
		4538AEF3185F85D7003DF921 /* STYDataScanner+Message.m in Sources */ = {isa = PBXBuildFile; fileRef = 4538AEE1185F85D7003DF921 /* STYDataScanner+Message.m */; };
		4538AEF4185F85D7003DF921 /* STYDataScanner.m in Sources */ = {isa = PBXBuildFile; fileRef = 4538AEE3185F85D7003DF921 /* STYDataScanner.m */; };
		4538AEF6185F85D7003DF921 /* STYMessage.m in Sources */ = {isa = PBXBuildFile; fileRef = 4538AEE7185F85D7003DF921 /* STYMessage.m */; };
		4538AEF7185F85D7003DF921 /* STYMessageHandler.m in Sources */ = {isa = PBXBuildFile; fileRef = 4538AEE9185F85D7003DF921 /* STYMessageHandler.m */; };
		4538AEF8185F85D7003DF921 /* STYPeer.m in Sources */ = {isa = PBXBuildFile; fileRef = 4538AEEB185F85D7003DF921 /* STYPeer.m */; };
		4538AEF9185F85D7003DF921 /* STYListener.m in Sources */ = {isa = PBXBuildFile; fileRef = 4538AEED185F85D7003DF921 /* STYListener.m */; };
		4538AEFA185F85D7003DF921 /* STYServiceDiscoverer.m in Sources */ = {isa = PBXBuildFile; fileRef = 4538AEEF185F85D7003DF921 /* STYServiceDiscoverer.m */; };
		4538AEFC185F88D2003DF921 /* NSNetService+STYUserInfo.h in Headers */ = {isa = PBXBuildFile; fileRef = 4538AED8185F85D7003DF921 /* NSNetService+STYUserInfo.h */; settings = {ATTRIBUTES = (Public, ); }; };
		4538AEFE185F88D2003DF921 /* STYAddress.h in Headers */ = {isa = PBXBuildFile; fileRef = 4538AEDB185F85D7003DF921 /* STYAddress.h */; settings = {ATTRIBUTES = (Public, ); }; };
		4538AF00185F88D2003DF921 /* STYCompletionBlocks.h in Headers */ = {isa = PBXBuildFile; fileRef = 4538AEDF185F85D7003DF921 /* STYCompletionBlocks.h */; settings = {ATTRIBUTES = (Public, ); }; };
		4538AF01185F88D2003DF921 /* STYDataScanner+Message.h in Headers */ = {isa = PBXBuildFile; fileRef = 4538AEE0185F85D7003DF921 /* STYDataScanner+Message.h */; settings = {ATTRIBUTES = (Public, ); }; };
		4538AF02185F88D2003DF921 /* STYDataScanner.h in Headers */ = {isa = PBXBuildFile; fileRef = 4538AEE2185F85D7003DF921 /* STYDataScanner.h */; settings = {ATTRIBUTES = (Public, ); }; };
		4538AF04185F88D2003DF921 /* STYMessage.h in Headers */ = {isa = PBXBuildFile; fileRef = 4538AEE6185F85D7003DF921 /* STYMessage.h */; settings = {ATTRIBUTES = (Public, ); }; };
		4538AF05185F88D2003DF921 /* STYMessageHandler.h in Headers */ = {isa = PBXBuildFile; fileRef = 4538AEE8185F85D7003DF921 /* STYMessageHandler.h */; settings = {ATTRIBUTES = (Public, ); }; };
		4538AF06185F88D2003DF921 /* STYPeer.h in Headers */ = {isa = PBXBuildFile; fileRef = 4538AEEA185F85D7003DF921 /* STYPeer.h */; settings = {ATTRIBUTES = (Public, ); }; };
		4538AF07185F88D2003DF921 /* STYListener.h in Headers */ = {isa = PBXBuildFile; fileRef = 4538AEEC185F85D7003DF921 /* STYListener.h */; settings = {ATTRIBUTES = (Public, ); }; };
		4538AF08185F88D2003DF921 /* STYServiceDiscoverer.h in Headers */ = {isa = PBXBuildFile; fileRef = 4538AEEE185F85D7003DF921 /* STYServiceDiscoverer.h */; settings = {ATTRIBUTES = (Public, ); }; };
		453D8EF5192FF04500743852 /* STYServicePublisher.h in Headers */ = {isa = PBXBuildFile; fileRef = 453D8EF3192FF04500743852 /* STYServicePublisher.h */; };
		453D8EF6192FF04500743852 /* STYServicePublisher.h in Headers */ = {isa = PBXBuildFile; fileRef = 453D8EF3192FF04500743852 /* STYServicePublisher.h */; settings = {ATTRIBUTES = (Public, ); }; };
		453D8EF7192FF04500743852 /* STYServicePublisher.m in Sources */ = {isa = PBXBuildFile; fileRef = 453D8EF4192FF04500743852 /* STYServicePublisher.m */; };
		453D8EF8192FF04500743852 /* STYServicePublisher.m in Sources */ = {isa = PBXBuildFile; fileRef = 453D8EF4192FF04500743852 /* STYServicePublisher.m */; };
		453D8F021930155800743852 /* STYDebug.h in Headers */ = {isa = PBXBuildFile; fileRef = 453D8F001930155800743852 /* STYDebug.h */; };
		453D8F031930155800743852 /* STYDebug.h in Headers */ = {isa = PBXBuildFile; fileRef = 453D8F001930155800743852 /* STYDebug.h */; settings = {ATTRIBUTES = (Public, ); }; };
		453D8F041930155800743852 /* STYDebug.m in Sources */ = {isa = PBXBuildFile; fileRef = 453D8F011930155800743852 /* STYDebug.m */; };
		453D8F051930155800743852 /* STYDebug.m in Sources */ = {isa = PBXBuildFile; fileRef = 453D8F011930155800743852 /* STYDebug.m */; };
		454B1BEF185F9D21003FB0E7 /* Shanty.h in Headers */ = {isa = PBXBuildFile; fileRef = 454B1BEE185F9D21003FB0E7 /* Shanty.h */; settings = {ATTRIBUTES = (Public, ); }; };
		454B1BF0185F9D21003FB0E7 /* Shanty.h in Headers */ = {isa = PBXBuildFile; fileRef = 454B1BEE185F9D21003FB0E7 /* Shanty.h */; settings = {ATTRIBUTES = (Public, ); }; };
		4580B009192D45E600E1C6FE /* STYLogger.h in Headers */ = {isa = PBXBuildFile; fileRef = 4580B007192D45E600E1C6FE /* STYLogger.h */; settings = {ATTRIBUTES = (Public, ); }; };
		4580B00A192D45E600E1C6FE /* STYLogger.h in Headers */ = {isa = PBXBuildFile; fileRef = 4580B007192D45E600E1C6FE /* STYLogger.h */; settings = {ATTRIBUTES = (Public, ); }; };
		4580B00B192D45E600E1C6FE /* STYLogger.m in Sources */ = {isa = PBXBuildFile; fileRef = 4580B008192D45E600E1C6FE /* STYLogger.m */; };
		4580B00C192D45E600E1C6FE /* STYLogger.m in Sources */ = {isa = PBXBuildFile; fileRef = 4580B008192D45E600E1C6FE /* STYLogger.m */; };
		45BA660518BC0D3700EA2A5A /* STYPeerBrowserViewController.xib in Resources */ = {isa = PBXBuildFile; fileRef = 45BA660418BC0D3700EA2A5A /* STYPeerBrowserViewController.xib */; };
		45DA232F187E7BA700599FAC /* XCTest.framework in Frameworks */ = {isa = PBXBuildFile; fileRef = 45DA232E187E7BA700599FAC /* XCTest.framework */; };
		45DA2335187E7BA700599FAC /* InfoPlist.strings in Resources */ = {isa = PBXBuildFile; fileRef = 45DA2333187E7BA700599FAC /* InfoPlist.strings */; };
		45DA2337187E7BA700599FAC /* Shanty_Mac_OS_X_Tests.m in Sources */ = {isa = PBXBuildFile; fileRef = 45DA2336187E7BA700599FAC /* Shanty_Mac_OS_X_Tests.m */; };
		45DA233E187E7C4700599FAC /* NSNetService+STYUserInfo.m in Sources */ = {isa = PBXBuildFile; fileRef = 4538AED9185F85D7003DF921 /* NSNetService+STYUserInfo.m */; };
		45DA233F187E7C4700599FAC /* STYAddress.m in Sources */ = {isa = PBXBuildFile; fileRef = 4538AEDC185F85D7003DF921 /* STYAddress.m */; };
		45DA2340187E7C4700599FAC /* STYDataScanner+Message.m in Sources */ = {isa = PBXBuildFile; fileRef = 4538AEE1185F85D7003DF921 /* STYDataScanner+Message.m */; };
		45DA2341187E7C4700599FAC /* STYDataScanner.m in Sources */ = {isa = PBXBuildFile; fileRef = 4538AEE3185F85D7003DF921 /* STYDataScanner.m */; };
		45DA2343187E7C4700599FAC /* STYMessage.m in Sources */ = {isa = PBXBuildFile; fileRef = 4538AEE7185F85D7003DF921 /* STYMessage.m */; };
		45DA2344187E7C4700599FAC /* STYMessageHandler.m in Sources */ = {isa = PBXBuildFile; fileRef = 4538AEE9185F85D7003DF921 /* STYMessageHandler.m */; };
		45DA2345187E7C4700599FAC /* STYPeer.m in Sources */ = {isa = PBXBuildFile; fileRef = 4538AEEB185F85D7003DF921 /* STYPeer.m */; };
		45DA2346187E7C4700599FAC /* STYListener.m in Sources */ = {isa = PBXBuildFile; fileRef = 4538AEED185F85D7003DF921 /* STYListener.m */; };
		45DA2347187E7C4700599FAC /* STYServiceDiscoverer.m in Sources */ = {isa = PBXBuildFile; fileRef = 4538AEEF185F85D7003DF921 /* STYServiceDiscoverer.m */; };
		45DA2348187E7C4700599FAC /* STYConstants.m in Sources */ = {isa = PBXBuildFile; fileRef = 452C012B1876360900BF19DB /* STYConstants.m */; };
		45DA2349187E7C4700599FAC /* STYSocket.m in Sources */ = {isa = PBXBuildFile; fileRef = 452C013118763FA500BF19DB /* STYSocket.m */; };
		45E51A3D18BBF16D008D59DA /* STYPeerBrowserViewController.h in Headers */ = {isa = PBXBuildFile; fileRef = 45E51A3A18BBF16D008D59DA /* STYPeerBrowserViewController.h */; settings = {ATTRIBUTES = (Public, ); }; };
		45E51A3E18BBF16D008D59DA /* STYPeerBrowserViewController.m in Sources */ = {isa = PBXBuildFile; fileRef = 45E51A3B18BBF16D008D59DA /* STYPeerBrowserViewController.m */; };
		45E90C9F185F92DB0060B938 /* NSNetService+STYUserInfo.h in Headers */ = {isa = PBXBuildFile; fileRef = 4538AED8185F85D7003DF921 /* NSNetService+STYUserInfo.h */; settings = {ATTRIBUTES = (Public, ); }; };
		45E90CA1185F92DB0060B938 /* STYAddress.h in Headers */ = {isa = PBXBuildFile; fileRef = 4538AEDB185F85D7003DF921 /* STYAddress.h */; settings = {ATTRIBUTES = (Public, ); }; };
		45E90CA3185F92DB0060B938 /* STYCompletionBlocks.h in Headers */ = {isa = PBXBuildFile; fileRef = 4538AEDF185F85D7003DF921 /* STYCompletionBlocks.h */; settings = {ATTRIBUTES = (Public, ); }; };
		45E90CA4185F92DB0060B938 /* STYDataScanner+Message.h in Headers */ = {isa = PBXBuildFile; fileRef = 4538AEE0185F85D7003DF921 /* STYDataScanner+Message.h */; settings = {ATTRIBUTES = (Public, ); }; };
		45E90CA5185F92DB0060B938 /* STYDataScanner.h in Headers */ = {isa = PBXBuildFile; fileRef = 4538AEE2185F85D7003DF921 /* STYDataScanner.h */; settings = {ATTRIBUTES = (Public, ); }; };
		45E90CA7185F92DB0060B938 /* STYMessage.h in Headers */ = {isa = PBXBuildFile; fileRef = 4538AEE6185F85D7003DF921 /* STYMessage.h */; settings = {ATTRIBUTES = (Public, ); }; };
		45E90CA8185F92DB0060B938 /* STYMessageHandler.h in Headers */ = {isa = PBXBuildFile; fileRef = 4538AEE8185F85D7003DF921 /* STYMessageHandler.h */; settings = {ATTRIBUTES = (Public, ); }; };
		45E90CA9185F92DB0060B938 /* STYPeer.h in Headers */ = {isa = PBXBuildFile; fileRef = 4538AEEA185F85D7003DF921 /* STYPeer.h */; settings = {ATTRIBUTES = (Public, ); }; };
		45E90CAA185F92DB0060B938 /* STYListener.h in Headers */ = {isa = PBXBuildFile; fileRef = 4538AEEC185F85D7003DF921 /* STYListener.h */; settings = {ATTRIBUTES = (Public, ); }; };
		45E90CAB185F92DB0060B938 /* STYServiceDiscoverer.h in Headers */ = {isa = PBXBuildFile; fileRef = 4538AEEE185F85D7003DF921 /* STYServiceDiscoverer.h */; settings = {ATTRIBUTES = (Public, ); }; };
		45E90CB6185F9B230060B938 /* InfoPlist.strings in Resources */ = {isa = PBXBuildFile; fileRef = 45E90CB2185F9B110060B938 /* InfoPlist.strings */; };
/* End PBXBuildFile section */

/* Begin PBXContainerItemProxy section */
		45DA2339187E7BA700599FAC /* PBXContainerItemProxy */ = {
			isa = PBXContainerItemProxy;
			containerPortal = 4538AEA6185F851A003DF921 /* Project object */;
			proxyType = 1;
			remoteGlobalIDString = 4518E30B185F90BA00B1B1D9;
			remoteInfo = "Mac OS X Framework";
		};
		45E6A59A185F8F2A00F87958 /* PBXContainerItemProxy */ = {
			isa = PBXContainerItemProxy;
			containerPortal = 4538AEA6185F851A003DF921 /* Project object */;
			proxyType = 1;
			remoteGlobalIDString = 4538AEAD185F851A003DF921;
			remoteInfo = Shanty;
		};
/* End PBXContainerItemProxy section */

/* Begin PBXCopyFilesBuildPhase section */
		4538AEAC185F851A003DF921 /* CopyFiles */ = {
			isa = PBXCopyFilesBuildPhase;
			buildActionMask = 2147483647;
			dstPath = "include/$(PRODUCT_NAME)";
			dstSubfolderSpec = 16;
			files = (
			);
			runOnlyForDeploymentPostprocessing = 0;
		};
/* End PBXCopyFilesBuildPhase section */

/* Begin PBXFileReference section */
		45065FEA19ABF9C2007B22EE /* STYTransport.h */ = {isa = PBXFileReference; fileEncoding = 4; lastKnownFileType = sourcecode.c.h; path = STYTransport.h; sourceTree = "<group>"; };
		45065FEB19ABF9C2007B22EE /* STYTransport.m */ = {isa = PBXFileReference; fileEncoding = 4; lastKnownFileType = sourcecode.c.objc; path = STYTransport.m; sourceTree = "<group>"; };
		4518E30C185F90BA00B1B1D9 /* Shanty.framework */ = {isa = PBXFileReference; explicitFileType = wrapper.framework; includeInIndex = 0; path = Shanty.framework; sourceTree = BUILT_PRODUCTS_DIR; };
		452C012A1876360900BF19DB /* STYConstants.h */ = {isa = PBXFileReference; fileEncoding = 4; lastKnownFileType = sourcecode.c.h; path = STYConstants.h; sourceTree = "<group>"; };
		452C012B1876360900BF19DB /* STYConstants.m */ = {isa = PBXFileReference; fileEncoding = 4; lastKnownFileType = sourcecode.c.objc; path = STYConstants.m; sourceTree = "<group>"; };
		452C013018763FA500BF19DB /* STYSocket.h */ = {isa = PBXFileReference; fileEncoding = 4; lastKnownFileType = sourcecode.c.h; path = STYSocket.h; sourceTree = "<group>"; };
		452C013118763FA500BF19DB /* STYSocket.m */ = {isa = PBXFileReference; fileEncoding = 4; lastKnownFileType = sourcecode.c.objc; path = STYSocket.m; sourceTree = "<group>"; };
		4538AEAE185F851A003DF921 /* libShanty.a */ = {isa = PBXFileReference; explicitFileType = archive.ar; includeInIndex = 0; path = libShanty.a; sourceTree = BUILT_PRODUCTS_DIR; };
		4538AED8185F85D7003DF921 /* NSNetService+STYUserInfo.h */ = {isa = PBXFileReference; fileEncoding = 4; lastKnownFileType = sourcecode.c.h; path = "NSNetService+STYUserInfo.h"; sourceTree = "<group>"; };
		4538AED9185F85D7003DF921 /* NSNetService+STYUserInfo.m */ = {isa = PBXFileReference; fileEncoding = 4; lastKnownFileType = sourcecode.c.objc; path = "NSNetService+STYUserInfo.m"; sourceTree = "<group>"; };
		4538AEDB185F85D7003DF921 /* STYAddress.h */ = {isa = PBXFileReference; fileEncoding = 4; lastKnownFileType = sourcecode.c.h; path = STYAddress.h; sourceTree = "<group>"; };
		4538AEDC185F85D7003DF921 /* STYAddress.m */ = {isa = PBXFileReference; fileEncoding = 4; lastKnownFileType = sourcecode.c.objc; path = STYAddress.m; sourceTree = "<group>"; };
		4538AEDF185F85D7003DF921 /* STYCompletionBlocks.h */ = {isa = PBXFileReference; fileEncoding = 4; lastKnownFileType = sourcecode.c.h; path = STYCompletionBlocks.h; sourceTree = "<group>"; };
		4538AEE0185F85D7003DF921 /* STYDataScanner+Message.h */ = {isa = PBXFileReference; fileEncoding = 4; lastKnownFileType = sourcecode.c.h; path = "STYDataScanner+Message.h"; sourceTree = "<group>"; };
		4538AEE1185F85D7003DF921 /* STYDataScanner+Message.m */ = {isa = PBXFileReference; fileEncoding = 4; lastKnownFileType = sourcecode.c.objc; path = "STYDataScanner+Message.m"; sourceTree = "<group>"; };
		4538AEE2185F85D7003DF921 /* STYDataScanner.h */ = {isa = PBXFileReference; fileEncoding = 4; lastKnownFileType = sourcecode.c.h; path = STYDataScanner.h; sourceTree = "<group>"; };
		4538AEE3185F85D7003DF921 /* STYDataScanner.m */ = {isa = PBXFileReference; fileEncoding = 4; lastKnownFileType = sourcecode.c.objc; path = STYDataScanner.m; sourceTree = "<group>"; };
		4538AEE6185F85D7003DF921 /* STYMessage.h */ = {isa = PBXFileReference; fileEncoding = 4; lastKnownFileType = sourcecode.c.h; path = STYMessage.h; sourceTree = "<group>"; };
		4538AEE7185F85D7003DF921 /* STYMessage.m */ = {isa = PBXFileReference; fileEncoding = 4; lastKnownFileType = sourcecode.c.objc; path = STYMessage.m; sourceTree = "<group>"; };
		4538AEE8185F85D7003DF921 /* STYMessageHandler.h */ = {isa = PBXFileReference; fileEncoding = 4; lastKnownFileType = sourcecode.c.h; path = STYMessageHandler.h; sourceTree = "<group>"; };
		4538AEE9185F85D7003DF921 /* STYMessageHandler.m */ = {isa = PBXFileReference; fileEncoding = 4; lastKnownFileType = sourcecode.c.objc; path = STYMessageHandler.m; sourceTree = "<group>"; };
		4538AEEA185F85D7003DF921 /* STYPeer.h */ = {isa = PBXFileReference; fileEncoding = 4; lastKnownFileType = sourcecode.c.h; path = STYPeer.h; sourceTree = "<group>"; };
		4538AEEB185F85D7003DF921 /* STYPeer.m */ = {isa = PBXFileReference; fileEncoding = 4; lastKnownFileType = sourcecode.c.objc; path = STYPeer.m; sourceTree = "<group>"; };
		4538AEEC185F85D7003DF921 /* STYListener.h */ = {isa = PBXFileReference; fileEncoding = 4; lastKnownFileType = sourcecode.c.h; path = STYListener.h; sourceTree = "<group>"; };
		4538AEED185F85D7003DF921 /* STYListener.m */ = {isa = PBXFileReference; fileEncoding = 4; lastKnownFileType = sourcecode.c.objc; path = STYListener.m; sourceTree = "<group>"; };
		4538AEEE185F85D7003DF921 /* STYServiceDiscoverer.h */ = {isa = PBXFileReference; fileEncoding = 4; lastKnownFileType = sourcecode.c.h; path = STYServiceDiscoverer.h; sourceTree = "<group>"; };
		4538AEEF185F85D7003DF921 /* STYServiceDiscoverer.m */ = {isa = PBXFileReference; fileEncoding = 4; lastKnownFileType = sourcecode.c.objc; path = STYServiceDiscoverer.m; sourceTree = "<group>"; };
		453D8EF3192FF04500743852 /* STYServicePublisher.h */ = {isa = PBXFileReference; fileEncoding = 4; lastKnownFileType = sourcecode.c.h; path = STYServicePublisher.h; sourceTree = "<group>"; };
		453D8EF4192FF04500743852 /* STYServicePublisher.m */ = {isa = PBXFileReference; fileEncoding = 4; lastKnownFileType = sourcecode.c.objc; path = STYServicePublisher.m; sourceTree = "<group>"; };
		453D8F001930155800743852 /* STYDebug.h */ = {isa = PBXFileReference; fileEncoding = 4; lastKnownFileType = sourcecode.c.h; path = STYDebug.h; sourceTree = "<group>"; };
		453D8F011930155800743852 /* STYDebug.m */ = {isa = PBXFileReference; fileEncoding = 4; lastKnownFileType = sourcecode.c.objc; path = STYDebug.m; sourceTree = "<group>"; };
		454B1BEE185F9D21003FB0E7 /* Shanty.h */ = {isa = PBXFileReference; fileEncoding = 4; lastKnownFileType = sourcecode.c.h; path = Shanty.h; sourceTree = "<group>"; };
		4580B007192D45E600E1C6FE /* STYLogger.h */ = {isa = PBXFileReference; fileEncoding = 4; lastKnownFileType = sourcecode.c.h; path = STYLogger.h; sourceTree = "<group>"; };
		4580B008192D45E600E1C6FE /* STYLogger.m */ = {isa = PBXFileReference; fileEncoding = 4; lastKnownFileType = sourcecode.c.objc; path = STYLogger.m; sourceTree = "<group>"; };
		45BA660418BC0D3700EA2A5A /* STYPeerBrowserViewController.xib */ = {isa = PBXFileReference; fileEncoding = 4; lastKnownFileType = file.xib; path = STYPeerBrowserViewController.xib; sourceTree = "<group>"; };
		45C73061191AD9CD006254B2 /* Foundation.framework */ = {isa = PBXFileReference; lastKnownFileType = wrapper.framework; name = Foundation.framework; path = System/Library/Frameworks/Foundation.framework; sourceTree = SDKROOT; };
		45C73064191AD9CD006254B2 /* main.m */ = {isa = PBXFileReference; lastKnownFileType = sourcecode.c.objc; path = main.m; sourceTree = "<group>"; };
		45C73067191AD9CD006254B2 /* SimpleTest-Prefix.pch */ = {isa = PBXFileReference; lastKnownFileType = sourcecode.c.h; path = "SimpleTest-Prefix.pch"; sourceTree = "<group>"; };
		45DA232C187E7BA700599FAC /* Shanty Mac OS X Tests.xctest */ = {isa = PBXFileReference; explicitFileType = wrapper.cfbundle; includeInIndex = 0; path = "Shanty Mac OS X Tests.xctest"; sourceTree = BUILT_PRODUCTS_DIR; };
		45DA232E187E7BA700599FAC /* XCTest.framework */ = {isa = PBXFileReference; lastKnownFileType = wrapper.framework; name = XCTest.framework; path = Library/Frameworks/XCTest.framework; sourceTree = DEVELOPER_DIR; };
		45DA2332187E7BA700599FAC /* Shanty Mac OS X Tests-Info.plist */ = {isa = PBXFileReference; lastKnownFileType = text.plist.xml; path = "Shanty Mac OS X Tests-Info.plist"; sourceTree = "<group>"; };
		45DA2334187E7BA700599FAC /* en */ = {isa = PBXFileReference; lastKnownFileType = text.plist.strings; name = en; path = en.lproj/InfoPlist.strings; sourceTree = "<group>"; };
		45DA2336187E7BA700599FAC /* Shanty_Mac_OS_X_Tests.m */ = {isa = PBXFileReference; lastKnownFileType = sourcecode.c.objc; path = Shanty_Mac_OS_X_Tests.m; sourceTree = "<group>"; };
		45DA2338187E7BA700599FAC /* Shanty Mac OS X Tests-Prefix.pch */ = {isa = PBXFileReference; lastKnownFileType = sourcecode.c.h; path = "Shanty Mac OS X Tests-Prefix.pch"; sourceTree = "<group>"; };
		45E51A3A18BBF16D008D59DA /* STYPeerBrowserViewController.h */ = {isa = PBXFileReference; fileEncoding = 4; lastKnownFileType = sourcecode.c.h; path = STYPeerBrowserViewController.h; sourceTree = "<group>"; };
		45E51A3B18BBF16D008D59DA /* STYPeerBrowserViewController.m */ = {isa = PBXFileReference; fileEncoding = 4; lastKnownFileType = sourcecode.c.objc; path = STYPeerBrowserViewController.m; sourceTree = "<group>"; };
		45E90CB3185F9B110060B938 /* en */ = {isa = PBXFileReference; lastKnownFileType = text.plist.strings; name = en; path = en.lproj/InfoPlist.strings; sourceTree = "<group>"; };
		45E90CB4185F9B110060B938 /* Info.plist */ = {isa = PBXFileReference; lastKnownFileType = text.plist.xml; path = Info.plist; sourceTree = "<group>"; };
		45E90CB5185F9B110060B938 /* Prefix.pch */ = {isa = PBXFileReference; lastKnownFileType = sourcecode.c.h; path = Prefix.pch; sourceTree = "<group>"; };
/* End PBXFileReference section */

/* Begin PBXFrameworksBuildPhase section */
		4518E308185F90BA00B1B1D9 /* Frameworks */ = {
			isa = PBXFrameworksBuildPhase;
			buildActionMask = 2147483647;
			files = (
			);
			runOnlyForDeploymentPostprocessing = 0;
		};
		4538AEAB185F851A003DF921 /* Frameworks */ = {
			isa = PBXFrameworksBuildPhase;
			buildActionMask = 2147483647;
			files = (
			);
			runOnlyForDeploymentPostprocessing = 0;
		};
		45DA2329187E7BA700599FAC /* Frameworks */ = {
			isa = PBXFrameworksBuildPhase;
			buildActionMask = 2147483647;
			files = (
				45DA232F187E7BA700599FAC /* XCTest.framework in Frameworks */,
			);
			runOnlyForDeploymentPostprocessing = 0;
		};
/* End PBXFrameworksBuildPhase section */

/* Begin PBXGroup section */
		4538AEA5185F851A003DF921 = {
			isa = PBXGroup;
			children = (
				4538AEB3185F851A003DF921 /* Shanty */,
				45E90CB0185F9B110060B938 /* Supporting Files */,
				45DA2330187E7BA700599FAC /* Shanty Mac OS X Tests */,
				45C73063191AD9CD006254B2 /* SimpleTest */,
				45DA232D187E7BA700599FAC /* Frameworks */,
				4538AEAF185F851A003DF921 /* Products */,
			);
			sourceTree = "<group>";
		};
		4538AEAF185F851A003DF921 /* Products */ = {
			isa = PBXGroup;
			children = (
				4538AEAE185F851A003DF921 /* libShanty.a */,
				4518E30C185F90BA00B1B1D9 /* Shanty.framework */,
				45DA232C187E7BA700599FAC /* Shanty Mac OS X Tests.xctest */,
			);
			name = Products;
			sourceTree = "<group>";
		};
		4538AEB3185F851A003DF921 /* Shanty */ = {
			isa = PBXGroup;
			children = (
				45E51A3918BBF16D008D59DA /* UI */,
				4538AED7185F85D7003DF921 /* Source */,
			);
			path = Shanty;
			sourceTree = "<group>";
		};
		4538AED7185F85D7003DF921 /* Source */ = {
			isa = PBXGroup;
			children = (
				4538AED8185F85D7003DF921 /* NSNetService+STYUserInfo.h */,
				4538AED9185F85D7003DF921 /* NSNetService+STYUserInfo.m */,
				454B1BEE185F9D21003FB0E7 /* Shanty.h */,
				4538AEDB185F85D7003DF921 /* STYAddress.h */,
				4538AEDC185F85D7003DF921 /* STYAddress.m */,
				4538AEDF185F85D7003DF921 /* STYCompletionBlocks.h */,
				4538AEE0185F85D7003DF921 /* STYDataScanner+Message.h */,
				4538AEE1185F85D7003DF921 /* STYDataScanner+Message.m */,
				4538AEE2185F85D7003DF921 /* STYDataScanner.h */,
				4538AEE3185F85D7003DF921 /* STYDataScanner.m */,
				4538AEE6185F85D7003DF921 /* STYMessage.h */,
				4538AEE7185F85D7003DF921 /* STYMessage.m */,
				4538AEE8185F85D7003DF921 /* STYMessageHandler.h */,
				4538AEE9185F85D7003DF921 /* STYMessageHandler.m */,
				4538AEEA185F85D7003DF921 /* STYPeer.h */,
				4538AEEB185F85D7003DF921 /* STYPeer.m */,
				45065FEA19ABF9C2007B22EE /* STYTransport.h */,
				45065FEB19ABF9C2007B22EE /* STYTransport.m */,
				4538AEEC185F85D7003DF921 /* STYListener.h */,
				4538AEED185F85D7003DF921 /* STYListener.m */,
				4538AEEE185F85D7003DF921 /* STYServiceDiscoverer.h */,
				4538AEEF185F85D7003DF921 /* STYServiceDiscoverer.m */,
				453D8EF3192FF04500743852 /* STYServicePublisher.h */,
				453D8EF4192FF04500743852 /* STYServicePublisher.m */,
				452C012A1876360900BF19DB /* STYConstants.h */,
				452C012B1876360900BF19DB /* STYConstants.m */,
				452C013018763FA500BF19DB /* STYSocket.h */,
				452C013118763FA500BF19DB /* STYSocket.m */,
				4580B007192D45E600E1C6FE /* STYLogger.h */,
				4580B008192D45E600E1C6FE /* STYLogger.m */,
				453D8F001930155800743852 /* STYDebug.h */,
				453D8F011930155800743852 /* STYDebug.m */,
			);
			path = Source;
			sourceTree = SOURCE_ROOT;
		};
		45C73063191AD9CD006254B2 /* SimpleTest */ = {
			isa = PBXGroup;
			children = (
				45C73064191AD9CD006254B2 /* main.m */,
				45C73066191AD9CD006254B2 /* Supporting Files */,
			);
			path = SimpleTest;
			sourceTree = "<group>";
		};
		45C73066191AD9CD006254B2 /* Supporting Files */ = {
			isa = PBXGroup;
			children = (
				45C73067191AD9CD006254B2 /* SimpleTest-Prefix.pch */,
			);
			name = "Supporting Files";
			sourceTree = "<group>";
		};
		45DA232D187E7BA700599FAC /* Frameworks */ = {
			isa = PBXGroup;
			children = (
				45DA232E187E7BA700599FAC /* XCTest.framework */,
				45C73061191AD9CD006254B2 /* Foundation.framework */,
			);
			name = Frameworks;
			sourceTree = "<group>";
		};
		45DA2330187E7BA700599FAC /* Shanty Mac OS X Tests */ = {
			isa = PBXGroup;
			children = (
				45DA2336187E7BA700599FAC /* Shanty_Mac_OS_X_Tests.m */,
				45DA2331187E7BA700599FAC /* Supporting Files */,
			);
			path = "Shanty Mac OS X Tests";
			sourceTree = "<group>";
		};
		45DA2331187E7BA700599FAC /* Supporting Files */ = {
			isa = PBXGroup;
			children = (
				45DA2332187E7BA700599FAC /* Shanty Mac OS X Tests-Info.plist */,
				45DA2333187E7BA700599FAC /* InfoPlist.strings */,
				45DA2338187E7BA700599FAC /* Shanty Mac OS X Tests-Prefix.pch */,
			);
			name = "Supporting Files";
			sourceTree = "<group>";
		};
		45E51A3918BBF16D008D59DA /* UI */ = {
			isa = PBXGroup;
			children = (
				45E51A3A18BBF16D008D59DA /* STYPeerBrowserViewController.h */,
				45E51A3B18BBF16D008D59DA /* STYPeerBrowserViewController.m */,
				45BA660418BC0D3700EA2A5A /* STYPeerBrowserViewController.xib */,
			);
			path = UI;
			sourceTree = SOURCE_ROOT;
		};
		45E90CB0185F9B110060B938 /* Supporting Files */ = {
			isa = PBXGroup;
			children = (
				45E90CB1185F9B110060B938 /* Mac OS X Framework */,
				45E90CB5185F9B110060B938 /* Prefix.pch */,
			);
			path = "Supporting Files";
			sourceTree = "<group>";
		};
		45E90CB1185F9B110060B938 /* Mac OS X Framework */ = {
			isa = PBXGroup;
			children = (
				45E90CB2185F9B110060B938 /* InfoPlist.strings */,
				45E90CB4185F9B110060B938 /* Info.plist */,
			);
			path = "Mac OS X Framework";
			sourceTree = "<group>";
		};
/* End PBXGroup section */

/* Begin PBXHeadersBuildPhase section */
		4518E309185F90BA00B1B1D9 /* Headers */ = {
			isa = PBXHeadersBuildPhase;
			buildActionMask = 2147483647;
			files = (
				45E90C9F185F92DB0060B938 /* NSNetService+STYUserInfo.h in Headers */,
				454B1BF0185F9D21003FB0E7 /* Shanty.h in Headers */,
				45E90CA1185F92DB0060B938 /* STYAddress.h in Headers */,
				45E90CA3185F92DB0060B938 /* STYCompletionBlocks.h in Headers */,
				45E90CA4185F92DB0060B938 /* STYDataScanner+Message.h in Headers */,
				45E90CA5185F92DB0060B938 /* STYDataScanner.h in Headers */,
				45E90CA7185F92DB0060B938 /* STYMessage.h in Headers */,
				45E90CA8185F92DB0060B938 /* STYMessageHandler.h in Headers */,
				452C012D1876360900BF19DB /* STYConstants.h in Headers */,
				45E90CA9185F92DB0060B938 /* STYPeer.h in Headers */,
				452C013318763FA500BF19DB /* STYSocket.h in Headers */,
				45E90CAA185F92DB0060B938 /* STYListener.h in Headers */,
				45E51A3D18BBF16D008D59DA /* STYPeerBrowserViewController.h in Headers */,
				453D8F031930155800743852 /* STYDebug.h in Headers */,
				453D8EF6192FF04500743852 /* STYServicePublisher.h in Headers */,
				4580B00A192D45E600E1C6FE /* STYLogger.h in Headers */,
				45E90CAB185F92DB0060B938 /* STYServiceDiscoverer.h in Headers */,
				45065FF419ABFB62007B22EE /* STYTransport.h in Headers */,
			);
			runOnlyForDeploymentPostprocessing = 0;
		};
		4538AEFB185F88C4003DF921 /* Headers */ = {
			isa = PBXHeadersBuildPhase;
			buildActionMask = 2147483647;
			files = (
				4538AEFC185F88D2003DF921 /* NSNetService+STYUserInfo.h in Headers */,
				454B1BEF185F9D21003FB0E7 /* Shanty.h in Headers */,
				4538AEFE185F88D2003DF921 /* STYAddress.h in Headers */,
				4538AF00185F88D2003DF921 /* STYCompletionBlocks.h in Headers */,
				4538AF01185F88D2003DF921 /* STYDataScanner+Message.h in Headers */,
				4538AF02185F88D2003DF921 /* STYDataScanner.h in Headers */,
				4538AF04185F88D2003DF921 /* STYMessage.h in Headers */,
				453D8F021930155800743852 /* STYDebug.h in Headers */,
				4538AF05185F88D2003DF921 /* STYMessageHandler.h in Headers */,
				4538AF06185F88D2003DF921 /* STYPeer.h in Headers */,
				452C012C1876360900BF19DB /* STYConstants.h in Headers */,
				4538AF07185F88D2003DF921 /* STYListener.h in Headers */,
				452C013218763FA500BF19DB /* STYSocket.h in Headers */,
				4580B009192D45E600E1C6FE /* STYLogger.h in Headers */,
				45065FF319ABFB1F007B22EE /* STYTransport.h in Headers */,
				453D8EF5192FF04500743852 /* STYServicePublisher.h in Headers */,
				4538AF08185F88D2003DF921 /* STYServiceDiscoverer.h in Headers */,
			);
			runOnlyForDeploymentPostprocessing = 0;
		};
/* End PBXHeadersBuildPhase section */

/* Begin PBXNativeTarget section */
		4518E30B185F90BA00B1B1D9 /* Shanty OSX Framework */ = {
			isa = PBXNativeTarget;
			buildConfigurationList = 4518E334185F90BA00B1B1D9 /* Build configuration list for PBXNativeTarget "Shanty OSX Framework" */;
			buildPhases = (
				4518E307185F90BA00B1B1D9 /* Sources */,
				4518E308185F90BA00B1B1D9 /* Frameworks */,
				4518E309185F90BA00B1B1D9 /* Headers */,
				4518E30A185F90BA00B1B1D9 /* Resources */,
			);
			buildRules = (
			);
			dependencies = (
			);
			name = "Shanty OSX Framework";
			productName = "Mac OS X Framework";
			productReference = 4518E30C185F90BA00B1B1D9 /* Shanty.framework */;
			productType = "com.apple.product-type.framework";
		};
		4538AEAD185F851A003DF921 /* Shanty */ = {
			isa = PBXNativeTarget;
			buildConfigurationList = 4538AED1185F851B003DF921 /* Build configuration list for PBXNativeTarget "Shanty" */;
			buildPhases = (
				4538AEAA185F851A003DF921 /* Sources */,
				4538AEAB185F851A003DF921 /* Frameworks */,
				4538AEAC185F851A003DF921 /* CopyFiles */,
				4538AEFB185F88C4003DF921 /* Headers */,
				4538AF09185F8A9D003DF921 /* Run Script */,
			);
			buildRules = (
			);
			dependencies = (
			);
			name = Shanty;
			productName = Shanty;
			productReference = 4538AEAE185F851A003DF921 /* libShanty.a */;
			productType = "com.apple.product-type.library.static";
		};
		45DA232B187E7BA700599FAC /* Shanty Mac OS X Tests */ = {
			isa = PBXNativeTarget;
			buildConfigurationList = 45DA233D187E7BA700599FAC /* Build configuration list for PBXNativeTarget "Shanty Mac OS X Tests" */;
			buildPhases = (
				45DA2328187E7BA700599FAC /* Sources */,
				45DA2329187E7BA700599FAC /* Frameworks */,
				45DA232A187E7BA700599FAC /* Resources */,
			);
			buildRules = (
			);
			dependencies = (
				45DA233A187E7BA700599FAC /* PBXTargetDependency */,
			);
			name = "Shanty Mac OS X Tests";
			productName = "Shanty Mac OS X Tests";
			productReference = 45DA232C187E7BA700599FAC /* Shanty Mac OS X Tests.xctest */;
			productType = "com.apple.product-type.bundle.unit-test";
		};
/* End PBXNativeTarget section */

/* Begin PBXProject section */
		4538AEA6185F851A003DF921 /* Project object */ = {
			isa = PBXProject;
			attributes = {
				LastUpgradeCheck = 0600;
				ORGANIZATIONNAME = schwa.io;
				TargetAttributes = {
					45DA232B187E7BA700599FAC = {
						TestTargetID = 4518E30B185F90BA00B1B1D9;
					};
				};
			};
			buildConfigurationList = 4538AEA9185F851A003DF921 /* Build configuration list for PBXProject "shanty" */;
			compatibilityVersion = "Xcode 3.2";
			developmentRegion = English;
			hasScannedForEncodings = 0;
			knownRegions = (
				en,
			);
			mainGroup = 4538AEA5185F851A003DF921;
			productRefGroup = 4538AEAF185F851A003DF921 /* Products */;
			projectDirPath = "";
			projectRoot = "";
			targets = (
				4538AEAD185F851A003DF921 /* Shanty */,
				45E6A596185F8F2000F87958 /* Shanty iOS Framework */,
				4518E30B185F90BA00B1B1D9 /* Shanty OSX Framework */,
				45DA232B187E7BA700599FAC /* Shanty Mac OS X Tests */,
			);
		};
/* End PBXProject section */

/* Begin PBXResourcesBuildPhase section */
		4518E30A185F90BA00B1B1D9 /* Resources */ = {
			isa = PBXResourcesBuildPhase;
			buildActionMask = 2147483647;
			files = (
				45E90CB6185F9B230060B938 /* InfoPlist.strings in Resources */,
				45BA660518BC0D3700EA2A5A /* STYPeerBrowserViewController.xib in Resources */,
			);
			runOnlyForDeploymentPostprocessing = 0;
		};
		45DA232A187E7BA700599FAC /* Resources */ = {
			isa = PBXResourcesBuildPhase;
			buildActionMask = 2147483647;
			files = (
				45DA2335187E7BA700599FAC /* InfoPlist.strings in Resources */,
			);
			runOnlyForDeploymentPostprocessing = 0;
		};
/* End PBXResourcesBuildPhase section */

/* Begin PBXShellScriptBuildPhase section */
		4538AF09185F8A9D003DF921 /* Run Script */ = {
			isa = PBXShellScriptBuildPhase;
			buildActionMask = 2147483647;
			files = (
			);
			inputPaths = (
			);
			name = "Run Script";
			outputPaths = (
			);
			runOnlyForDeploymentPostprocessing = 0;
			shellPath = /bin/sh;
			shellScript = "set -e\n\nmkdir -p \"${BUILT_PRODUCTS_DIR}/${PRODUCT_NAME}.framework/Versions/A/Headers\"\n\n# Link the \"Current\" version to \"A\"\n/bin/ln -sfh A \"${BUILT_PRODUCTS_DIR}/${PRODUCT_NAME}.framework/Versions/Current\"\n/bin/ln -sfh Versions/Current/Headers \"${BUILT_PRODUCTS_DIR}/${PRODUCT_NAME}.framework/Headers\"\n/bin/ln -sfh \"Versions/Current/${PRODUCT_NAME}\" \"${BUILT_PRODUCTS_DIR}/${PRODUCT_NAME}.framework/${PRODUCT_NAME}\"\n\n# The -a ensures that the headers maintain the source modification date so that we don't constantly\n# cause propagating rebuilds of files that import these headers.\n/bin/cp -a \"${TARGET_BUILD_DIR}/${PUBLIC_HEADERS_FOLDER_PATH}/\" \"${BUILT_PRODUCTS_DIR}/${PRODUCT_NAME}.framework/Versions/A/Headers\"";
		};
		45E6A59C185F8F4300F87958 /* ShellScript */ = {
			isa = PBXShellScriptBuildPhase;
			buildActionMask = 2147483647;
			files = (
			);
			inputPaths = (
			);
			outputPaths = (
			);
			runOnlyForDeploymentPostprocessing = 0;
			shellPath = /bin/sh;
			shellScript = "set -e\nset +u\n# Avoid recursively calling this script.\nif [[ $SF_MASTER_SCRIPT_RUNNING ]]\nthen\n    exit 0\nfi\nset -u\nexport SF_MASTER_SCRIPT_RUNNING=1\n\nSF_TARGET_NAME=${PROJECT_NAME}\nSF_EXECUTABLE_PATH=\"lib${SF_TARGET_NAME}.a\"\nSF_WRAPPER_NAME=\"${SF_TARGET_NAME}.framework\"\n\n# The following conditionals come from\n# https://github.com/kstenerud/iOS-Universal-Framework\n\nif [[ \"$SDK_NAME\" =~ ([A-Za-z]+) ]]\nthen\n    SF_SDK_PLATFORM=${BASH_REMATCH[1]}\nelse\n    echo \"Could not find platform name from SDK_NAME: $SDK_NAME\"\n    exit 1\nfi\n\nif [[ \"$SDK_NAME\" =~ ([0-9]+.*$) ]]\nthen\n    SF_SDK_VERSION=${BASH_REMATCH[1]}\nelse\n    echo \"Could not find sdk version from SDK_NAME: $SDK_NAME\"\n    exit 1\nfi\n\nif [[ \"$SF_SDK_PLATFORM\" = \"iphoneos\" ]]\nthen\n    SF_OTHER_PLATFORM=iphonesimulator\nelse\n    SF_OTHER_PLATFORM=iphoneos\nfi\n\nif [[ \"$BUILT_PRODUCTS_DIR\" =~ (.*)$SF_SDK_PLATFORM$ ]]\nthen\n    SF_OTHER_BUILT_PRODUCTS_DIR=\"${BASH_REMATCH[1]}${SF_OTHER_PLATFORM}\"\nelse\n    echo \"Could not find platform name from build products directory: $BUILT_PRODUCTS_DIR\"\n    exit 1\nfi\n\n# Build the other platform.\nxcodebuild -project \"${PROJECT_FILE_PATH}\" -target \"${TARGET_NAME}\" -configuration \"${CONFIGURATION}\" -sdk ${SF_OTHER_PLATFORM}${SF_SDK_VERSION} BUILD_DIR=\"${BUILD_DIR}\" OBJROOT=\"${OBJROOT}\" BUILD_ROOT=\"${BUILD_ROOT}\" SYMROOT=\"${SYMROOT}\" $ACTION\n\n# Smash the two static libraries into one fat binary and store it in the .framework\nlipo -create \"${BUILT_PRODUCTS_DIR}/${SF_EXECUTABLE_PATH}\" \"${SF_OTHER_BUILT_PRODUCTS_DIR}/${SF_EXECUTABLE_PATH}\" -output \"${BUILT_PRODUCTS_DIR}/${SF_WRAPPER_NAME}/Versions/A/${SF_TARGET_NAME}\"\n\n# Copy the binary to the other architecture folder to have a complete framework in both.\ncp -a \"${BUILT_PRODUCTS_DIR}/${SF_WRAPPER_NAME}/Versions/A/${SF_TARGET_NAME}\" \"${SF_OTHER_BUILT_PRODUCTS_DIR}/${SF_WRAPPER_NAME}/Versions/A/${SF_TARGET_NAME}\"\n";
		};
/* End PBXShellScriptBuildPhase section */

/* Begin PBXSourcesBuildPhase section */
		4518E307185F90BA00B1B1D9 /* Sources */ = {
			isa = PBXSourcesBuildPhase;
			buildActionMask = 2147483647;
			files = (
				4518E336185F90D300B1B1D9 /* NSNetService+STYUserInfo.m in Sources */,
				4518E33E185F90D400B1B1D9 /* STYPeer.m in Sources */,
				452C012F1876360900BF19DB /* STYConstants.m in Sources */,
				4580B00C192D45E600E1C6FE /* STYLogger.m in Sources */,
				4518E339185F90D300B1B1D9 /* STYDataScanner+Message.m in Sources */,
				4518E33D185F90D400B1B1D9 /* STYMessageHandler.m in Sources */,
				45065FEF19ABF9C2007B22EE /* STYTransport.m in Sources */,
				4518E340185F90D400B1B1D9 /* STYServiceDiscoverer.m in Sources */,
				453D8F051930155800743852 /* STYDebug.m in Sources */,
				452C013518763FA500BF19DB /* STYSocket.m in Sources */,
				4518E337185F90D300B1B1D9 /* STYAddress.m in Sources */,
				4518E33F185F90D400B1B1D9 /* STYListener.m in Sources */,
				45E51A3E18BBF16D008D59DA /* STYPeerBrowserViewController.m in Sources */,
				4518E33C185F90D400B1B1D9 /* STYMessage.m in Sources */,
				4518E33A185F90D300B1B1D9 /* STYDataScanner.m in Sources */,
				453D8EF8192FF04500743852 /* STYServicePublisher.m in Sources */,
			);
			runOnlyForDeploymentPostprocessing = 0;
		};
		4538AEAA185F851A003DF921 /* Sources */ = {
			isa = PBXSourcesBuildPhase;
			buildActionMask = 2147483647;
			files = (
				4538AEF8185F85D7003DF921 /* STYPeer.m in Sources */,
				452C012E1876360900BF19DB /* STYConstants.m in Sources */,
				4538AEFA185F85D7003DF921 /* STYServiceDiscoverer.m in Sources */,
				4538AEF7185F85D7003DF921 /* STYMessageHandler.m in Sources */,
				4538AEF0185F85D7003DF921 /* NSNetService+STYUserInfo.m in Sources */,
				452C013418763FA500BF19DB /* STYSocket.m in Sources */,
				4580B00B192D45E600E1C6FE /* STYLogger.m in Sources */,
				4538AEF6185F85D7003DF921 /* STYMessage.m in Sources */,
				4538AEF1185F85D7003DF921 /* STYAddress.m in Sources */,
				453D8EF7192FF04500743852 /* STYServicePublisher.m in Sources */,
				453D8F041930155800743852 /* STYDebug.m in Sources */,
				4538AEF9185F85D7003DF921 /* STYListener.m in Sources */,
				45065FEE19ABF9C2007B22EE /* STYTransport.m in Sources */,
				4538AEF3185F85D7003DF921 /* STYDataScanner+Message.m in Sources */,
				4538AEF4185F85D7003DF921 /* STYDataScanner.m in Sources */,
			);
			runOnlyForDeploymentPostprocessing = 0;
		};
		45DA2328187E7BA700599FAC /* Sources */ = {
			isa = PBXSourcesBuildPhase;
			buildActionMask = 2147483647;
			files = (
				45DA2345187E7C4700599FAC /* STYPeer.m in Sources */,
				45DA2348187E7C4700599FAC /* STYConstants.m in Sources */,
				45DA2347187E7C4700599FAC /* STYServiceDiscoverer.m in Sources */,
				45DA2344187E7C4700599FAC /* STYMessageHandler.m in Sources */,
				45DA233E187E7C4700599FAC /* NSNetService+STYUserInfo.m in Sources */,
				45DA2349187E7C4700599FAC /* STYSocket.m in Sources */,
				45DA2343187E7C4700599FAC /* STYMessage.m in Sources */,
				45DA233F187E7C4700599FAC /* STYAddress.m in Sources */,
				45DA2337187E7BA700599FAC /* Shanty_Mac_OS_X_Tests.m in Sources */,
				45DA2346187E7C4700599FAC /* STYListener.m in Sources */,
				45DA2340187E7C4700599FAC /* STYDataScanner+Message.m in Sources */,
				45DA2341187E7C4700599FAC /* STYDataScanner.m in Sources */,
			);
			runOnlyForDeploymentPostprocessing = 0;
		};
/* End PBXSourcesBuildPhase section */

/* Begin PBXTargetDependency section */
		45DA233A187E7BA700599FAC /* PBXTargetDependency */ = {
			isa = PBXTargetDependency;
			target = 4518E30B185F90BA00B1B1D9 /* Shanty OSX Framework */;
			targetProxy = 45DA2339187E7BA700599FAC /* PBXContainerItemProxy */;
		};
		45E6A59B185F8F2A00F87958 /* PBXTargetDependency */ = {
			isa = PBXTargetDependency;
			target = 4538AEAD185F851A003DF921 /* Shanty */;
			targetProxy = 45E6A59A185F8F2A00F87958 /* PBXContainerItemProxy */;
		};
/* End PBXTargetDependency section */

/* Begin PBXVariantGroup section */
		45DA2333187E7BA700599FAC /* InfoPlist.strings */ = {
			isa = PBXVariantGroup;
			children = (
				45DA2334187E7BA700599FAC /* en */,
			);
			name = InfoPlist.strings;
			sourceTree = "<group>";
		};
		45E90CB2185F9B110060B938 /* InfoPlist.strings */ = {
			isa = PBXVariantGroup;
			children = (
				45E90CB3185F9B110060B938 /* en */,
			);
			name = InfoPlist.strings;
			sourceTree = "<group>";
		};
/* End PBXVariantGroup section */

/* Begin XCBuildConfiguration section */
		4518E330185F90BA00B1B1D9 /* Debug */ = {
			isa = XCBuildConfiguration;
			buildSettings = {
				COMBINE_HIDPI_IMAGES = YES;
				DEFINES_MODULE = YES;
				DYLIB_COMPATIBILITY_VERSION = 1;
				DYLIB_CURRENT_VERSION = 1;
				FRAMEWORK_SEARCH_PATHS = (
					"$(inherited)",
					"$(DEVELOPER_FRAMEWORKS_DIR)",
				);
				FRAMEWORK_VERSION = A;
				GCC_ENABLE_OBJC_EXCEPTIONS = YES;
				GCC_PRECOMPILE_PREFIX_HEADER = YES;
				GCC_PREFIX_HEADER = "Supporting Files/Prefix.pch";
				GCC_PREPROCESSOR_DEFINITIONS = (
					"DEBUG=1",
					"$(inherited)",
				);
				INFOPLIST_FILE = "Supporting Files/Mac OS X Framework/Info.plist";
				INSTALL_PATH = "@rpath";
				MACOSX_DEPLOYMENT_TARGET = 10.9;
				PRODUCT_NAME = Shanty;
				SDKROOT = macosx;
				WRAPPER_EXTENSION = framework;
			};
			name = Debug;
		};
		4518E331185F90BA00B1B1D9 /* Release */ = {
			isa = XCBuildConfiguration;
			buildSettings = {
				COMBINE_HIDPI_IMAGES = YES;
				DEBUG_INFORMATION_FORMAT = "dwarf-with-dsym";
				DEFINES_MODULE = YES;
				DYLIB_COMPATIBILITY_VERSION = 1;
				DYLIB_CURRENT_VERSION = 1;
				FRAMEWORK_SEARCH_PATHS = (
					"$(inherited)",
					"$(DEVELOPER_FRAMEWORKS_DIR)",
				);
				FRAMEWORK_VERSION = A;
				GCC_ENABLE_OBJC_EXCEPTIONS = YES;
				GCC_PRECOMPILE_PREFIX_HEADER = YES;
				GCC_PREFIX_HEADER = "Supporting Files/Prefix.pch";
				INFOPLIST_FILE = "Supporting Files/Mac OS X Framework/Info.plist";
				INSTALL_PATH = "@rpath";
				MACOSX_DEPLOYMENT_TARGET = 10.9;
				PRODUCT_NAME = Shanty;
				SDKROOT = macosx;
				WRAPPER_EXTENSION = framework;
			};
			name = Release;
		};
		4538AECF185F851B003DF921 /* Debug */ = {
			isa = XCBuildConfiguration;
			buildSettings = {
				ALWAYS_SEARCH_USER_PATHS = NO;
				CLANG_ANALYZER_SECURITY_FLOATLOOPCOUNTER = YES;
				CLANG_ANALYZER_SECURITY_INSECUREAPI_RAND = YES;
				CLANG_ANALYZER_SECURITY_INSECUREAPI_STRCPY = YES;
				CLANG_CXX_LANGUAGE_STANDARD = "gnu++0x";
				CLANG_CXX_LIBRARY = "libc++";
				CLANG_ENABLE_MODULES = YES;
				CLANG_ENABLE_OBJC_ARC = YES;
				CLANG_STATIC_ANALYZER_MODE = deep;
				CLANG_WARN_BOOL_CONVERSION = YES;
				CLANG_WARN_CONSTANT_CONVERSION = YES;
				CLANG_WARN_DEPRECATED_OBJC_IMPLEMENTATIONS = YES;
				CLANG_WARN_DIRECT_OBJC_ISA_USAGE = YES_ERROR;
				CLANG_WARN_EMPTY_BODY = YES;
				CLANG_WARN_ENUM_CONVERSION = YES;
				CLANG_WARN_INT_CONVERSION = YES;
				CLANG_WARN_OBJC_EXPLICIT_OWNERSHIP_TYPE = YES;
				CLANG_WARN_OBJC_IMPLICIT_RETAIN_SELF = YES;
				CLANG_WARN_OBJC_RECEIVER_WEAK = NO;
				CLANG_WARN_OBJC_REPEATED_USE_OF_WEAK = NO;
				CLANG_WARN_OBJC_ROOT_CLASS = YES_ERROR;
				CLANG_WARN__DUPLICATE_METHOD_MATCH = YES;
				COPY_PHASE_STRIP = NO;
				GCC_C_LANGUAGE_STANDARD = gnu99;
				GCC_DYNAMIC_NO_PIC = NO;
				GCC_OPTIMIZATION_LEVEL = 0;
				GCC_PREPROCESSOR_DEFINITIONS = (
					"DEBUG=1",
					"$(inherited)",
				);
				GCC_SYMBOLS_PRIVATE_EXTERN = NO;
				GCC_WARN_64_TO_32_BIT_CONVERSION = YES;
				GCC_WARN_ABOUT_RETURN_TYPE = YES_ERROR;
				GCC_WARN_MULTIPLE_DEFINITION_TYPES_FOR_SELECTOR = YES;
				GCC_WARN_UNDECLARED_SELECTOR = YES;
				GCC_WARN_UNINITIALIZED_AUTOS = YES_AGGRESSIVE;
				GCC_WARN_UNUSED_FUNCTION = YES;
				GCC_WARN_UNUSED_VARIABLE = YES;
				IPHONEOS_DEPLOYMENT_TARGET = 7.0;
				ONLY_ACTIVE_ARCH = YES;
				RUN_CLANG_STATIC_ANALYZER = YES;
				SDKROOT = iphoneos7.0;
				STRIP_INSTALLED_PRODUCT = NO;
			};
			name = Debug;
		};
		4538AED0185F851B003DF921 /* Release */ = {
			isa = XCBuildConfiguration;
			buildSettings = {
				ALWAYS_SEARCH_USER_PATHS = NO;
				CLANG_ANALYZER_SECURITY_FLOATLOOPCOUNTER = YES;
				CLANG_ANALYZER_SECURITY_INSECUREAPI_RAND = YES;
				CLANG_ANALYZER_SECURITY_INSECUREAPI_STRCPY = YES;
				CLANG_CXX_LANGUAGE_STANDARD = "gnu++0x";
				CLANG_CXX_LIBRARY = "libc++";
				CLANG_ENABLE_MODULES = YES;
				CLANG_ENABLE_OBJC_ARC = YES;
				CLANG_STATIC_ANALYZER_MODE = deep;
				CLANG_WARN_BOOL_CONVERSION = YES;
				CLANG_WARN_CONSTANT_CONVERSION = YES;
				CLANG_WARN_DEPRECATED_OBJC_IMPLEMENTATIONS = YES;
				CLANG_WARN_DIRECT_OBJC_ISA_USAGE = YES_ERROR;
				CLANG_WARN_EMPTY_BODY = YES;
				CLANG_WARN_ENUM_CONVERSION = YES;
				CLANG_WARN_INT_CONVERSION = YES;
				CLANG_WARN_OBJC_EXPLICIT_OWNERSHIP_TYPE = YES;
				CLANG_WARN_OBJC_IMPLICIT_RETAIN_SELF = YES;
				CLANG_WARN_OBJC_RECEIVER_WEAK = NO;
				CLANG_WARN_OBJC_REPEATED_USE_OF_WEAK = NO;
				CLANG_WARN_OBJC_ROOT_CLASS = YES_ERROR;
				CLANG_WARN__DUPLICATE_METHOD_MATCH = YES;
				COPY_PHASE_STRIP = YES;
				ENABLE_NS_ASSERTIONS = NO;
				GCC_C_LANGUAGE_STANDARD = gnu99;
				GCC_WARN_64_TO_32_BIT_CONVERSION = YES;
				GCC_WARN_ABOUT_RETURN_TYPE = YES_ERROR;
				GCC_WARN_MULTIPLE_DEFINITION_TYPES_FOR_SELECTOR = YES;
				GCC_WARN_UNDECLARED_SELECTOR = YES;
				GCC_WARN_UNINITIALIZED_AUTOS = YES_AGGRESSIVE;
				GCC_WARN_UNUSED_FUNCTION = YES;
				GCC_WARN_UNUSED_VARIABLE = YES;
				IPHONEOS_DEPLOYMENT_TARGET = 7.0;
				RUN_CLANG_STATIC_ANALYZER = YES;
				SDKROOT = iphoneos7.0;
				STRIP_INSTALLED_PRODUCT = YES;
				VALIDATE_PRODUCT = YES;
			};
			name = Release;
		};
		4538AED2185F851B003DF921 /* Debug */ = {
			isa = XCBuildConfiguration;
			buildSettings = {
				COPY_PHASE_STRIP = NO;
				DEAD_CODE_STRIPPING = NO;
				DSTROOT = /tmp/Shanty.dst;
				GCC_PRECOMPILE_PREFIX_HEADER = YES;
				GCC_PREFIX_HEADER = "Supporting Files/Prefix.pch";
				OTHER_LDFLAGS = "-ObjC";
				PRODUCT_NAME = "$(TARGET_NAME)";
				PUBLIC_HEADERS_FOLDER_PATH = "$(PROJECT_NAME)Headers";
				SKIP_INSTALL = YES;
				STRIP_INSTALLED_PRODUCT = NO;
				STRIP_STYLE = all;
			};
			name = Debug;
		};
		4538AED3185F851B003DF921 /* Release */ = {
			isa = XCBuildConfiguration;
			buildSettings = {
				COPY_PHASE_STRIP = NO;
				DEAD_CODE_STRIPPING = NO;
				DSTROOT = /tmp/Shanty.dst;
				GCC_PRECOMPILE_PREFIX_HEADER = YES;
				GCC_PREFIX_HEADER = "Supporting Files/Prefix.pch";
				OTHER_LDFLAGS = "-ObjC";
				PRODUCT_NAME = "$(TARGET_NAME)";
				PUBLIC_HEADERS_FOLDER_PATH = "$(PROJECT_NAME)Headers";
				SKIP_INSTALL = YES;
				STRIP_INSTALLED_PRODUCT = NO;
				STRIP_STYLE = all;
			};
			name = Release;
		};
		45DA233B187E7BA700599FAC /* Debug */ = {
			isa = XCBuildConfiguration;
			buildSettings = {
				BUNDLE_LOADER = "$(BUILT_PRODUCTS_DIR)/Shanty.framework/Versions/A/Shanty";
				COMBINE_HIDPI_IMAGES = YES;
				FRAMEWORK_SEARCH_PATHS = (
					"$(DEVELOPER_FRAMEWORKS_DIR)",
					"$(inherited)",
				);
				GCC_ENABLE_OBJC_EXCEPTIONS = YES;
				GCC_PRECOMPILE_PREFIX_HEADER = YES;
				GCC_PREFIX_HEADER = "Shanty Mac OS X Tests/Shanty Mac OS X Tests-Prefix.pch";
				GCC_PREPROCESSOR_DEFINITIONS = (
					"DEBUG=1",
					"$(inherited)",
				);
				GCC_WARN_UNINITIALIZED_AUTOS = YES;
				INFOPLIST_FILE = "Shanty Mac OS X Tests/Shanty Mac OS X Tests-Info.plist";
				MACOSX_DEPLOYMENT_TARGET = 10.9;
				PRODUCT_NAME = "$(TARGET_NAME)";
				SDKROOT = macosx;
				TEST_HOST = "$(BUNDLE_LOADER)";
				WRAPPER_EXTENSION = xctest;
			};
			name = Debug;
		};
		45DA233C187E7BA700599FAC /* Release */ = {
			isa = XCBuildConfiguration;
			buildSettings = {
				BUNDLE_LOADER = "$(BUILT_PRODUCTS_DIR)/Shanty.framework/Versions/A/Shanty";
				COMBINE_HIDPI_IMAGES = YES;
				DEBUG_INFORMATION_FORMAT = "dwarf-with-dsym";
				FRAMEWORK_SEARCH_PATHS = (
					"$(DEVELOPER_FRAMEWORKS_DIR)",
					"$(inherited)",
				);
				GCC_ENABLE_OBJC_EXCEPTIONS = YES;
				GCC_PRECOMPILE_PREFIX_HEADER = YES;
				GCC_PREFIX_HEADER = "Shanty Mac OS X Tests/Shanty Mac OS X Tests-Prefix.pch";
				GCC_WARN_UNINITIALIZED_AUTOS = YES;
				INFOPLIST_FILE = "Shanty Mac OS X Tests/Shanty Mac OS X Tests-Info.plist";
				MACOSX_DEPLOYMENT_TARGET = 10.9;
				PRODUCT_NAME = "$(TARGET_NAME)";
				SDKROOT = macosx;
				TEST_HOST = "$(BUNDLE_LOADER)";
				WRAPPER_EXTENSION = xctest;
			};
			name = Release;
		};
		45E6A597185F8F2000F87958 /* Debug */ = {
			isa = XCBuildConfiguration;
			buildSettings = {
				PRODUCT_NAME = "$(TARGET_NAME)";
			};
			name = Debug;
		};
		45E6A598185F8F2000F87958 /* Release */ = {
			isa = XCBuildConfiguration;
			buildSettings = {
				PRODUCT_NAME = "$(TARGET_NAME)";
			};
			name = Release;
		};
/* End XCBuildConfiguration section */

/* Begin XCConfigurationList section */
		4518E334185F90BA00B1B1D9 /* Build configuration list for PBXNativeTarget "Shanty OSX Framework" */ = {
			isa = XCConfigurationList;
			buildConfigurations = (
				4518E330185F90BA00B1B1D9 /* Debug */,
				4518E331185F90BA00B1B1D9 /* Release */,
			);
			defaultConfigurationIsVisible = 0;
			defaultConfigurationName = Release;
		};
		4538AEA9185F851A003DF921 /* Build configuration list for PBXProject "shanty" */ = {
			isa = XCConfigurationList;
			buildConfigurations = (
				4538AECF185F851B003DF921 /* Debug */,
				4538AED0185F851B003DF921 /* Release */,
			);
			defaultConfigurationIsVisible = 0;
			defaultConfigurationName = Release;
		};
		4538AED1185F851B003DF921 /* Build configuration list for PBXNativeTarget "Shanty" */ = {
			isa = XCConfigurationList;
			buildConfigurations = (
				4538AED2185F851B003DF921 /* Debug */,
				4538AED3185F851B003DF921 /* Release */,
			);
			defaultConfigurationIsVisible = 0;
			defaultConfigurationName = Release;
		};
		45DA233D187E7BA700599FAC /* Build configuration list for PBXNativeTarget "Shanty Mac OS X Tests" */ = {
			isa = XCConfigurationList;
			buildConfigurations = (
				45DA233B187E7BA700599FAC /* Debug */,
				45DA233C187E7BA700599FAC /* Release */,
			);
			defaultConfigurationIsVisible = 0;
			defaultConfigurationName = Release;
		};
		45E6A599185F8F2000F87958 /* Build configuration list for PBXAggregateTarget "Shanty iOS Framework" */ = {
			isa = XCConfigurationList;
			buildConfigurations = (
				45E6A597185F8F2000F87958 /* Debug */,
				45E6A598185F8F2000F87958 /* Release */,
			);
			defaultConfigurationIsVisible = 0;
			defaultConfigurationName = Release;
		};
/* End XCConfigurationList section */
	};
	rootObject = 4538AEA6185F851A003DF921 /* Project object */;
}
