// !$*UTF8*$!
{
	archiveVersion = 1;
	classes = {
	};
	objectVersion = 46;
	objects = {

/* Begin PBXAggregateTarget section */
		45E6A596185F8F2000F87958 /* Shanty Static iOS Framework */ = {
			isa = PBXAggregateTarget;
			buildConfigurationList = 45E6A599185F8F2000F87958 /* Build configuration list for PBXAggregateTarget "Shanty Static iOS Framework" */;
			buildPhases = (
				45E6A59C185F8F4300F87958 /* ShellScript */,
			);
			dependencies = (
				45E6A59B185F8F2A00F87958 /* PBXTargetDependency */,
			);
			name = "Shanty Static iOS Framework";
			productName = "iOS Framework";
		};
/* End PBXAggregateTarget section */

/* Begin PBXBuildFile section */
		45D5D64219D383B000A76535 /* Shanty.h in Headers */ = {isa = PBXBuildFile; fileRef = 45FF044319D35C9000CED777 /* Shanty.h */; settings = {ATTRIBUTES = (Public, ); }; };
		45D5D64319D383B000A76535 /* STYAddress.h in Headers */ = {isa = PBXBuildFile; fileRef = 45FF044419D35C9000CED777 /* STYAddress.h */; settings = {ATTRIBUTES = (Public, ); }; };
		45D5D64419D383B000A76535 /* STYClientPeer.h in Headers */ = {isa = PBXBuildFile; fileRef = 45FF044619D35C9000CED777 /* STYClientPeer.h */; settings = {ATTRIBUTES = (Public, ); }; };
		45D5D64519D383B000A76535 /* STYCompletionBlocks.h in Headers */ = {isa = PBXBuildFile; fileRef = 45FF044819D35C9000CED777 /* STYCompletionBlocks.h */; settings = {ATTRIBUTES = (Public, ); }; };
		45D5D64619D383B000A76535 /* STYConstants.h in Headers */ = {isa = PBXBuildFile; fileRef = 45FF044919D35C9000CED777 /* STYConstants.h */; settings = {ATTRIBUTES = (Public, ); }; };
		45D5D64719D383B000A76535 /* STYDataScanner+Message.h in Headers */ = {isa = PBXBuildFile; fileRef = 45FF044B19D35C9000CED777 /* STYDataScanner+Message.h */; settings = {ATTRIBUTES = (Public, ); }; };
		45D5D64819D383B000A76535 /* STYDataScanner.h in Headers */ = {isa = PBXBuildFile; fileRef = 45FF044D19D35C9000CED777 /* STYDataScanner.h */; settings = {ATTRIBUTES = (Public, ); }; };
		45D5D64919D383B000A76535 /* STYListener.h in Headers */ = {isa = PBXBuildFile; fileRef = 45FF044F19D35C9000CED777 /* STYListener.h */; settings = {ATTRIBUTES = (Public, ); }; };
		45D5D64A19D383B000A76535 /* STYLogger.h in Headers */ = {isa = PBXBuildFile; fileRef = 45FF045119D35C9000CED777 /* STYLogger.h */; settings = {ATTRIBUTES = (Public, ); }; };
		45D5D64B19D383B000A76535 /* STYMessage.h in Headers */ = {isa = PBXBuildFile; fileRef = 45FF045319D35C9000CED777 /* STYMessage.h */; settings = {ATTRIBUTES = (Public, ); }; };
		45D5D64C19D383B000A76535 /* STYMessageHandler.h in Headers */ = {isa = PBXBuildFile; fileRef = 45FF045519D35C9000CED777 /* STYMessageHandler.h */; settings = {ATTRIBUTES = (Public, ); }; };
		45D5D64D19D383B000A76535 /* STYPeer.h in Headers */ = {isa = PBXBuildFile; fileRef = 45FF045719D35C9000CED777 /* STYPeer.h */; settings = {ATTRIBUTES = (Public, ); }; };
		45D5D64E19D383B000A76535 /* STYServerPeer.h in Headers */ = {isa = PBXBuildFile; fileRef = 45FF045919D35C9000CED777 /* STYServerPeer.h */; settings = {ATTRIBUTES = (Public, ); }; };
		45D5D64F19D383B000A76535 /* STYServiceDiscoverer.h in Headers */ = {isa = PBXBuildFile; fileRef = 45FF045B19D35C9000CED777 /* STYServiceDiscoverer.h */; settings = {ATTRIBUTES = (Public, ); }; };
		45D5D65019D383B000A76535 /* STYServicePublisher.h in Headers */ = {isa = PBXBuildFile; fileRef = 45FF045D19D35C9000CED777 /* STYServicePublisher.h */; settings = {ATTRIBUTES = (Public, ); }; };
		45D5D65119D383B000A76535 /* STYSocket.h in Headers */ = {isa = PBXBuildFile; fileRef = 45FF045F19D35C9000CED777 /* STYSocket.h */; settings = {ATTRIBUTES = (Public, ); }; };
		45D5D65219D383B000A76535 /* STYTransport.h in Headers */ = {isa = PBXBuildFile; fileRef = 45FF046119D35C9000CED777 /* STYTransport.h */; settings = {ATTRIBUTES = (Public, ); }; };
		45D5D65319D3842500A76535 /* STYAddress.m in Sources */ = {isa = PBXBuildFile; fileRef = 45FF044519D35C9000CED777 /* STYAddress.m */; };
		45D5D65419D3842500A76535 /* STYClientPeer.m in Sources */ = {isa = PBXBuildFile; fileRef = 45FF044719D35C9000CED777 /* STYClientPeer.m */; };
		45D5D65519D3842500A76535 /* STYConstants.m in Sources */ = {isa = PBXBuildFile; fileRef = 45FF044A19D35C9000CED777 /* STYConstants.m */; };
		45D5D65619D3842500A76535 /* STYDataScanner+Message.m in Sources */ = {isa = PBXBuildFile; fileRef = 45FF044C19D35C9000CED777 /* STYDataScanner+Message.m */; };
		45D5D65719D3842500A76535 /* STYDataScanner.m in Sources */ = {isa = PBXBuildFile; fileRef = 45FF044E19D35C9000CED777 /* STYDataScanner.m */; };
		45D5D65819D3842500A76535 /* STYListener.m in Sources */ = {isa = PBXBuildFile; fileRef = 45FF045019D35C9000CED777 /* STYListener.m */; };
		45D5D65919D3842500A76535 /* STYLogger.m in Sources */ = {isa = PBXBuildFile; fileRef = 45FF045219D35C9000CED777 /* STYLogger.m */; };
		45D5D65A19D3842500A76535 /* STYMessage.m in Sources */ = {isa = PBXBuildFile; fileRef = 45FF045419D35C9000CED777 /* STYMessage.m */; };
		45D5D65B19D3842500A76535 /* STYMessageHandler.m in Sources */ = {isa = PBXBuildFile; fileRef = 45FF045619D35C9000CED777 /* STYMessageHandler.m */; };
		45D5D65C19D3842500A76535 /* STYPeer.m in Sources */ = {isa = PBXBuildFile; fileRef = 45FF045819D35C9000CED777 /* STYPeer.m */; };
		45D5D65D19D3842500A76535 /* STYServerPeer.m in Sources */ = {isa = PBXBuildFile; fileRef = 45FF045A19D35C9000CED777 /* STYServerPeer.m */; };
		45D5D65E19D3842500A76535 /* STYServiceDiscoverer.m in Sources */ = {isa = PBXBuildFile; fileRef = 45FF045C19D35C9000CED777 /* STYServiceDiscoverer.m */; };
		45D5D65F19D3842500A76535 /* STYServicePublisher.m in Sources */ = {isa = PBXBuildFile; fileRef = 45FF045E19D35C9000CED777 /* STYServicePublisher.m */; };
		45D5D66019D3842500A76535 /* STYSocket.m in Sources */ = {isa = PBXBuildFile; fileRef = 45FF046019D35C9000CED777 /* STYSocket.m */; };
		45D5D66119D3842500A76535 /* STYTransport.m in Sources */ = {isa = PBXBuildFile; fileRef = 45FF046219D35C9000CED777 /* STYTransport.m */; };
		45D5D66D19D3863100A76535 /* NSNetService+STYUserInfo.h in Headers */ = {isa = PBXBuildFile; fileRef = 45FF044119D35C9000CED777 /* NSNetService+STYUserInfo.h */; settings = {ATTRIBUTES = (Public, ); }; };
		45D5D66F19D3873400A76535 /* NSNetService+STYUserInfo.m in Sources */ = {isa = PBXBuildFile; fileRef = 45FF044219D35C9000CED777 /* NSNetService+STYUserInfo.m */; };
		45D5D67519D38DB000A76535 /* STYPeerBrowserViewController.h in Headers */ = {isa = PBXBuildFile; fileRef = 45D5D67219D38DB000A76535 /* STYPeerBrowserViewController.h */; };
		45D5D67619D38DB000A76535 /* STYPeerBrowserViewController.m in Sources */ = {isa = PBXBuildFile; fileRef = 45D5D67319D38DB000A76535 /* STYPeerBrowserViewController.m */; };
		45D5D67719D38DB000A76535 /* STYPeerBrowserViewController.xib in Resources */ = {isa = PBXBuildFile; fileRef = 45D5D67419D38DB000A76535 /* STYPeerBrowserViewController.xib */; };
		45DA232F187E7BA700599FAC /* XCTest.framework in Frameworks */ = {isa = PBXBuildFile; fileRef = 45DA232E187E7BA700599FAC /* XCTest.framework */; };
		45DA2335187E7BA700599FAC /* InfoPlist.strings in Resources */ = {isa = PBXBuildFile; fileRef = 45DA2333187E7BA700599FAC /* InfoPlist.strings */; };
		45DA2337187E7BA700599FAC /* Shanty_Mac_OS_X_Tests.m in Sources */ = {isa = PBXBuildFile; fileRef = 45DA2336187E7BA700599FAC /* Shanty_Mac_OS_X_Tests.m */; };
		45FF046719D35C9000CED777 /* NSNetService+STYUserInfo.h in Headers */ = {isa = PBXBuildFile; fileRef = 45FF044119D35C9000CED777 /* NSNetService+STYUserInfo.h */; settings = {ATTRIBUTES = (Public, ); }; };
		45FF046819D35C9000CED777 /* NSNetService+STYUserInfo.h in Headers */ = {isa = PBXBuildFile; fileRef = 45FF044119D35C9000CED777 /* NSNetService+STYUserInfo.h */; settings = {ATTRIBUTES = (Public, ); }; };
		45FF046919D35C9000CED777 /* NSNetService+STYUserInfo.m in Sources */ = {isa = PBXBuildFile; fileRef = 45FF044219D35C9000CED777 /* NSNetService+STYUserInfo.m */; };
		45FF046A19D35C9000CED777 /* NSNetService+STYUserInfo.m in Sources */ = {isa = PBXBuildFile; fileRef = 45FF044219D35C9000CED777 /* NSNetService+STYUserInfo.m */; };
		45FF046B19D35C9000CED777 /* Shanty.h in Headers */ = {isa = PBXBuildFile; fileRef = 45FF044319D35C9000CED777 /* Shanty.h */; settings = {ATTRIBUTES = (Public, ); }; };
		45FF046C19D35C9000CED777 /* Shanty.h in Headers */ = {isa = PBXBuildFile; fileRef = 45FF044319D35C9000CED777 /* Shanty.h */; settings = {ATTRIBUTES = (Public, ); }; };
		45FF046D19D35C9000CED777 /* STYAddress.h in Headers */ = {isa = PBXBuildFile; fileRef = 45FF044419D35C9000CED777 /* STYAddress.h */; settings = {ATTRIBUTES = (Public, ); }; };
		45FF046E19D35C9000CED777 /* STYAddress.h in Headers */ = {isa = PBXBuildFile; fileRef = 45FF044419D35C9000CED777 /* STYAddress.h */; settings = {ATTRIBUTES = (Public, ); }; };
		45FF046F19D35C9000CED777 /* STYAddress.m in Sources */ = {isa = PBXBuildFile; fileRef = 45FF044519D35C9000CED777 /* STYAddress.m */; };
		45FF047019D35C9000CED777 /* STYAddress.m in Sources */ = {isa = PBXBuildFile; fileRef = 45FF044519D35C9000CED777 /* STYAddress.m */; };
		45FF047119D35C9000CED777 /* STYClientPeer.h in Headers */ = {isa = PBXBuildFile; fileRef = 45FF044619D35C9000CED777 /* STYClientPeer.h */; settings = {ATTRIBUTES = (Public, ); }; };
		45FF047219D35C9000CED777 /* STYClientPeer.h in Headers */ = {isa = PBXBuildFile; fileRef = 45FF044619D35C9000CED777 /* STYClientPeer.h */; settings = {ATTRIBUTES = (Public, ); }; };
		45FF047319D35C9000CED777 /* STYClientPeer.m in Sources */ = {isa = PBXBuildFile; fileRef = 45FF044719D35C9000CED777 /* STYClientPeer.m */; };
		45FF047419D35C9000CED777 /* STYClientPeer.m in Sources */ = {isa = PBXBuildFile; fileRef = 45FF044719D35C9000CED777 /* STYClientPeer.m */; };
		45FF047519D35C9000CED777 /* STYCompletionBlocks.h in Headers */ = {isa = PBXBuildFile; fileRef = 45FF044819D35C9000CED777 /* STYCompletionBlocks.h */; settings = {ATTRIBUTES = (Public, ); }; };
		45FF047619D35C9000CED777 /* STYCompletionBlocks.h in Headers */ = {isa = PBXBuildFile; fileRef = 45FF044819D35C9000CED777 /* STYCompletionBlocks.h */; settings = {ATTRIBUTES = (Public, ); }; };
		45FF047719D35C9000CED777 /* STYConstants.h in Headers */ = {isa = PBXBuildFile; fileRef = 45FF044919D35C9000CED777 /* STYConstants.h */; settings = {ATTRIBUTES = (Public, ); }; };
		45FF047819D35C9000CED777 /* STYConstants.h in Headers */ = {isa = PBXBuildFile; fileRef = 45FF044919D35C9000CED777 /* STYConstants.h */; settings = {ATTRIBUTES = (Public, ); }; };
		45FF047919D35C9000CED777 /* STYConstants.m in Sources */ = {isa = PBXBuildFile; fileRef = 45FF044A19D35C9000CED777 /* STYConstants.m */; };
		45FF047A19D35C9000CED777 /* STYConstants.m in Sources */ = {isa = PBXBuildFile; fileRef = 45FF044A19D35C9000CED777 /* STYConstants.m */; };
		45FF047B19D35C9000CED777 /* STYDataScanner+Message.h in Headers */ = {isa = PBXBuildFile; fileRef = 45FF044B19D35C9000CED777 /* STYDataScanner+Message.h */; settings = {ATTRIBUTES = (Public, ); }; };
		45FF047C19D35C9000CED777 /* STYDataScanner+Message.h in Headers */ = {isa = PBXBuildFile; fileRef = 45FF044B19D35C9000CED777 /* STYDataScanner+Message.h */; settings = {ATTRIBUTES = (Public, ); }; };
		45FF047D19D35C9000CED777 /* STYDataScanner+Message.m in Sources */ = {isa = PBXBuildFile; fileRef = 45FF044C19D35C9000CED777 /* STYDataScanner+Message.m */; };
		45FF047E19D35C9000CED777 /* STYDataScanner+Message.m in Sources */ = {isa = PBXBuildFile; fileRef = 45FF044C19D35C9000CED777 /* STYDataScanner+Message.m */; };
		45FF047F19D35C9000CED777 /* STYDataScanner.h in Headers */ = {isa = PBXBuildFile; fileRef = 45FF044D19D35C9000CED777 /* STYDataScanner.h */; settings = {ATTRIBUTES = (Public, ); }; };
		45FF048019D35C9000CED777 /* STYDataScanner.h in Headers */ = {isa = PBXBuildFile; fileRef = 45FF044D19D35C9000CED777 /* STYDataScanner.h */; settings = {ATTRIBUTES = (Public, ); }; };
		45FF048119D35C9000CED777 /* STYDataScanner.m in Sources */ = {isa = PBXBuildFile; fileRef = 45FF044E19D35C9000CED777 /* STYDataScanner.m */; };
		45FF048219D35C9000CED777 /* STYDataScanner.m in Sources */ = {isa = PBXBuildFile; fileRef = 45FF044E19D35C9000CED777 /* STYDataScanner.m */; };
		45FF048319D35C9000CED777 /* STYListener.h in Headers */ = {isa = PBXBuildFile; fileRef = 45FF044F19D35C9000CED777 /* STYListener.h */; settings = {ATTRIBUTES = (Public, ); }; };
		45FF048419D35C9000CED777 /* STYListener.h in Headers */ = {isa = PBXBuildFile; fileRef = 45FF044F19D35C9000CED777 /* STYListener.h */; settings = {ATTRIBUTES = (Public, ); }; };
		45FF048519D35C9000CED777 /* STYListener.m in Sources */ = {isa = PBXBuildFile; fileRef = 45FF045019D35C9000CED777 /* STYListener.m */; };
		45FF048619D35C9000CED777 /* STYListener.m in Sources */ = {isa = PBXBuildFile; fileRef = 45FF045019D35C9000CED777 /* STYListener.m */; };
		45FF048719D35C9000CED777 /* STYLogger.h in Headers */ = {isa = PBXBuildFile; fileRef = 45FF045119D35C9000CED777 /* STYLogger.h */; settings = {ATTRIBUTES = (Public, ); }; };
		45FF048819D35C9000CED777 /* STYLogger.h in Headers */ = {isa = PBXBuildFile; fileRef = 45FF045119D35C9000CED777 /* STYLogger.h */; settings = {ATTRIBUTES = (Public, ); }; };
		45FF048919D35C9000CED777 /* STYLogger.m in Sources */ = {isa = PBXBuildFile; fileRef = 45FF045219D35C9000CED777 /* STYLogger.m */; };
		45FF048A19D35C9000CED777 /* STYLogger.m in Sources */ = {isa = PBXBuildFile; fileRef = 45FF045219D35C9000CED777 /* STYLogger.m */; };
		45FF048B19D35C9000CED777 /* STYMessage.h in Headers */ = {isa = PBXBuildFile; fileRef = 45FF045319D35C9000CED777 /* STYMessage.h */; settings = {ATTRIBUTES = (Public, ); }; };
		45FF048C19D35C9000CED777 /* STYMessage.h in Headers */ = {isa = PBXBuildFile; fileRef = 45FF045319D35C9000CED777 /* STYMessage.h */; settings = {ATTRIBUTES = (Public, ); }; };
		45FF048D19D35C9000CED777 /* STYMessage.m in Sources */ = {isa = PBXBuildFile; fileRef = 45FF045419D35C9000CED777 /* STYMessage.m */; };
		45FF048E19D35C9000CED777 /* STYMessage.m in Sources */ = {isa = PBXBuildFile; fileRef = 45FF045419D35C9000CED777 /* STYMessage.m */; };
		45FF048F19D35C9000CED777 /* STYMessageHandler.h in Headers */ = {isa = PBXBuildFile; fileRef = 45FF045519D35C9000CED777 /* STYMessageHandler.h */; settings = {ATTRIBUTES = (Public, ); }; };
		45FF049019D35C9000CED777 /* STYMessageHandler.h in Headers */ = {isa = PBXBuildFile; fileRef = 45FF045519D35C9000CED777 /* STYMessageHandler.h */; settings = {ATTRIBUTES = (Public, ); }; };
		45FF049119D35C9000CED777 /* STYMessageHandler.m in Sources */ = {isa = PBXBuildFile; fileRef = 45FF045619D35C9000CED777 /* STYMessageHandler.m */; };
		45FF049219D35C9000CED777 /* STYMessageHandler.m in Sources */ = {isa = PBXBuildFile; fileRef = 45FF045619D35C9000CED777 /* STYMessageHandler.m */; };
		45FF049319D35C9000CED777 /* STYPeer.h in Headers */ = {isa = PBXBuildFile; fileRef = 45FF045719D35C9000CED777 /* STYPeer.h */; settings = {ATTRIBUTES = (Public, ); }; };
		45FF049419D35C9000CED777 /* STYPeer.h in Headers */ = {isa = PBXBuildFile; fileRef = 45FF045719D35C9000CED777 /* STYPeer.h */; settings = {ATTRIBUTES = (Public, ); }; };
		45FF049519D35C9000CED777 /* STYPeer.m in Sources */ = {isa = PBXBuildFile; fileRef = 45FF045819D35C9000CED777 /* STYPeer.m */; };
		45FF049619D35C9000CED777 /* STYPeer.m in Sources */ = {isa = PBXBuildFile; fileRef = 45FF045819D35C9000CED777 /* STYPeer.m */; };
		45FF049719D35C9000CED777 /* STYServerPeer.h in Headers */ = {isa = PBXBuildFile; fileRef = 45FF045919D35C9000CED777 /* STYServerPeer.h */; settings = {ATTRIBUTES = (Public, ); }; };
		45FF049819D35C9000CED777 /* STYServerPeer.h in Headers */ = {isa = PBXBuildFile; fileRef = 45FF045919D35C9000CED777 /* STYServerPeer.h */; settings = {ATTRIBUTES = (Public, ); }; };
		45FF049919D35C9000CED777 /* STYServerPeer.m in Sources */ = {isa = PBXBuildFile; fileRef = 45FF045A19D35C9000CED777 /* STYServerPeer.m */; };
		45FF049A19D35C9000CED777 /* STYServerPeer.m in Sources */ = {isa = PBXBuildFile; fileRef = 45FF045A19D35C9000CED777 /* STYServerPeer.m */; };
		45FF049B19D35C9000CED777 /* STYServiceDiscoverer.h in Headers */ = {isa = PBXBuildFile; fileRef = 45FF045B19D35C9000CED777 /* STYServiceDiscoverer.h */; settings = {ATTRIBUTES = (Public, ); }; };
		45FF049C19D35C9000CED777 /* STYServiceDiscoverer.h in Headers */ = {isa = PBXBuildFile; fileRef = 45FF045B19D35C9000CED777 /* STYServiceDiscoverer.h */; settings = {ATTRIBUTES = (Public, ); }; };
		45FF049D19D35C9000CED777 /* STYServiceDiscoverer.m in Sources */ = {isa = PBXBuildFile; fileRef = 45FF045C19D35C9000CED777 /* STYServiceDiscoverer.m */; };
		45FF049E19D35C9000CED777 /* STYServiceDiscoverer.m in Sources */ = {isa = PBXBuildFile; fileRef = 45FF045C19D35C9000CED777 /* STYServiceDiscoverer.m */; };
		45FF049F19D35C9000CED777 /* STYServicePublisher.h in Headers */ = {isa = PBXBuildFile; fileRef = 45FF045D19D35C9000CED777 /* STYServicePublisher.h */; settings = {ATTRIBUTES = (Public, ); }; };
		45FF04A019D35C9000CED777 /* STYServicePublisher.h in Headers */ = {isa = PBXBuildFile; fileRef = 45FF045D19D35C9000CED777 /* STYServicePublisher.h */; settings = {ATTRIBUTES = (Public, ); }; };
		45FF04A119D35C9000CED777 /* STYServicePublisher.m in Sources */ = {isa = PBXBuildFile; fileRef = 45FF045E19D35C9000CED777 /* STYServicePublisher.m */; };
		45FF04A219D35C9000CED777 /* STYServicePublisher.m in Sources */ = {isa = PBXBuildFile; fileRef = 45FF045E19D35C9000CED777 /* STYServicePublisher.m */; };
		45FF04A319D35C9000CED777 /* STYSocket.h in Headers */ = {isa = PBXBuildFile; fileRef = 45FF045F19D35C9000CED777 /* STYSocket.h */; settings = {ATTRIBUTES = (Public, ); }; };
		45FF04A419D35C9000CED777 /* STYSocket.h in Headers */ = {isa = PBXBuildFile; fileRef = 45FF045F19D35C9000CED777 /* STYSocket.h */; settings = {ATTRIBUTES = (Public, ); }; };
		45FF04A519D35C9000CED777 /* STYSocket.m in Sources */ = {isa = PBXBuildFile; fileRef = 45FF046019D35C9000CED777 /* STYSocket.m */; };
		45FF04A619D35C9000CED777 /* STYSocket.m in Sources */ = {isa = PBXBuildFile; fileRef = 45FF046019D35C9000CED777 /* STYSocket.m */; };
		45FF04A719D35C9000CED777 /* STYTransport.h in Headers */ = {isa = PBXBuildFile; fileRef = 45FF046119D35C9000CED777 /* STYTransport.h */; settings = {ATTRIBUTES = (Public, ); }; };
		45FF04A819D35C9000CED777 /* STYTransport.h in Headers */ = {isa = PBXBuildFile; fileRef = 45FF046119D35C9000CED777 /* STYTransport.h */; settings = {ATTRIBUTES = (Public, ); }; };
		45FF04A919D35C9000CED777 /* STYTransport.m in Sources */ = {isa = PBXBuildFile; fileRef = 45FF046219D35C9000CED777 /* STYTransport.m */; };
		45FF04AA19D35C9000CED777 /* STYTransport.m in Sources */ = {isa = PBXBuildFile; fileRef = 45FF046219D35C9000CED777 /* STYTransport.m */; };
		45FF04B819D35CD900CED777 /* InfoPlist.strings in Resources */ = {isa = PBXBuildFile; fileRef = 45FF04B419D35CD100CED777 /* InfoPlist.strings */; };
/* End PBXBuildFile section */

/* Begin PBXContainerItemProxy section */
		45DA2339187E7BA700599FAC /* PBXContainerItemProxy */ = {
			isa = PBXContainerItemProxy;
			containerPortal = 4538AEA6185F851A003DF921 /* Project object */;
			proxyType = 1;
			remoteGlobalIDString = 4518E30B185F90BA00B1B1D9;
			remoteInfo = "Mac OS X Framework";
		};
		45E6A59A185F8F2A00F87958 /* PBXContainerItemProxy */ = {
			isa = PBXContainerItemProxy;
			containerPortal = 4538AEA6185F851A003DF921 /* Project object */;
			proxyType = 1;
			remoteGlobalIDString = 4538AEAD185F851A003DF921;
			remoteInfo = Shanty;
		};
/* End PBXContainerItemProxy section */

/* Begin PBXCopyFilesBuildPhase section */
		4538AEAC185F851A003DF921 /* CopyFiles */ = {
			isa = PBXCopyFilesBuildPhase;
			buildActionMask = 2147483647;
			dstPath = "include/$(PRODUCT_NAME)";
			dstSubfolderSpec = 16;
			files = (
			);
			runOnlyForDeploymentPostprocessing = 0;
		};
/* End PBXCopyFilesBuildPhase section */

/* Begin PBXFileReference section */
		4518E30C185F90BA00B1B1D9 /* Shanty.framework */ = {isa = PBXFileReference; explicitFileType = wrapper.framework; includeInIndex = 0; path = Shanty.framework; sourceTree = BUILT_PRODUCTS_DIR; };
		4538AEAE185F851A003DF921 /* libShanty Static Library.a */ = {isa = PBXFileReference; explicitFileType = archive.ar; includeInIndex = 0; path = "libShanty Static Library.a"; sourceTree = BUILT_PRODUCTS_DIR; };
		45C73061191AD9CD006254B2 /* Foundation.framework */ = {isa = PBXFileReference; lastKnownFileType = wrapper.framework; name = Foundation.framework; path = System/Library/Frameworks/Foundation.framework; sourceTree = SDKROOT; };
		45C73064191AD9CD006254B2 /* main.m */ = {isa = PBXFileReference; lastKnownFileType = sourcecode.c.objc; path = main.m; sourceTree = "<group>"; };
		45C73067191AD9CD006254B2 /* SimpleTest-Prefix.pch */ = {isa = PBXFileReference; lastKnownFileType = sourcecode.c.h; path = "SimpleTest-Prefix.pch"; sourceTree = "<group>"; };
		45D5D62819D382DC00A76535 /* Shanty.framework */ = {isa = PBXFileReference; explicitFileType = wrapper.framework; includeInIndex = 0; path = Shanty.framework; sourceTree = BUILT_PRODUCTS_DIR; };
		45D5D67219D38DB000A76535 /* STYPeerBrowserViewController.h */ = {isa = PBXFileReference; fileEncoding = 4; lastKnownFileType = sourcecode.c.h; path = STYPeerBrowserViewController.h; sourceTree = "<group>"; };
		45D5D67319D38DB000A76535 /* STYPeerBrowserViewController.m */ = {isa = PBXFileReference; fileEncoding = 4; lastKnownFileType = sourcecode.c.objc; path = STYPeerBrowserViewController.m; sourceTree = "<group>"; };
		45D5D67419D38DB000A76535 /* STYPeerBrowserViewController.xib */ = {isa = PBXFileReference; fileEncoding = 4; lastKnownFileType = file.xib; path = STYPeerBrowserViewController.xib; sourceTree = "<group>"; };
		45DA232C187E7BA700599FAC /* Shanty Mac OS X Tests.xctest */ = {isa = PBXFileReference; explicitFileType = wrapper.cfbundle; includeInIndex = 0; path = "Shanty Mac OS X Tests.xctest"; sourceTree = BUILT_PRODUCTS_DIR; };
		45DA232E187E7BA700599FAC /* XCTest.framework */ = {isa = PBXFileReference; lastKnownFileType = wrapper.framework; name = XCTest.framework; path = Library/Frameworks/XCTest.framework; sourceTree = DEVELOPER_DIR; };
		45DA2332187E7BA700599FAC /* Shanty Mac OS X Tests-Info.plist */ = {isa = PBXFileReference; lastKnownFileType = text.plist.xml; path = "Shanty Mac OS X Tests-Info.plist"; sourceTree = "<group>"; };
		45DA2334187E7BA700599FAC /* en */ = {isa = PBXFileReference; lastKnownFileType = text.plist.strings; name = en; path = en.lproj/InfoPlist.strings; sourceTree = "<group>"; };
		45DA2336187E7BA700599FAC /* Shanty_Mac_OS_X_Tests.m */ = {isa = PBXFileReference; lastKnownFileType = sourcecode.c.objc; path = Shanty_Mac_OS_X_Tests.m; sourceTree = "<group>"; };
		45DA2338187E7BA700599FAC /* Shanty Mac OS X Tests-Prefix.pch */ = {isa = PBXFileReference; lastKnownFileType = sourcecode.c.h; path = "Shanty Mac OS X Tests-Prefix.pch"; sourceTree = "<group>"; };
		45FF044119D35C9000CED777 /* NSNetService+STYUserInfo.h */ = {isa = PBXFileReference; fileEncoding = 4; lastKnownFileType = sourcecode.c.h; path = "NSNetService+STYUserInfo.h"; sourceTree = "<group>"; };
		45FF044219D35C9000CED777 /* NSNetService+STYUserInfo.m */ = {isa = PBXFileReference; fileEncoding = 4; lastKnownFileType = sourcecode.c.objc; path = "NSNetService+STYUserInfo.m"; sourceTree = "<group>"; };
		45FF044319D35C9000CED777 /* Shanty.h */ = {isa = PBXFileReference; fileEncoding = 4; lastKnownFileType = sourcecode.c.h; path = Shanty.h; sourceTree = "<group>"; };
		45FF044419D35C9000CED777 /* STYAddress.h */ = {isa = PBXFileReference; fileEncoding = 4; lastKnownFileType = sourcecode.c.h; path = STYAddress.h; sourceTree = "<group>"; };
		45FF044519D35C9000CED777 /* STYAddress.m */ = {isa = PBXFileReference; fileEncoding = 4; lastKnownFileType = sourcecode.c.objc; path = STYAddress.m; sourceTree = "<group>"; };
		45FF044619D35C9000CED777 /* STYClientPeer.h */ = {isa = PBXFileReference; fileEncoding = 4; lastKnownFileType = sourcecode.c.h; path = STYClientPeer.h; sourceTree = "<group>"; };
		45FF044719D35C9000CED777 /* STYClientPeer.m */ = {isa = PBXFileReference; fileEncoding = 4; lastKnownFileType = sourcecode.c.objc; path = STYClientPeer.m; sourceTree = "<group>"; };
		45FF044819D35C9000CED777 /* STYCompletionBlocks.h */ = {isa = PBXFileReference; fileEncoding = 4; lastKnownFileType = sourcecode.c.h; path = STYCompletionBlocks.h; sourceTree = "<group>"; };
		45FF044919D35C9000CED777 /* STYConstants.h */ = {isa = PBXFileReference; fileEncoding = 4; lastKnownFileType = sourcecode.c.h; path = STYConstants.h; sourceTree = "<group>"; };
		45FF044A19D35C9000CED777 /* STYConstants.m */ = {isa = PBXFileReference; fileEncoding = 4; lastKnownFileType = sourcecode.c.objc; path = STYConstants.m; sourceTree = "<group>"; };
		45FF044B19D35C9000CED777 /* STYDataScanner+Message.h */ = {isa = PBXFileReference; fileEncoding = 4; lastKnownFileType = sourcecode.c.h; path = "STYDataScanner+Message.h"; sourceTree = "<group>"; };
		45FF044C19D35C9000CED777 /* STYDataScanner+Message.m */ = {isa = PBXFileReference; fileEncoding = 4; lastKnownFileType = sourcecode.c.objc; path = "STYDataScanner+Message.m"; sourceTree = "<group>"; };
		45FF044D19D35C9000CED777 /* STYDataScanner.h */ = {isa = PBXFileReference; fileEncoding = 4; lastKnownFileType = sourcecode.c.h; path = STYDataScanner.h; sourceTree = "<group>"; };
		45FF044E19D35C9000CED777 /* STYDataScanner.m */ = {isa = PBXFileReference; fileEncoding = 4; lastKnownFileType = sourcecode.c.objc; path = STYDataScanner.m; sourceTree = "<group>"; };
		45FF044F19D35C9000CED777 /* STYListener.h */ = {isa = PBXFileReference; fileEncoding = 4; lastKnownFileType = sourcecode.c.h; path = STYListener.h; sourceTree = "<group>"; };
		45FF045019D35C9000CED777 /* STYListener.m */ = {isa = PBXFileReference; fileEncoding = 4; lastKnownFileType = sourcecode.c.objc; path = STYListener.m; sourceTree = "<group>"; };
		45FF045119D35C9000CED777 /* STYLogger.h */ = {isa = PBXFileReference; fileEncoding = 4; lastKnownFileType = sourcecode.c.h; path = STYLogger.h; sourceTree = "<group>"; };
		45FF045219D35C9000CED777 /* STYLogger.m */ = {isa = PBXFileReference; fileEncoding = 4; lastKnownFileType = sourcecode.c.objc; path = STYLogger.m; sourceTree = "<group>"; };
		45FF045319D35C9000CED777 /* STYMessage.h */ = {isa = PBXFileReference; fileEncoding = 4; lastKnownFileType = sourcecode.c.h; path = STYMessage.h; sourceTree = "<group>"; };
		45FF045419D35C9000CED777 /* STYMessage.m */ = {isa = PBXFileReference; fileEncoding = 4; lastKnownFileType = sourcecode.c.objc; path = STYMessage.m; sourceTree = "<group>"; };
		45FF045519D35C9000CED777 /* STYMessageHandler.h */ = {isa = PBXFileReference; fileEncoding = 4; lastKnownFileType = sourcecode.c.h; path = STYMessageHandler.h; sourceTree = "<group>"; };
		45FF045619D35C9000CED777 /* STYMessageHandler.m */ = {isa = PBXFileReference; fileEncoding = 4; lastKnownFileType = sourcecode.c.objc; path = STYMessageHandler.m; sourceTree = "<group>"; };
		45FF045719D35C9000CED777 /* STYPeer.h */ = {isa = PBXFileReference; fileEncoding = 4; lastKnownFileType = sourcecode.c.h; path = STYPeer.h; sourceTree = "<group>"; };
		45FF045819D35C9000CED777 /* STYPeer.m */ = {isa = PBXFileReference; fileEncoding = 4; lastKnownFileType = sourcecode.c.objc; path = STYPeer.m; sourceTree = "<group>"; };
		45FF045919D35C9000CED777 /* STYServerPeer.h */ = {isa = PBXFileReference; fileEncoding = 4; lastKnownFileType = sourcecode.c.h; path = STYServerPeer.h; sourceTree = "<group>"; };
		45FF045A19D35C9000CED777 /* STYServerPeer.m */ = {isa = PBXFileReference; fileEncoding = 4; lastKnownFileType = sourcecode.c.objc; path = STYServerPeer.m; sourceTree = "<group>"; };
		45FF045B19D35C9000CED777 /* STYServiceDiscoverer.h */ = {isa = PBXFileReference; fileEncoding = 4; lastKnownFileType = sourcecode.c.h; path = STYServiceDiscoverer.h; sourceTree = "<group>"; };
		45FF045C19D35C9000CED777 /* STYServiceDiscoverer.m */ = {isa = PBXFileReference; fileEncoding = 4; lastKnownFileType = sourcecode.c.objc; path = STYServiceDiscoverer.m; sourceTree = "<group>"; };
		45FF045D19D35C9000CED777 /* STYServicePublisher.h */ = {isa = PBXFileReference; fileEncoding = 4; lastKnownFileType = sourcecode.c.h; path = STYServicePublisher.h; sourceTree = "<group>"; };
		45FF045E19D35C9000CED777 /* STYServicePublisher.m */ = {isa = PBXFileReference; fileEncoding = 4; lastKnownFileType = sourcecode.c.objc; path = STYServicePublisher.m; sourceTree = "<group>"; };
		45FF045F19D35C9000CED777 /* STYSocket.h */ = {isa = PBXFileReference; fileEncoding = 4; lastKnownFileType = sourcecode.c.h; path = STYSocket.h; sourceTree = "<group>"; };
		45FF046019D35C9000CED777 /* STYSocket.m */ = {isa = PBXFileReference; fileEncoding = 4; lastKnownFileType = sourcecode.c.objc; path = STYSocket.m; sourceTree = "<group>"; };
		45FF046119D35C9000CED777 /* STYTransport.h */ = {isa = PBXFileReference; fileEncoding = 4; lastKnownFileType = sourcecode.c.h; path = STYTransport.h; sourceTree = "<group>"; };
		45FF046219D35C9000CED777 /* STYTransport.m */ = {isa = PBXFileReference; fileEncoding = 4; lastKnownFileType = sourcecode.c.objc; path = STYTransport.m; sourceTree = "<group>"; };
		45FF04B519D35CD100CED777 /* en */ = {isa = PBXFileReference; lastKnownFileType = text.plist.strings; name = en; path = en.lproj/InfoPlist.strings; sourceTree = "<group>"; };
		45FF04B619D35CD100CED777 /* Info.plist */ = {isa = PBXFileReference; lastKnownFileType = text.plist.xml; path = Info.plist; sourceTree = "<group>"; };
		45FF04B719D35CD100CED777 /* Prefix.pch */ = {isa = PBXFileReference; lastKnownFileType = sourcecode.c.h; path = Prefix.pch; sourceTree = "<group>"; };
/* End PBXFileReference section */

/* Begin PBXFrameworksBuildPhase section */
		4518E308185F90BA00B1B1D9 /* Frameworks */ = {
			isa = PBXFrameworksBuildPhase;
			buildActionMask = 2147483647;
			files = (
			);
			runOnlyForDeploymentPostprocessing = 0;
		};
		4538AEAB185F851A003DF921 /* Frameworks */ = {
			isa = PBXFrameworksBuildPhase;
			buildActionMask = 2147483647;
			files = (
			);
			runOnlyForDeploymentPostprocessing = 0;
		};
		45D5D62419D382DC00A76535 /* Frameworks */ = {
			isa = PBXFrameworksBuildPhase;
			buildActionMask = 2147483647;
			files = (
			);
			runOnlyForDeploymentPostprocessing = 0;
		};
		45DA2329187E7BA700599FAC /* Frameworks */ = {
			isa = PBXFrameworksBuildPhase;
			buildActionMask = 2147483647;
			files = (
				45DA232F187E7BA700599FAC /* XCTest.framework in Frameworks */,
			);
			runOnlyForDeploymentPostprocessing = 0;
		};
/* End PBXFrameworksBuildPhase section */

/* Begin PBXGroup section */
		4538AEA5185F851A003DF921 = {
			isa = PBXGroup;
			children = (
				4538AEB3185F851A003DF921 /* Shanty */,
				45FF04B319D35CD100CED777 /* Supporting Files */,
				45DA2330187E7BA700599FAC /* Shanty Mac OS X Tests */,
				45C73063191AD9CD006254B2 /* SimpleTest */,
				45DA232D187E7BA700599FAC /* Frameworks */,
				4538AEAF185F851A003DF921 /* Products */,
			);
			sourceTree = "<group>";
		};
		4538AEAF185F851A003DF921 /* Products */ = {
			isa = PBXGroup;
			children = (
				4538AEAE185F851A003DF921 /* libShanty Static Library.a */,
				4518E30C185F90BA00B1B1D9 /* Shanty.framework */,
				45DA232C187E7BA700599FAC /* Shanty Mac OS X Tests.xctest */,
				45D5D62819D382DC00A76535 /* Shanty.framework */,
			);
			name = Products;
			sourceTree = "<group>";
		};
		4538AEB3185F851A003DF921 /* Shanty */ = {
			isa = PBXGroup;
			children = (
				45FF044019D35C9000CED777 /* Source */,
			);
			path = Shanty;
			sourceTree = "<group>";
		};
		45C73063191AD9CD006254B2 /* SimpleTest */ = {
			isa = PBXGroup;
			children = (
				45C73064191AD9CD006254B2 /* main.m */,
				45C73066191AD9CD006254B2 /* Supporting Files */,
			);
			path = SimpleTest;
			sourceTree = "<group>";
		};
		45C73066191AD9CD006254B2 /* Supporting Files */ = {
			isa = PBXGroup;
			children = (
				45C73067191AD9CD006254B2 /* SimpleTest-Prefix.pch */,
			);
			name = "Supporting Files";
			sourceTree = "<group>";
		};
		45D5D67119D38DB000A76535 /* UI */ = {
			isa = PBXGroup;
			children = (
				45D5D67219D38DB000A76535 /* STYPeerBrowserViewController.h */,
				45D5D67319D38DB000A76535 /* STYPeerBrowserViewController.m */,
				45D5D67419D38DB000A76535 /* STYPeerBrowserViewController.xib */,
			);
			path = UI;
			sourceTree = "<group>";
		};
		45DA232D187E7BA700599FAC /* Frameworks */ = {
			isa = PBXGroup;
			children = (
				45DA232E187E7BA700599FAC /* XCTest.framework */,
				45C73061191AD9CD006254B2 /* Foundation.framework */,
			);
			name = Frameworks;
			sourceTree = "<group>";
		};
		45DA2330187E7BA700599FAC /* Shanty Mac OS X Tests */ = {
			isa = PBXGroup;
			children = (
				45DA2336187E7BA700599FAC /* Shanty_Mac_OS_X_Tests.m */,
				45DA2331187E7BA700599FAC /* Supporting Files */,
			);
			path = "Shanty Mac OS X Tests";
			sourceTree = "<group>";
		};
		45DA2331187E7BA700599FAC /* Supporting Files */ = {
			isa = PBXGroup;
			children = (
				45DA2332187E7BA700599FAC /* Shanty Mac OS X Tests-Info.plist */,
				45DA2333187E7BA700599FAC /* InfoPlist.strings */,
				45DA2338187E7BA700599FAC /* Shanty Mac OS X Tests-Prefix.pch */,
			);
			name = "Supporting Files";
			sourceTree = "<group>";
		};
		45FF044019D35C9000CED777 /* Source */ = {
			isa = PBXGroup;
			children = (
				45FF044119D35C9000CED777 /* NSNetService+STYUserInfo.h */,
				45FF044219D35C9000CED777 /* NSNetService+STYUserInfo.m */,
				45FF044319D35C9000CED777 /* Shanty.h */,
				45FF044419D35C9000CED777 /* STYAddress.h */,
				45FF044519D35C9000CED777 /* STYAddress.m */,
				45FF044619D35C9000CED777 /* STYClientPeer.h */,
				45FF044719D35C9000CED777 /* STYClientPeer.m */,
				45FF044819D35C9000CED777 /* STYCompletionBlocks.h */,
				45FF044919D35C9000CED777 /* STYConstants.h */,
				45FF044A19D35C9000CED777 /* STYConstants.m */,
				45FF044B19D35C9000CED777 /* STYDataScanner+Message.h */,
				45FF044C19D35C9000CED777 /* STYDataScanner+Message.m */,
				45FF044D19D35C9000CED777 /* STYDataScanner.h */,
				45FF044E19D35C9000CED777 /* STYDataScanner.m */,
				45FF044F19D35C9000CED777 /* STYListener.h */,
				45FF045019D35C9000CED777 /* STYListener.m */,
				45FF045119D35C9000CED777 /* STYLogger.h */,
				45FF045219D35C9000CED777 /* STYLogger.m */,
				45FF045319D35C9000CED777 /* STYMessage.h */,
				45FF045419D35C9000CED777 /* STYMessage.m */,
				45FF045519D35C9000CED777 /* STYMessageHandler.h */,
				45FF045619D35C9000CED777 /* STYMessageHandler.m */,
				45FF045719D35C9000CED777 /* STYPeer.h */,
				45FF045819D35C9000CED777 /* STYPeer.m */,
				45FF045919D35C9000CED777 /* STYServerPeer.h */,
				45FF045A19D35C9000CED777 /* STYServerPeer.m */,
				45FF045B19D35C9000CED777 /* STYServiceDiscoverer.h */,
				45FF045C19D35C9000CED777 /* STYServiceDiscoverer.m */,
				45FF045D19D35C9000CED777 /* STYServicePublisher.h */,
				45FF045E19D35C9000CED777 /* STYServicePublisher.m */,
				45FF045F19D35C9000CED777 /* STYSocket.h */,
				45FF046019D35C9000CED777 /* STYSocket.m */,
				45FF046119D35C9000CED777 /* STYTransport.h */,
				45FF046219D35C9000CED777 /* STYTransport.m */,
				45D5D67119D38DB000A76535 /* UI */,
			);
			path = Source;
			sourceTree = SOURCE_ROOT;
		};
		45FF04B319D35CD100CED777 /* Supporting Files */ = {
			isa = PBXGroup;
			children = (
				45FF04B419D35CD100CED777 /* InfoPlist.strings */,
				45FF04B619D35CD100CED777 /* Info.plist */,
				45FF04B719D35CD100CED777 /* Prefix.pch */,
			);
			path = "Supporting Files";
			sourceTree = "<group>";
		};
/* End PBXGroup section */

/* Begin PBXHeadersBuildPhase section */
		4518E309185F90BA00B1B1D9 /* Headers */ = {
			isa = PBXHeadersBuildPhase;
			buildActionMask = 2147483647;
			files = (
				45FF049419D35C9000CED777 /* STYPeer.h in Headers */,
				45FF047619D35C9000CED777 /* STYCompletionBlocks.h in Headers */,
				45FF048C19D35C9000CED777 /* STYMessage.h in Headers */,
				45FF048419D35C9000CED777 /* STYListener.h in Headers */,
				45FF047C19D35C9000CED777 /* STYDataScanner+Message.h in Headers */,
				45FF04A819D35C9000CED777 /* STYTransport.h in Headers */,
				45FF048019D35C9000CED777 /* STYDataScanner.h in Headers */,
				45FF049819D35C9000CED777 /* STYServerPeer.h in Headers */,
				45FF047819D35C9000CED777 /* STYConstants.h in Headers */,
				45FF048819D35C9000CED777 /* STYLogger.h in Headers */,
				45FF047219D35C9000CED777 /* STYClientPeer.h in Headers */,
				45D5D67519D38DB000A76535 /* STYPeerBrowserViewController.h in Headers */,
				45FF04A019D35C9000CED777 /* STYServicePublisher.h in Headers */,
				45FF049019D35C9000CED777 /* STYMessageHandler.h in Headers */,
				45FF046E19D35C9000CED777 /* STYAddress.h in Headers */,
				45FF049C19D35C9000CED777 /* STYServiceDiscoverer.h in Headers */,
				45FF046819D35C9000CED777 /* NSNetService+STYUserInfo.h in Headers */,
				45FF04A419D35C9000CED777 /* STYSocket.h in Headers */,
				45FF046C19D35C9000CED777 /* Shanty.h in Headers */,
			);
			runOnlyForDeploymentPostprocessing = 0;
		};
		4538AEFB185F88C4003DF921 /* Headers */ = {
			isa = PBXHeadersBuildPhase;
			buildActionMask = 2147483647;
			files = (
				45FF049319D35C9000CED777 /* STYPeer.h in Headers */,
				45FF047519D35C9000CED777 /* STYCompletionBlocks.h in Headers */,
				45FF048B19D35C9000CED777 /* STYMessage.h in Headers */,
				45FF048319D35C9000CED777 /* STYListener.h in Headers */,
				45FF047B19D35C9000CED777 /* STYDataScanner+Message.h in Headers */,
				45FF04A719D35C9000CED777 /* STYTransport.h in Headers */,
				45FF047F19D35C9000CED777 /* STYDataScanner.h in Headers */,
				45FF049719D35C9000CED777 /* STYServerPeer.h in Headers */,
				45FF047719D35C9000CED777 /* STYConstants.h in Headers */,
				45FF048719D35C9000CED777 /* STYLogger.h in Headers */,
				45FF047119D35C9000CED777 /* STYClientPeer.h in Headers */,
				45FF049F19D35C9000CED777 /* STYServicePublisher.h in Headers */,
				45FF048F19D35C9000CED777 /* STYMessageHandler.h in Headers */,
				45FF046D19D35C9000CED777 /* STYAddress.h in Headers */,
				45FF049B19D35C9000CED777 /* STYServiceDiscoverer.h in Headers */,
				45FF046719D35C9000CED777 /* NSNetService+STYUserInfo.h in Headers */,
				45FF04A319D35C9000CED777 /* STYSocket.h in Headers */,
				45FF046B19D35C9000CED777 /* Shanty.h in Headers */,
			);
			runOnlyForDeploymentPostprocessing = 0;
		};
		45D5D62519D382DC00A76535 /* Headers */ = {
			isa = PBXHeadersBuildPhase;
			buildActionMask = 2147483647;
			files = (
				45D5D66D19D3863100A76535 /* NSNetService+STYUserInfo.h in Headers */,
				45D5D64219D383B000A76535 /* Shanty.h in Headers */,
				45D5D64319D383B000A76535 /* STYAddress.h in Headers */,
				45D5D64419D383B000A76535 /* STYClientPeer.h in Headers */,
				45D5D64519D383B000A76535 /* STYCompletionBlocks.h in Headers */,
				45D5D64619D383B000A76535 /* STYConstants.h in Headers */,
				45D5D64719D383B000A76535 /* STYDataScanner+Message.h in Headers */,
				45D5D64819D383B000A76535 /* STYDataScanner.h in Headers */,
				45D5D64919D383B000A76535 /* STYListener.h in Headers */,
				45D5D64A19D383B000A76535 /* STYLogger.h in Headers */,
				45D5D64B19D383B000A76535 /* STYMessage.h in Headers */,
				45D5D64C19D383B000A76535 /* STYMessageHandler.h in Headers */,
				45D5D64D19D383B000A76535 /* STYPeer.h in Headers */,
				45D5D64E19D383B000A76535 /* STYServerPeer.h in Headers */,
				45D5D64F19D383B000A76535 /* STYServiceDiscoverer.h in Headers */,
				45D5D65019D383B000A76535 /* STYServicePublisher.h in Headers */,
				45D5D65119D383B000A76535 /* STYSocket.h in Headers */,
				45D5D65219D383B000A76535 /* STYTransport.h in Headers */,
			);
			runOnlyForDeploymentPostprocessing = 0;
		};
/* End PBXHeadersBuildPhase section */

/* Begin PBXNativeTarget section */
		4518E30B185F90BA00B1B1D9 /* Shanty OSX Framework */ = {
			isa = PBXNativeTarget;
			buildConfigurationList = 4518E334185F90BA00B1B1D9 /* Build configuration list for PBXNativeTarget "Shanty OSX Framework" */;
			buildPhases = (
				4518E307185F90BA00B1B1D9 /* Sources */,
				4518E308185F90BA00B1B1D9 /* Frameworks */,
				4518E309185F90BA00B1B1D9 /* Headers */,
				4518E30A185F90BA00B1B1D9 /* Resources */,
			);
			buildRules = (
			);
			dependencies = (
			);
			name = "Shanty OSX Framework";
			productName = "Mac OS X Framework";
			productReference = 4518E30C185F90BA00B1B1D9 /* Shanty.framework */;
			productType = "com.apple.product-type.framework";
		};
		4538AEAD185F851A003DF921 /* Shanty Static Library */ = {
			isa = PBXNativeTarget;
			buildConfigurationList = 4538AED1185F851B003DF921 /* Build configuration list for PBXNativeTarget "Shanty Static Library" */;
			buildPhases = (
				4538AEAA185F851A003DF921 /* Sources */,
				4538AEAB185F851A003DF921 /* Frameworks */,
				4538AEAC185F851A003DF921 /* CopyFiles */,
				4538AEFB185F88C4003DF921 /* Headers */,
				4538AF09185F8A9D003DF921 /* Run Script */,
			);
			buildRules = (
			);
			dependencies = (
			);
			name = "Shanty Static Library";
			productName = Shanty;
			productReference = 4538AEAE185F851A003DF921 /* libShanty Static Library.a */;
			productType = "com.apple.product-type.library.static";
		};
		45D5D62719D382DC00A76535 /* Shanty iOS Framework */ = {
			isa = PBXNativeTarget;
			buildConfigurationList = 45D5D63B19D382DC00A76535 /* Build configuration list for PBXNativeTarget "Shanty iOS Framework" */;
			buildPhases = (
				45D5D62319D382DC00A76535 /* Sources */,
				45D5D62419D382DC00A76535 /* Frameworks */,
				45D5D62519D382DC00A76535 /* Headers */,
				45D5D62619D382DC00A76535 /* Resources */,
			);
			buildRules = (
			);
			dependencies = (
			);
			name = "Shanty iOS Framework";
			productName = "Shanty iOS Framework";
			productReference = 45D5D62819D382DC00A76535 /* Shanty.framework */;
			productType = "com.apple.product-type.framework";
		};
		45DA232B187E7BA700599FAC /* Shanty Mac OS X Tests */ = {
			isa = PBXNativeTarget;
			buildConfigurationList = 45DA233D187E7BA700599FAC /* Build configuration list for PBXNativeTarget "Shanty Mac OS X Tests" */;
			buildPhases = (
				45DA2328187E7BA700599FAC /* Sources */,
				45DA2329187E7BA700599FAC /* Frameworks */,
				45DA232A187E7BA700599FAC /* Resources */,
			);
			buildRules = (
			);
			dependencies = (
				45DA233A187E7BA700599FAC /* PBXTargetDependency */,
			);
			name = "Shanty Mac OS X Tests";
			productName = "Shanty Mac OS X Tests";
			productReference = 45DA232C187E7BA700599FAC /* Shanty Mac OS X Tests.xctest */;
			productType = "com.apple.product-type.bundle.unit-test";
		};
/* End PBXNativeTarget section */

/* Begin PBXProject section */
		4538AEA6185F851A003DF921 /* Project object */ = {
			isa = PBXProject;
			attributes = {
				LastUpgradeCheck = 0610;
				ORGANIZATIONNAME = schwa.io;
				TargetAttributes = {
					45D5D62719D382DC00A76535 = {
						CreatedOnToolsVersion = 6.1;
					};
					45DA232B187E7BA700599FAC = {
						TestTargetID = 4518E30B185F90BA00B1B1D9;
					};
				};
			};
			buildConfigurationList = 4538AEA9185F851A003DF921 /* Build configuration list for PBXProject "shanty" */;
			compatibilityVersion = "Xcode 3.2";
			developmentRegion = English;
			hasScannedForEncodings = 0;
			knownRegions = (
				en,
			);
			mainGroup = 4538AEA5185F851A003DF921;
			productRefGroup = 4538AEAF185F851A003DF921 /* Products */;
			projectDirPath = "";
			projectRoot = "";
			targets = (
				4538AEAD185F851A003DF921 /* Shanty Static Library */,
				45E6A596185F8F2000F87958 /* Shanty Static iOS Framework */,
				4518E30B185F90BA00B1B1D9 /* Shanty OSX Framework */,
				45D5D62719D382DC00A76535 /* Shanty iOS Framework */,
				45DA232B187E7BA700599FAC /* Shanty Mac OS X Tests */,
			);
		};
/* End PBXProject section */

/* Begin PBXResourcesBuildPhase section */
		4518E30A185F90BA00B1B1D9 /* Resources */ = {
			isa = PBXResourcesBuildPhase;
			buildActionMask = 2147483647;
			files = (
				45D5D67719D38DB000A76535 /* STYPeerBrowserViewController.xib in Resources */,
				45FF04B819D35CD900CED777 /* InfoPlist.strings in Resources */,
			);
			runOnlyForDeploymentPostprocessing = 0;
		};
		45D5D62619D382DC00A76535 /* Resources */ = {
			isa = PBXResourcesBuildPhase;
			buildActionMask = 2147483647;
			files = (
			);
			runOnlyForDeploymentPostprocessing = 0;
		};
		45DA232A187E7BA700599FAC /* Resources */ = {
			isa = PBXResourcesBuildPhase;
			buildActionMask = 2147483647;
			files = (
				45DA2335187E7BA700599FAC /* InfoPlist.strings in Resources */,
			);
			runOnlyForDeploymentPostprocessing = 0;
		};
/* End PBXResourcesBuildPhase section */

/* Begin PBXShellScriptBuildPhase section */
		4538AF09185F8A9D003DF921 /* Run Script */ = {
			isa = PBXShellScriptBuildPhase;
			buildActionMask = 2147483647;
			files = (
			);
			inputPaths = (
			);
			name = "Run Script";
			outputPaths = (
			);
			runOnlyForDeploymentPostprocessing = 0;
			shellPath = /bin/sh;
			shellScript = "set -e\n\nmkdir -p \"${BUILT_PRODUCTS_DIR}/${PRODUCT_NAME}.framework/Versions/A/Headers\"\n\n# Link the \"Current\" version to \"A\"\n/bin/ln -sfh A \"${BUILT_PRODUCTS_DIR}/${PRODUCT_NAME}.framework/Versions/Current\"\n/bin/ln -sfh Versions/Current/Headers \"${BUILT_PRODUCTS_DIR}/${PRODUCT_NAME}.framework/Headers\"\n/bin/ln -sfh \"Versions/Current/${PRODUCT_NAME}\" \"${BUILT_PRODUCTS_DIR}/${PRODUCT_NAME}.framework/${PRODUCT_NAME}\"\n\n# The -a ensures that the headers maintain the source modification date so that we don't constantly\n# cause propagating rebuilds of files that import these headers.\n/bin/cp -a \"${TARGET_BUILD_DIR}/${PUBLIC_HEADERS_FOLDER_PATH}/\" \"${BUILT_PRODUCTS_DIR}/${PRODUCT_NAME}.framework/Versions/A/Headers\"";
		};
		45E6A59C185F8F4300F87958 /* ShellScript */ = {
			isa = PBXShellScriptBuildPhase;
			buildActionMask = 2147483647;
			files = (
			);
			inputPaths = (
			);
			outputPaths = (
			);
			runOnlyForDeploymentPostprocessing = 0;
			shellPath = /bin/sh;
			shellScript = "set -e\nset +u\n# Avoid recursively calling this script.\nif [[ $SF_MASTER_SCRIPT_RUNNING ]]\nthen\n    exit 0\nfi\nset -u\nexport SF_MASTER_SCRIPT_RUNNING=1\n\nSF_TARGET_NAME=${PROJECT_NAME}\nSF_EXECUTABLE_PATH=\"lib${SF_TARGET_NAME}.a\"\nSF_WRAPPER_NAME=\"${SF_TARGET_NAME}.framework\"\n\n# The following conditionals come from\n# https://github.com/kstenerud/iOS-Universal-Framework\n\nif [[ \"$SDK_NAME\" =~ ([A-Za-z]+) ]]\nthen\n    SF_SDK_PLATFORM=${BASH_REMATCH[1]}\nelse\n    echo \"Could not find platform name from SDK_NAME: $SDK_NAME\"\n    exit 1\nfi\n\nif [[ \"$SDK_NAME\" =~ ([0-9]+.*$) ]]\nthen\n    SF_SDK_VERSION=${BASH_REMATCH[1]}\nelse\n    echo \"Could not find sdk version from SDK_NAME: $SDK_NAME\"\n    exit 1\nfi\n\nif [[ \"$SF_SDK_PLATFORM\" = \"iphoneos\" ]]\nthen\n    SF_OTHER_PLATFORM=iphonesimulator\nelse\n    SF_OTHER_PLATFORM=iphoneos\nfi\n\nif [[ \"$BUILT_PRODUCTS_DIR\" =~ (.*)$SF_SDK_PLATFORM$ ]]\nthen\n    SF_OTHER_BUILT_PRODUCTS_DIR=\"${BASH_REMATCH[1]}${SF_OTHER_PLATFORM}\"\nelse\n    echo \"Could not find platform name from build products directory: $BUILT_PRODUCTS_DIR\"\n    exit 1\nfi\n\n# Build the other platform.\nxcodebuild -project \"${PROJECT_FILE_PATH}\" -target \"${TARGET_NAME}\" -configuration \"${CONFIGURATION}\" -sdk ${SF_OTHER_PLATFORM}${SF_SDK_VERSION} BUILD_DIR=\"${BUILD_DIR}\" OBJROOT=\"${OBJROOT}\" BUILD_ROOT=\"${BUILD_ROOT}\" SYMROOT=\"${SYMROOT}\" $ACTION\n\n# Smash the two static libraries into one fat binary and store it in the .framework\nlipo -create \"${BUILT_PRODUCTS_DIR}/${SF_EXECUTABLE_PATH}\" \"${SF_OTHER_BUILT_PRODUCTS_DIR}/${SF_EXECUTABLE_PATH}\" -output \"${BUILT_PRODUCTS_DIR}/${SF_WRAPPER_NAME}/Versions/A/${SF_TARGET_NAME}\"\n\n# Copy the binary to the other architecture folder to have a complete framework in both.\ncp -a \"${BUILT_PRODUCTS_DIR}/${SF_WRAPPER_NAME}/Versions/A/${SF_TARGET_NAME}\" \"${SF_OTHER_BUILT_PRODUCTS_DIR}/${SF_WRAPPER_NAME}/Versions/A/${SF_TARGET_NAME}\"\n";
		};
/* End PBXShellScriptBuildPhase section */

/* Begin PBXSourcesBuildPhase section */
		4518E307185F90BA00B1B1D9 /* Sources */ = {
			isa = PBXSourcesBuildPhase;
			buildActionMask = 2147483647;
			files = (
				45FF046A19D35C9000CED777 /* NSNetService+STYUserInfo.m in Sources */,
				45FF049A19D35C9000CED777 /* STYServerPeer.m in Sources */,
				45FF047E19D35C9000CED777 /* STYDataScanner+Message.m in Sources */,
				45FF047019D35C9000CED777 /* STYAddress.m in Sources */,
				45FF049219D35C9000CED777 /* STYMessageHandler.m in Sources */,
				45FF04A619D35C9000CED777 /* STYSocket.m in Sources */,
				45FF04AA19D35C9000CED777 /* STYTransport.m in Sources */,
				45FF047A19D35C9000CED777 /* STYConstants.m in Sources */,
				45FF047419D35C9000CED777 /* STYClientPeer.m in Sources */,
				45FF048619D35C9000CED777 /* STYListener.m in Sources */,
				45D5D67619D38DB000A76535 /* STYPeerBrowserViewController.m in Sources */,
				45FF048E19D35C9000CED777 /* STYMessage.m in Sources */,
				45FF049E19D35C9000CED777 /* STYServiceDiscoverer.m in Sources */,
				45FF048A19D35C9000CED777 /* STYLogger.m in Sources */,
				45FF049619D35C9000CED777 /* STYPeer.m in Sources */,
				45FF048219D35C9000CED777 /* STYDataScanner.m in Sources */,
				45FF04A219D35C9000CED777 /* STYServicePublisher.m in Sources */,
			);
			runOnlyForDeploymentPostprocessing = 0;
		};
		4538AEAA185F851A003DF921 /* Sources */ = {
			isa = PBXSourcesBuildPhase;
			buildActionMask = 2147483647;
			files = (
				45FF046919D35C9000CED777 /* NSNetService+STYUserInfo.m in Sources */,
				45FF049919D35C9000CED777 /* STYServerPeer.m in Sources */,
				45FF047D19D35C9000CED777 /* STYDataScanner+Message.m in Sources */,
				45FF046F19D35C9000CED777 /* STYAddress.m in Sources */,
				45FF049119D35C9000CED777 /* STYMessageHandler.m in Sources */,
				45FF04A519D35C9000CED777 /* STYSocket.m in Sources */,
				45FF04A919D35C9000CED777 /* STYTransport.m in Sources */,
				45FF047919D35C9000CED777 /* STYConstants.m in Sources */,
				45FF047319D35C9000CED777 /* STYClientPeer.m in Sources */,
				45FF048519D35C9000CED777 /* STYListener.m in Sources */,
				45FF048D19D35C9000CED777 /* STYMessage.m in Sources */,
				45FF049D19D35C9000CED777 /* STYServiceDiscoverer.m in Sources */,
				45FF048919D35C9000CED777 /* STYLogger.m in Sources */,
				45FF049519D35C9000CED777 /* STYPeer.m in Sources */,
				45FF048119D35C9000CED777 /* STYDataScanner.m in Sources */,
				45FF04A119D35C9000CED777 /* STYServicePublisher.m in Sources */,
			);
			runOnlyForDeploymentPostprocessing = 0;
		};
		45D5D62319D382DC00A76535 /* Sources */ = {
			isa = PBXSourcesBuildPhase;
			buildActionMask = 2147483647;
			files = (
				45D5D66F19D3873400A76535 /* NSNetService+STYUserInfo.m in Sources */,
				45D5D65319D3842500A76535 /* STYAddress.m in Sources */,
				45D5D65419D3842500A76535 /* STYClientPeer.m in Sources */,
				45D5D65519D3842500A76535 /* STYConstants.m in Sources */,
				45D5D65619D3842500A76535 /* STYDataScanner+Message.m in Sources */,
				45D5D65719D3842500A76535 /* STYDataScanner.m in Sources */,
				45D5D65819D3842500A76535 /* STYListener.m in Sources */,
				45D5D65919D3842500A76535 /* STYLogger.m in Sources */,
				45D5D65A19D3842500A76535 /* STYMessage.m in Sources */,
				45D5D65B19D3842500A76535 /* STYMessageHandler.m in Sources */,
				45D5D65C19D3842500A76535 /* STYPeer.m in Sources */,
				45D5D65D19D3842500A76535 /* STYServerPeer.m in Sources */,
				45D5D65E19D3842500A76535 /* STYServiceDiscoverer.m in Sources */,
				45D5D65F19D3842500A76535 /* STYServicePublisher.m in Sources */,
				45D5D66019D3842500A76535 /* STYSocket.m in Sources */,
				45D5D66119D3842500A76535 /* STYTransport.m in Sources */,
			);
			runOnlyForDeploymentPostprocessing = 0;
		};
		45DA2328187E7BA700599FAC /* Sources */ = {
			isa = PBXSourcesBuildPhase;
			buildActionMask = 2147483647;
			files = (
				45DA2337187E7BA700599FAC /* Shanty_Mac_OS_X_Tests.m in Sources */,
			);
			runOnlyForDeploymentPostprocessing = 0;
		};
/* End PBXSourcesBuildPhase section */

/* Begin PBXTargetDependency section */
		45DA233A187E7BA700599FAC /* PBXTargetDependency */ = {
			isa = PBXTargetDependency;
			target = 4518E30B185F90BA00B1B1D9 /* Shanty OSX Framework */;
			targetProxy = 45DA2339187E7BA700599FAC /* PBXContainerItemProxy */;
		};
		45E6A59B185F8F2A00F87958 /* PBXTargetDependency */ = {
			isa = PBXTargetDependency;
			target = 4538AEAD185F851A003DF921 /* Shanty Static Library */;
			targetProxy = 45E6A59A185F8F2A00F87958 /* PBXContainerItemProxy */;
		};
/* End PBXTargetDependency section */

/* Begin PBXVariantGroup section */
		45DA2333187E7BA700599FAC /* InfoPlist.strings */ = {
			isa = PBXVariantGroup;
			children = (
				45DA2334187E7BA700599FAC /* en */,
			);
			name = InfoPlist.strings;
			sourceTree = "<group>";
		};
		45FF04B419D35CD100CED777 /* InfoPlist.strings */ = {
			isa = PBXVariantGroup;
			children = (
				45FF04B519D35CD100CED777 /* en */,
			);
			name = InfoPlist.strings;
			sourceTree = "<group>";
		};
/* End PBXVariantGroup section */

/* Begin XCBuildConfiguration section */
		4518E330185F90BA00B1B1D9 /* Debug */ = {
			isa = XCBuildConfiguration;
			buildSettings = {
				COMBINE_HIDPI_IMAGES = YES;
				DEFINES_MODULE = YES;
				DYLIB_COMPATIBILITY_VERSION = 1;
				DYLIB_CURRENT_VERSION = 1;
				FRAMEWORK_SEARCH_PATHS = (
					"$(inherited)",
					"$(DEVELOPER_FRAMEWORKS_DIR)",
				);
				FRAMEWORK_VERSION = A;
				GCC_ENABLE_OBJC_EXCEPTIONS = YES;
				GCC_PRECOMPILE_PREFIX_HEADER = YES;
				GCC_PREFIX_HEADER = "Supporting Files/Prefix.pch";
				GCC_PREPROCESSOR_DEFINITIONS = (
					"DEBUG=1",
					"$(inherited)",
				);
				INFOPLIST_FILE = "Supporting Files/Info.plist";
				INSTALL_PATH = "@rpath";
				MACOSX_DEPLOYMENT_TARGET = 10.9;
				PRODUCT_NAME = Shanty;
				SDKROOT = macosx;
				WRAPPER_EXTENSION = framework;
			};
			name = Debug;
		};
		4518E331185F90BA00B1B1D9 /* Release */ = {
			isa = XCBuildConfiguration;
			buildSettings = {
				COMBINE_HIDPI_IMAGES = YES;
				DEBUG_INFORMATION_FORMAT = "dwarf-with-dsym";
				DEFINES_MODULE = YES;
				DYLIB_COMPATIBILITY_VERSION = 1;
				DYLIB_CURRENT_VERSION = 1;
				FRAMEWORK_SEARCH_PATHS = (
					"$(inherited)",
					"$(DEVELOPER_FRAMEWORKS_DIR)",
				);
				FRAMEWORK_VERSION = A;
				GCC_ENABLE_OBJC_EXCEPTIONS = YES;
				GCC_PRECOMPILE_PREFIX_HEADER = YES;
				GCC_PREFIX_HEADER = "Supporting Files/Prefix.pch";
				INFOPLIST_FILE = "Supporting Files/Info.plist";
				INSTALL_PATH = "@rpath";
				MACOSX_DEPLOYMENT_TARGET = 10.9;
				PRODUCT_NAME = Shanty;
				SDKROOT = macosx;
				WRAPPER_EXTENSION = framework;
			};
			name = Release;
		};
		4538AECF185F851B003DF921 /* Debug */ = {
			isa = XCBuildConfiguration;
			buildSettings = {
				ALWAYS_SEARCH_USER_PATHS = NO;
				CLANG_ANALYZER_SECURITY_FLOATLOOPCOUNTER = YES;
				CLANG_ANALYZER_SECURITY_INSECUREAPI_RAND = YES;
				CLANG_ANALYZER_SECURITY_INSECUREAPI_STRCPY = YES;
				CLANG_CXX_LANGUAGE_STANDARD = "gnu++0x";
				CLANG_CXX_LIBRARY = "libc++";
				CLANG_ENABLE_MODULES = YES;
				CLANG_ENABLE_OBJC_ARC = YES;
				CLANG_STATIC_ANALYZER_MODE = deep;
				CLANG_WARN_BOOL_CONVERSION = YES;
				CLANG_WARN_CONSTANT_CONVERSION = YES;
				CLANG_WARN_DEPRECATED_OBJC_IMPLEMENTATIONS = YES;
				CLANG_WARN_DIRECT_OBJC_ISA_USAGE = YES_ERROR;
				CLANG_WARN_EMPTY_BODY = YES;
				CLANG_WARN_ENUM_CONVERSION = YES;
				CLANG_WARN_INT_CONVERSION = YES;
				CLANG_WARN_OBJC_EXPLICIT_OWNERSHIP_TYPE = YES;
				CLANG_WARN_OBJC_IMPLICIT_RETAIN_SELF = YES;
				CLANG_WARN_OBJC_RECEIVER_WEAK = NO;
				CLANG_WARN_OBJC_REPEATED_USE_OF_WEAK = NO;
				CLANG_WARN_OBJC_ROOT_CLASS = YES_ERROR;
				CLANG_WARN__DUPLICATE_METHOD_MATCH = YES;
				COPY_PHASE_STRIP = NO;
				GCC_C_LANGUAGE_STANDARD = gnu99;
				GCC_DYNAMIC_NO_PIC = NO;
				GCC_OPTIMIZATION_LEVEL = 0;
				GCC_PREPROCESSOR_DEFINITIONS = (
					"DEBUG=1",
					"$(inherited)",
				);
				GCC_SYMBOLS_PRIVATE_EXTERN = NO;
				GCC_WARN_64_TO_32_BIT_CONVERSION = YES;
				GCC_WARN_ABOUT_RETURN_TYPE = YES_ERROR;
				GCC_WARN_MULTIPLE_DEFINITION_TYPES_FOR_SELECTOR = YES;
				GCC_WARN_UNDECLARED_SELECTOR = YES;
				GCC_WARN_UNINITIALIZED_AUTOS = YES_AGGRESSIVE;
				GCC_WARN_UNUSED_FUNCTION = YES;
				GCC_WARN_UNUSED_VARIABLE = YES;
				IPHONEOS_DEPLOYMENT_TARGET = 7.0;
				ONLY_ACTIVE_ARCH = NO;
				RUN_CLANG_STATIC_ANALYZER = YES;
				SDKROOT = iphoneos;
				STRIP_INSTALLED_PRODUCT = NO;
			};
			name = Debug;
		};
		4538AED0185F851B003DF921 /* Release */ = {
			isa = XCBuildConfiguration;
			buildSettings = {
				ALWAYS_SEARCH_USER_PATHS = NO;
				CLANG_ANALYZER_SECURITY_FLOATLOOPCOUNTER = YES;
				CLANG_ANALYZER_SECURITY_INSECUREAPI_RAND = YES;
				CLANG_ANALYZER_SECURITY_INSECUREAPI_STRCPY = YES;
				CLANG_CXX_LANGUAGE_STANDARD = "gnu++0x";
				CLANG_CXX_LIBRARY = "libc++";
				CLANG_ENABLE_MODULES = YES;
				CLANG_ENABLE_OBJC_ARC = YES;
				CLANG_STATIC_ANALYZER_MODE = deep;
				CLANG_WARN_BOOL_CONVERSION = YES;
				CLANG_WARN_CONSTANT_CONVERSION = YES;
				CLANG_WARN_DEPRECATED_OBJC_IMPLEMENTATIONS = YES;
				CLANG_WARN_DIRECT_OBJC_ISA_USAGE = YES_ERROR;
				CLANG_WARN_EMPTY_BODY = YES;
				CLANG_WARN_ENUM_CONVERSION = YES;
				CLANG_WARN_INT_CONVERSION = YES;
				CLANG_WARN_OBJC_EXPLICIT_OWNERSHIP_TYPE = YES;
				CLANG_WARN_OBJC_IMPLICIT_RETAIN_SELF = YES;
				CLANG_WARN_OBJC_RECEIVER_WEAK = NO;
				CLANG_WARN_OBJC_REPEATED_USE_OF_WEAK = NO;
				CLANG_WARN_OBJC_ROOT_CLASS = YES_ERROR;
				CLANG_WARN__DUPLICATE_METHOD_MATCH = YES;
				COPY_PHASE_STRIP = YES;
				ENABLE_NS_ASSERTIONS = NO;
				GCC_C_LANGUAGE_STANDARD = gnu99;
				GCC_WARN_64_TO_32_BIT_CONVERSION = YES;
				GCC_WARN_ABOUT_RETURN_TYPE = YES_ERROR;
				GCC_WARN_MULTIPLE_DEFINITION_TYPES_FOR_SELECTOR = YES;
				GCC_WARN_UNDECLARED_SELECTOR = YES;
				GCC_WARN_UNINITIALIZED_AUTOS = YES_AGGRESSIVE;
				GCC_WARN_UNUSED_FUNCTION = YES;
				GCC_WARN_UNUSED_VARIABLE = YES;
				IPHONEOS_DEPLOYMENT_TARGET = 7.0;
				RUN_CLANG_STATIC_ANALYZER = YES;
				SDKROOT = iphoneos;
				STRIP_INSTALLED_PRODUCT = YES;
				VALIDATE_PRODUCT = YES;
			};
			name = Release;
		};
		4538AED2185F851B003DF921 /* Debug */ = {
			isa = XCBuildConfiguration;
			buildSettings = {
				COPY_PHASE_STRIP = NO;
				DEAD_CODE_STRIPPING = NO;
				DSTROOT = /tmp/Shanty.dst;
				GCC_PRECOMPILE_PREFIX_HEADER = YES;
				GCC_PREFIX_HEADER = "Supporting Files/Prefix.pch";
				OTHER_LDFLAGS = "-ObjC";
				PRODUCT_NAME = "$(TARGET_NAME)";
				PUBLIC_HEADERS_FOLDER_PATH = "$(PROJECT_NAME)Headers";
				SKIP_INSTALL = YES;
				STRIP_INSTALLED_PRODUCT = NO;
				STRIP_STYLE = all;
			};
			name = Debug;
		};
		4538AED3185F851B003DF921 /* Release */ = {
			isa = XCBuildConfiguration;
			buildSettings = {
				COPY_PHASE_STRIP = NO;
				DEAD_CODE_STRIPPING = NO;
				DSTROOT = /tmp/Shanty.dst;
				GCC_PRECOMPILE_PREFIX_HEADER = YES;
				GCC_PREFIX_HEADER = "Supporting Files/Prefix.pch";
				OTHER_LDFLAGS = "-ObjC";
				PRODUCT_NAME = "$(TARGET_NAME)";
				PUBLIC_HEADERS_FOLDER_PATH = "$(PROJECT_NAME)Headers";
				SKIP_INSTALL = YES;
				STRIP_INSTALLED_PRODUCT = NO;
				STRIP_STYLE = all;
			};
			name = Release;
		};
		45D5D63C19D382DC00A76535 /* Debug */ = {
			isa = XCBuildConfiguration;
			buildSettings = {
				CLANG_WARN_UNREACHABLE_CODE = YES;
				"CODE_SIGN_IDENTITY[sdk=iphoneos*]" = "iPhone Developer";
				CURRENT_PROJECT_VERSION = 1;
				DEFINES_MODULE = YES;
				DYLIB_COMPATIBILITY_VERSION = 1;
				DYLIB_CURRENT_VERSION = 1;
				DYLIB_INSTALL_NAME_BASE = "@rpath";
				ENABLE_STRICT_OBJC_MSGSEND = YES;
				GCC_PREPROCESSOR_DEFINITIONS = (
					"DEBUG=1",
					"$(inherited)",
				);
				INFOPLIST_FILE = "Supporting Files/Info.plist";
				INSTALL_PATH = "$(LOCAL_LIBRARY_DIR)/Frameworks";
				IPHONEOS_DEPLOYMENT_TARGET = 8.0;
				LD_RUNPATH_SEARCH_PATHS = "$(inherited) @executable_path/Frameworks @loader_path/Frameworks";
				MTL_ENABLE_DEBUG_INFO = YES;
				ONLY_ACTIVE_ARCH = YES;
				PRODUCT_NAME = Shanty;
				SKIP_INSTALL = YES;
				TARGETED_DEVICE_FAMILY = "1,2";
				VERSIONING_SYSTEM = "apple-generic";
				VERSION_INFO_PREFIX = "";
			};
			name = Debug;
		};
		45D5D63D19D382DC00A76535 /* Release */ = {
			isa = XCBuildConfiguration;
			buildSettings = {
				CLANG_WARN_UNREACHABLE_CODE = YES;
				"CODE_SIGN_IDENTITY[sdk=iphoneos*]" = "iPhone Developer";
				CURRENT_PROJECT_VERSION = 1;
				DEFINES_MODULE = YES;
				DYLIB_COMPATIBILITY_VERSION = 1;
				DYLIB_CURRENT_VERSION = 1;
				DYLIB_INSTALL_NAME_BASE = "@rpath";
				ENABLE_STRICT_OBJC_MSGSEND = YES;
				INFOPLIST_FILE = "Supporting Files/Info.plist";
				INSTALL_PATH = "$(LOCAL_LIBRARY_DIR)/Frameworks";
				IPHONEOS_DEPLOYMENT_TARGET = 8.0;
				LD_RUNPATH_SEARCH_PATHS = "$(inherited) @executable_path/Frameworks @loader_path/Frameworks";
				MTL_ENABLE_DEBUG_INFO = NO;
				PRODUCT_NAME = Shanty;
				SKIP_INSTALL = YES;
				TARGETED_DEVICE_FAMILY = "1,2";
				VERSIONING_SYSTEM = "apple-generic";
				VERSION_INFO_PREFIX = "";
			};
			name = Release;
		};
		45DA233B187E7BA700599FAC /* Debug */ = {
			isa = XCBuildConfiguration;
			buildSettings = {
				BUNDLE_LOADER = "$(BUILT_PRODUCTS_DIR)/Shanty.framework/Versions/A/Shanty";
				COMBINE_HIDPI_IMAGES = YES;
				FRAMEWORK_SEARCH_PATHS = (
					"$(DEVELOPER_FRAMEWORKS_DIR)",
					"$(inherited)",
				);
				GCC_ENABLE_OBJC_EXCEPTIONS = YES;
				GCC_PRECOMPILE_PREFIX_HEADER = YES;
				GCC_PREFIX_HEADER = "Shanty Mac OS X Tests/Shanty Mac OS X Tests-Prefix.pch";
				GCC_PREPROCESSOR_DEFINITIONS = (
					"DEBUG=1",
					"$(inherited)",
				);
				GCC_WARN_UNINITIALIZED_AUTOS = YES;
				INFOPLIST_FILE = "Shanty Mac OS X Tests/Shanty Mac OS X Tests-Info.plist";
				MACOSX_DEPLOYMENT_TARGET = 10.9;
				PRODUCT_NAME = "$(TARGET_NAME)";
				SDKROOT = macosx;
				TEST_HOST = "$(BUNDLE_LOADER)";
				WRAPPER_EXTENSION = xctest;
			};
			name = Debug;
		};
		45DA233C187E7BA700599FAC /* Release */ = {
			isa = XCBuildConfiguration;
			buildSettings = {
				BUNDLE_LOADER = "$(BUILT_PRODUCTS_DIR)/Shanty.framework/Versions/A/Shanty";
				COMBINE_HIDPI_IMAGES = YES;
				DEBUG_INFORMATION_FORMAT = "dwarf-with-dsym";
				FRAMEWORK_SEARCH_PATHS = (
					"$(DEVELOPER_FRAMEWORKS_DIR)",
					"$(inherited)",
				);
				GCC_ENABLE_OBJC_EXCEPTIONS = YES;
				GCC_PRECOMPILE_PREFIX_HEADER = YES;
				GCC_PREFIX_HEADER = "Shanty Mac OS X Tests/Shanty Mac OS X Tests-Prefix.pch";
				GCC_WARN_UNINITIALIZED_AUTOS = YES;
				INFOPLIST_FILE = "Shanty Mac OS X Tests/Shanty Mac OS X Tests-Info.plist";
				MACOSX_DEPLOYMENT_TARGET = 10.9;
				PRODUCT_NAME = "$(TARGET_NAME)";
				SDKROOT = macosx;
				TEST_HOST = "$(BUNDLE_LOADER)";
				WRAPPER_EXTENSION = xctest;
			};
			name = Release;
		};
		45E6A597185F8F2000F87958 /* Debug */ = {
			isa = XCBuildConfiguration;
			buildSettings = {
				PRODUCT_NAME = "$(TARGET_NAME)";
			};
			name = Debug;
		};
		45E6A598185F8F2000F87958 /* Release */ = {
			isa = XCBuildConfiguration;
			buildSettings = {
				PRODUCT_NAME = "$(TARGET_NAME)";
			};
			name = Release;
		};
/* End XCBuildConfiguration section */

/* Begin XCConfigurationList section */
		4518E334185F90BA00B1B1D9 /* Build configuration list for PBXNativeTarget "Shanty OSX Framework" */ = {
			isa = XCConfigurationList;
			buildConfigurations = (
				4518E330185F90BA00B1B1D9 /* Debug */,
				4518E331185F90BA00B1B1D9 /* Release */,
			);
			defaultConfigurationIsVisible = 0;
			defaultConfigurationName = Release;
		};
		4538AEA9185F851A003DF921 /* Build configuration list for PBXProject "shanty" */ = {
			isa = XCConfigurationList;
			buildConfigurations = (
				4538AECF185F851B003DF921 /* Debug */,
				4538AED0185F851B003DF921 /* Release */,
			);
			defaultConfigurationIsVisible = 0;
			defaultConfigurationName = Release;
		};
		4538AED1185F851B003DF921 /* Build configuration list for PBXNativeTarget "Shanty Static Library" */ = {
			isa = XCConfigurationList;
			buildConfigurations = (
				4538AED2185F851B003DF921 /* Debug */,
				4538AED3185F851B003DF921 /* Release */,
			);
			defaultConfigurationIsVisible = 0;
			defaultConfigurationName = Release;
		};
		45D5D63B19D382DC00A76535 /* Build configuration list for PBXNativeTarget "Shanty iOS Framework" */ = {
			isa = XCConfigurationList;
			buildConfigurations = (
				45D5D63C19D382DC00A76535 /* Debug */,
				45D5D63D19D382DC00A76535 /* Release */,
			);
			defaultConfigurationIsVisible = 0;
			defaultConfigurationName = Release;
		};
		45DA233D187E7BA700599FAC /* Build configuration list for PBXNativeTarget "Shanty Mac OS X Tests" */ = {
			isa = XCConfigurationList;
			buildConfigurations = (
				45DA233B187E7BA700599FAC /* Debug */,
				45DA233C187E7BA700599FAC /* Release */,
			);
			defaultConfigurationIsVisible = 0;
			defaultConfigurationName = Release;
		};
		45E6A599185F8F2000F87958 /* Build configuration list for PBXAggregateTarget "Shanty Static iOS Framework" */ = {
			isa = XCConfigurationList;
			buildConfigurations = (
				45E6A597185F8F2000F87958 /* Debug */,
				45E6A598185F8F2000F87958 /* Release */,
			);
			defaultConfigurationIsVisible = 0;
			defaultConfigurationName = Release;
		};
/* End XCConfigurationList section */
	};
	rootObject = 4538AEA6185F851A003DF921 /* Project object */;
}
