// !$*UTF8*$!
{
	archiveVersion = 1;
	classes = {
	};
	objectVersion = 46;
	objects = {

/* Begin PBXAggregateTarget section */
		454353F319BE350600FEFB23 /* All */ = {
			isa = PBXAggregateTarget;
			buildConfigurationList = 454353F419BE350600FEFB23 /* Build configuration list for PBXAggregateTarget "All" */;
			buildPhases = (
			);
			dependencies = (
				454353F819BE351200FEFB23 /* PBXTargetDependency */,
				454353FA19BE351200FEFB23 /* PBXTargetDependency */,
			);
			name = All;
			productName = All;
		};
/* End PBXAggregateTarget section */

/* Begin PBXBuildFile section */
		450F7DBD19BA594A00905776 /* AppDelegate.swift in Sources */ = {isa = PBXBuildFile; fileRef = 450F7DBC19BA594A00905776 /* AppDelegate.swift */; };
		450F7DBF19BA594A00905776 /* ServerViewController.swift in Sources */ = {isa = PBXBuildFile; fileRef = 450F7DBE19BA594A00905776 /* ServerViewController.swift */; };
		450F7DC219BA594A00905776 /* Main.storyboard in Resources */ = {isa = PBXBuildFile; fileRef = 450F7DC019BA594A00905776 /* Main.storyboard */; };
		450F7DC419BA594A00905776 /* Images.xcassets in Resources */ = {isa = PBXBuildFile; fileRef = 450F7DC319BA594A00905776 /* Images.xcassets */; };
		4518065E19881B6F0083CC28 /* ServerViewController.xib in Resources */ = {isa = PBXBuildFile; fileRef = 4518065D19881B6F0083CC28 /* ServerViewController.xib */; };
		45180665198825590083CC28 /* MainWindowController.swift in Sources */ = {isa = PBXBuildFile; fileRef = 45180663198825590083CC28 /* MainWindowController.swift */; };
		45180666198825590083CC28 /* MainWindowController.xib in Resources */ = {isa = PBXBuildFile; fileRef = 45180664198825590083CC28 /* MainWindowController.xib */; };
		451806681988450D0083CC28 /* ClientViewController.xib in Resources */ = {isa = PBXBuildFile; fileRef = 451806671988450D0083CC28 /* ClientViewController.xib */; };
		452D5FBE19A6C011009B6DBE /* SendMessageViewController.swift in Sources */ = {isa = PBXBuildFile; fileRef = 452D5FBD19A6C011009B6DBE /* SendMessageViewController.swift */; };
		45319A1719A6AF49005A0F48 /* PeersViewController.storyboard in Resources */ = {isa = PBXBuildFile; fileRef = 45319A1619A6AF49005A0F48 /* PeersViewController.storyboard */; };
		4563C293198B03F5007BCB49 /* MessagesViewController.swift in Sources */ = {isa = PBXBuildFile; fileRef = 4563C291198B03F5007BCB49 /* MessagesViewController.swift */; };
		4563C294198B03F5007BCB49 /* MessagesViewController.xib in Resources */ = {isa = PBXBuildFile; fileRef = 4563C292198B03F5007BCB49 /* MessagesViewController.xib */; };
		4571C8D0197EF9080076C0D5 /* main.swift in Sources */ = {isa = PBXBuildFile; fileRef = 4571C8CF197EF9080076C0D5 /* main.swift */; };
		4571C8D4197EF9080076C0D5 /* AppDelegate.swift in Sources */ = {isa = PBXBuildFile; fileRef = 4571C8D3197EF9080076C0D5 /* AppDelegate.swift */; };
		4571C8D6197EF9080076C0D5 /* Images.xcassets in Resources */ = {isa = PBXBuildFile; fileRef = 4571C8D5197EF9080076C0D5 /* Images.xcassets */; };
		4581B3A0198060B800B227E3 /* Application.xib in Resources */ = {isa = PBXBuildFile; fileRef = 4581B39F198060B800B227E3 /* Application.xib */; };
		45BC27BB19A68F3300B65A4E /* PeersViewController.swift in Sources */ = {isa = PBXBuildFile; fileRef = 45BC27B919A68F3300B65A4E /* PeersViewController.swift */; };
		45C854C619A2B9FB00AE8AE3 /* GlobalWindowManager.swift in Sources */ = {isa = PBXBuildFile; fileRef = 45C854C519A2B9FB00AE8AE3 /* GlobalWindowManager.swift */; };
		45CD31291982DFCB00EB6551 /* ClientViewController.swift in Sources */ = {isa = PBXBuildFile; fileRef = 45CD31281982DFCB00EB6551 /* ClientViewController.swift */; };
		45D5D66C19D3861400A76535 /* Shanty.framework in CopyFiles */ = {isa = PBXBuildFile; fileRef = 45D5D66819D385FA00A76535 /* Shanty.framework */; settings = {ATTRIBUTES = (CodeSignOnCopy, RemoveHeadersOnCopy, ); }; };
		45D6E98D1989704600FF6AFE /* Shanty.framework in CopyFiles */ = {isa = PBXBuildFile; fileRef = 45E3EAF019805F9100A42F0F /* Shanty.framework */; settings = {ATTRIBUTES = (CodeSignOnCopy, ); }; };
		45E3EAF319805F9100A42F0F /* Shanty.framework in Frameworks */ = {isa = PBXBuildFile; fileRef = 45E3EAF019805F9100A42F0F /* Shanty.framework */; };
		45E49518198184E1001D8588 /* ServerViewController.swift in Sources */ = {isa = PBXBuildFile; fileRef = 45E49517198184E1001D8588 /* ServerViewController.swift */; };
		45ED490A1999826700D59C94 /* Utilities.swift in Sources */ = {isa = PBXBuildFile; fileRef = 45ED49091999826700D59C94 /* Utilities.swift */; };
/* End PBXBuildFile section */

/* Begin PBXContainerItemProxy section */
		454353F719BE351200FEFB23 /* PBXContainerItemProxy */ = {
			isa = PBXContainerItemProxy;
			containerPortal = 4571C8C2197EF9070076C0D5 /* Project object */;
			proxyType = 1;
			remoteGlobalIDString = 4571C8C9197EF9070076C0D5;
			remoteInfo = "Shanty Testbed";
		};
		454353F919BE351200FEFB23 /* PBXContainerItemProxy */ = {
			isa = PBXContainerItemProxy;
			containerPortal = 4571C8C2197EF9070076C0D5 /* Project object */;
			proxyType = 1;
			remoteGlobalIDString = 450F7DB719BA594A00905776;
			remoteInfo = "Shanty Testbed iOS";
		};
		45D5D66519D385FA00A76535 /* PBXContainerItemProxy */ = {
			isa = PBXContainerItemProxy;
			containerPortal = 45E3EAE419805F7A00A42F0F /* shanty.xcodeproj */;
			proxyType = 2;
			remoteGlobalIDString = 4538AEAE185F851A003DF921;
			remoteInfo = "Shanty Static Library";
		};
		45D5D66719D385FA00A76535 /* PBXContainerItemProxy */ = {
			isa = PBXContainerItemProxy;
			containerPortal = 45E3EAE419805F7A00A42F0F /* shanty.xcodeproj */;
			proxyType = 2;
			remoteGlobalIDString = 45D5D62819D382DC00A76535;
			remoteInfo = "Shanty iOS Framework";
		};
		45D5D66919D3860000A76535 /* PBXContainerItemProxy */ = {
			isa = PBXContainerItemProxy;
			containerPortal = 45E3EAE419805F7A00A42F0F /* shanty.xcodeproj */;
			proxyType = 1;
			remoteGlobalIDString = 45D5D62719D382DC00A76535;
			remoteInfo = "Shanty iOS Framework";
		};
		45E3EAE719805F8A00A42F0F /* PBXContainerItemProxy */ = {
			isa = PBXContainerItemProxy;
			containerPortal = 45E3EAE419805F7A00A42F0F /* shanty.xcodeproj */;
			proxyType = 1;
			remoteGlobalIDString = 4518E30B185F90BA00B1B1D9;
			remoteInfo = "Shanty OSX Framework";
		};
		45E3EAEF19805F9100A42F0F /* PBXContainerItemProxy */ = {
			isa = PBXContainerItemProxy;
			containerPortal = 45E3EAE419805F7A00A42F0F /* shanty.xcodeproj */;
			proxyType = 2;
			remoteGlobalIDString = 4518E30C185F90BA00B1B1D9;
			remoteInfo = "Shanty OSX Framework";
		};
		45E3EAF119805F9100A42F0F /* PBXContainerItemProxy */ = {
			isa = PBXContainerItemProxy;
			containerPortal = 45E3EAE419805F7A00A42F0F /* shanty.xcodeproj */;
			proxyType = 2;
			remoteGlobalIDString = 45DA232C187E7BA700599FAC;
			remoteInfo = "Shanty Mac OS X Tests";
		};
/* End PBXContainerItemProxy section */

/* Begin PBXCopyFilesBuildPhase section */
		45D6E9891989703600FF6AFE /* CopyFiles */ = {
			isa = PBXCopyFilesBuildPhase;
			buildActionMask = 2147483647;
			dstPath = "";
			dstSubfolderSpec = 10;
			files = (
				45D6E98D1989704600FF6AFE /* Shanty.framework in CopyFiles */,
			);
			runOnlyForDeploymentPostprocessing = 0;
		};
		45EAC07319D0BAD000A1FD70 /* CopyFiles */ = {
			isa = PBXCopyFilesBuildPhase;
			buildActionMask = 2147483647;
			dstPath = "";
			dstSubfolderSpec = 10;
			files = (
				45D5D66C19D3861400A76535 /* Shanty.framework in CopyFiles */,
			);
			runOnlyForDeploymentPostprocessing = 0;
		};
/* End PBXCopyFilesBuildPhase section */

/* Begin PBXFileReference section */
		450F7DB819BA594A00905776 /* Shanty Testbed iOS.app */ = {isa = PBXFileReference; explicitFileType = wrapper.application; includeInIndex = 0; path = "Shanty Testbed iOS.app"; sourceTree = BUILT_PRODUCTS_DIR; };
		450F7DBB19BA594A00905776 /* Info.plist */ = {isa = PBXFileReference; lastKnownFileType = text.plist.xml; path = Info.plist; sourceTree = "<group>"; };
		450F7DBC19BA594A00905776 /* AppDelegate.swift */ = {isa = PBXFileReference; lastKnownFileType = sourcecode.swift; path = AppDelegate.swift; sourceTree = "<group>"; };
		450F7DBE19BA594A00905776 /* ServerViewController.swift */ = {isa = PBXFileReference; lastKnownFileType = sourcecode.swift; path = ServerViewController.swift; sourceTree = "<group>"; };
		450F7DC119BA594A00905776 /* Base */ = {isa = PBXFileReference; lastKnownFileType = file.storyboard; name = Base; path = Base.lproj/Main.storyboard; sourceTree = "<group>"; };
		450F7DC319BA594A00905776 /* Images.xcassets */ = {isa = PBXFileReference; lastKnownFileType = folder.assetcatalog; path = Images.xcassets; sourceTree = "<group>"; };
		4518065D19881B6F0083CC28 /* ServerViewController.xib */ = {isa = PBXFileReference; fileEncoding = 4; lastKnownFileType = file.xib; path = ServerViewController.xib; sourceTree = "<group>"; };
		45180663198825590083CC28 /* MainWindowController.swift */ = {isa = PBXFileReference; fileEncoding = 4; lastKnownFileType = sourcecode.swift; path = MainWindowController.swift; sourceTree = "<group>"; };
		45180664198825590083CC28 /* MainWindowController.xib */ = {isa = PBXFileReference; fileEncoding = 4; lastKnownFileType = file.xib; path = MainWindowController.xib; sourceTree = "<group>"; };
		451806671988450D0083CC28 /* ClientViewController.xib */ = {isa = PBXFileReference; fileEncoding = 4; lastKnownFileType = file.xib; path = ClientViewController.xib; sourceTree = "<group>"; };
		452D5FBD19A6C011009B6DBE /* SendMessageViewController.swift */ = {isa = PBXFileReference; fileEncoding = 4; lastKnownFileType = sourcecode.swift; path = SendMessageViewController.swift; sourceTree = "<group>"; };
		45319A1619A6AF49005A0F48 /* PeersViewController.storyboard */ = {isa = PBXFileReference; fileEncoding = 4; lastKnownFileType = file.storyboard; path = PeersViewController.storyboard; sourceTree = "<group>"; };
		4563C291198B03F5007BCB49 /* MessagesViewController.swift */ = {isa = PBXFileReference; fileEncoding = 4; lastKnownFileType = sourcecode.swift; path = MessagesViewController.swift; sourceTree = "<group>"; };
		4563C292198B03F5007BCB49 /* MessagesViewController.xib */ = {isa = PBXFileReference; fileEncoding = 4; lastKnownFileType = file.xib; path = MessagesViewController.xib; sourceTree = "<group>"; };
		4571C8CA197EF9070076C0D5 /* Shanty Testbed.app */ = {isa = PBXFileReference; explicitFileType = wrapper.application; includeInIndex = 0; path = "Shanty Testbed.app"; sourceTree = BUILT_PRODUCTS_DIR; };
		4571C8CE197EF9080076C0D5 /* Info.plist */ = {isa = PBXFileReference; lastKnownFileType = text.plist.xml; path = Info.plist; sourceTree = "<group>"; };
		4571C8CF197EF9080076C0D5 /* main.swift */ = {isa = PBXFileReference; lastKnownFileType = sourcecode.swift; path = main.swift; sourceTree = "<group>"; };
		4571C8D3197EF9080076C0D5 /* AppDelegate.swift */ = {isa = PBXFileReference; lastKnownFileType = sourcecode.swift; path = AppDelegate.swift; sourceTree = "<group>"; };
		4571C8D5197EF9080076C0D5 /* Images.xcassets */ = {isa = PBXFileReference; lastKnownFileType = folder.assetcatalog; path = Images.xcassets; sourceTree = "<group>"; };
		4581B39F198060B800B227E3 /* Application.xib */ = {isa = PBXFileReference; fileEncoding = 4; lastKnownFileType = file.xib; path = Application.xib; sourceTree = "<group>"; };
		45BC27B919A68F3300B65A4E /* PeersViewController.swift */ = {isa = PBXFileReference; fileEncoding = 4; lastKnownFileType = sourcecode.swift; path = PeersViewController.swift; sourceTree = "<group>"; };
		45C854C519A2B9FB00AE8AE3 /* GlobalWindowManager.swift */ = {isa = PBXFileReference; fileEncoding = 4; lastKnownFileType = sourcecode.swift; path = GlobalWindowManager.swift; sourceTree = "<group>"; };
		45CD31281982DFCB00EB6551 /* ClientViewController.swift */ = {isa = PBXFileReference; fileEncoding = 4; lastKnownFileType = sourcecode.swift; name = ClientViewController.swift; path = ../ClientViewController.swift; sourceTree = "<group>"; };
		45E3EAE419805F7A00A42F0F /* shanty.xcodeproj */ = {isa = PBXFileReference; lastKnownFileType = "wrapper.pb-project"; name = shanty.xcodeproj; path = ../shanty.xcodeproj; sourceTree = "<group>"; };
		45E49517198184E1001D8588 /* ServerViewController.swift */ = {isa = PBXFileReference; fileEncoding = 4; lastKnownFileType = sourcecode.swift; path = ServerViewController.swift; sourceTree = "<group>"; };
		45ED49091999826700D59C94 /* Utilities.swift */ = {isa = PBXFileReference; fileEncoding = 4; lastKnownFileType = sourcecode.swift; path = Utilities.swift; sourceTree = "<group>"; };
/* End PBXFileReference section */

/* Begin PBXFrameworksBuildPhase section */
		450F7DB519BA594A00905776 /* Frameworks */ = {
			isa = PBXFrameworksBuildPhase;
			buildActionMask = 2147483647;
			files = (
			);
			runOnlyForDeploymentPostprocessing = 0;
		};
		4571C8C7197EF9070076C0D5 /* Frameworks */ = {
			isa = PBXFrameworksBuildPhase;
			buildActionMask = 2147483647;
			files = (
				45E3EAF319805F9100A42F0F /* Shanty.framework in Frameworks */,
			);
			runOnlyForDeploymentPostprocessing = 0;
		};
/* End PBXFrameworksBuildPhase section */

/* Begin PBXGroup section */
		450F7DB919BA594A00905776 /* Shanty Testbed iOS */ = {
			isa = PBXGroup;
			children = (
				450F7DBC19BA594A00905776 /* AppDelegate.swift */,
				450F7DBE19BA594A00905776 /* ServerViewController.swift */,
				450F7DC019BA594A00905776 /* Main.storyboard */,
				450F7DC319BA594A00905776 /* Images.xcassets */,
				450F7DBA19BA594A00905776 /* Supporting Files */,
			);
			path = "Shanty Testbed iOS";
			sourceTree = "<group>";
		};
		450F7DBA19BA594A00905776 /* Supporting Files */ = {
			isa = PBXGroup;
			children = (
				450F7DBB19BA594A00905776 /* Info.plist */,
			);
			name = "Supporting Files";
			sourceTree = "<group>";
		};
		4571C8C1197EF9070076C0D5 = {
			isa = PBXGroup;
			children = (
				4571C8CC197EF9070076C0D5 /* Shanty Testbed OSX */,
				450F7DB919BA594A00905776 /* Shanty Testbed iOS */,
				45E3EAE419805F7A00A42F0F /* shanty.xcodeproj */,
				4571C8CB197EF9070076C0D5 /* Products */,
			);
			sourceTree = "<group>";
		};
		4571C8CB197EF9070076C0D5 /* Products */ = {
			isa = PBXGroup;
			children = (
				4571C8CA197EF9070076C0D5 /* Shanty Testbed.app */,
				450F7DB819BA594A00905776 /* Shanty Testbed iOS.app */,
			);
			name = Products;
			sourceTree = "<group>";
		};
		4571C8CC197EF9070076C0D5 /* Shanty Testbed OSX */ = {
			isa = PBXGroup;
			children = (
				4571C8D3197EF9080076C0D5 /* AppDelegate.swift */,
				45180663198825590083CC28 /* MainWindowController.swift */,
				45180664198825590083CC28 /* MainWindowController.xib */,
				45E49517198184E1001D8588 /* ServerViewController.swift */,
				4518065D19881B6F0083CC28 /* ServerViewController.xib */,
				45CD31281982DFCB00EB6551 /* ClientViewController.swift */,
				451806671988450D0083CC28 /* ClientViewController.xib */,
				4563C291198B03F5007BCB49 /* MessagesViewController.swift */,
				4563C292198B03F5007BCB49 /* MessagesViewController.xib */,
				45BC27B919A68F3300B65A4E /* PeersViewController.swift */,
				45319A1619A6AF49005A0F48 /* PeersViewController.storyboard */,
				45C854C519A2B9FB00AE8AE3 /* GlobalWindowManager.swift */,
				452D5FBD19A6C011009B6DBE /* SendMessageViewController.swift */,
				45ED49091999826700D59C94 /* Utilities.swift */,
				4571C8D5197EF9080076C0D5 /* Images.xcassets */,
				4571C8CD197EF9080076C0D5 /* Supporting Files */,
				4581B39F198060B800B227E3 /* Application.xib */,
			);
			path = "Shanty Testbed OSX";
			sourceTree = "<group>";
		};
		4571C8CD197EF9080076C0D5 /* Supporting Files */ = {
			isa = PBXGroup;
			children = (
				4571C8CE197EF9080076C0D5 /* Info.plist */,
				4571C8CF197EF9080076C0D5 /* main.swift */,
			);
			name = "Supporting Files";
			sourceTree = "<group>";
		};
		45E3EAE519805F7A00A42F0F /* Products */ = {
			isa = PBXGroup;
			children = (
				45D5D66619D385FA00A76535 /* libShanty.a */,
				45E3EAF019805F9100A42F0F /* Shanty.framework */,
				45D5D66819D385FA00A76535 /* Shanty.framework */,
				45E3EAF219805F9100A42F0F /* Shanty Mac OS X Tests.xctest */,
			);
			name = Products;
			sourceTree = "<group>";
		};
/* End PBXGroup section */

/* Begin PBXNativeTarget section */
		450F7DB719BA594A00905776 /* Shanty Testbed iOS */ = {
			isa = PBXNativeTarget;
			buildConfigurationList = 450F7DD819BA594A00905776 /* Build configuration list for PBXNativeTarget "Shanty Testbed iOS" */;
			buildPhases = (
				450F7DB419BA594A00905776 /* Sources */,
				450F7DB519BA594A00905776 /* Frameworks */,
				450F7DB619BA594A00905776 /* Resources */,
				45EAC07319D0BAD000A1FD70 /* CopyFiles */,
			);
			buildRules = (
			);
			dependencies = (
				45D5D66A19D3860000A76535 /* PBXTargetDependency */,
			);
			name = "Shanty Testbed iOS";
			productName = "Shanty Testbed iOS";
			productReference = 450F7DB819BA594A00905776 /* Shanty Testbed iOS.app */;
			productType = "com.apple.product-type.application";
		};
		4571C8C9197EF9070076C0D5 /* Shanty Testbed */ = {
			isa = PBXNativeTarget;
			buildConfigurationList = 4571C8E8197EF9080076C0D5 /* Build configuration list for PBXNativeTarget "Shanty Testbed" */;
			buildPhases = (
				4571C8C6197EF9070076C0D5 /* Sources */,
				4571C8C7197EF9070076C0D5 /* Frameworks */,
				4571C8C8197EF9070076C0D5 /* Resources */,
				45D6E9891989703600FF6AFE /* CopyFiles */,
			);
			buildRules = (
			);
			dependencies = (
				45E3EAE819805F8A00A42F0F /* PBXTargetDependency */,
			);
			name = "Shanty Testbed";
			productName = "Shanty Testbed";
			productReference = 4571C8CA197EF9070076C0D5 /* Shanty Testbed.app */;
			productType = "com.apple.product-type.application";
		};
/* End PBXNativeTarget section */

/* Begin PBXProject section */
		4571C8C2197EF9070076C0D5 /* Project object */ = {
			isa = PBXProject;
			attributes = {
				LastUpgradeCheck = 0600;
				ORGANIZATIONNAME = schwa;
				TargetAttributes = {
					450F7DB719BA594A00905776 = {
						CreatedOnToolsVersion = 6.0;
						DevelopmentTeam = 6E23EP94PG;
					};
					454353F319BE350600FEFB23 = {
						CreatedOnToolsVersion = 6.0;
					};
					4571C8C9197EF9070076C0D5 = {
						CreatedOnToolsVersion = 6.0;
					};
				};
			};
			buildConfigurationList = 4571C8C5197EF9070076C0D5 /* Build configuration list for PBXProject "Shanty Testbed" */;
			compatibilityVersion = "Xcode 3.2";
			developmentRegion = English;
			hasScannedForEncodings = 0;
			knownRegions = (
				en,
				Base,
			);
			mainGroup = 4571C8C1197EF9070076C0D5;
			productRefGroup = 4571C8CB197EF9070076C0D5 /* Products */;
			projectDirPath = "";
			projectReferences = (
				{
					ProductGroup = 45E3EAE519805F7A00A42F0F /* Products */;
					ProjectRef = 45E3EAE419805F7A00A42F0F /* shanty.xcodeproj */;
				},
			);
			projectRoot = "";
			targets = (
				454353F319BE350600FEFB23 /* All */,
				4571C8C9197EF9070076C0D5 /* Shanty Testbed */,
				450F7DB719BA594A00905776 /* Shanty Testbed iOS */,
			);
		};
/* End PBXProject section */

/* Begin PBXReferenceProxy section */
		45D5D66619D385FA00A76535 /* libShanty.a */ = {
			isa = PBXReferenceProxy;
			fileType = archive.ar;
			path = libShanty.a;
			remoteRef = 45D5D66519D385FA00A76535 /* PBXContainerItemProxy */;
			sourceTree = BUILT_PRODUCTS_DIR;
		};
		45D5D66819D385FA00A76535 /* Shanty.framework */ = {
			isa = PBXReferenceProxy;
			fileType = wrapper.framework;
			path = Shanty.framework;
			remoteRef = 45D5D66719D385FA00A76535 /* PBXContainerItemProxy */;
			sourceTree = BUILT_PRODUCTS_DIR;
		};
		45E3EAF019805F9100A42F0F /* Shanty.framework */ = {
			isa = PBXReferenceProxy;
			fileType = wrapper.framework;
			path = Shanty.framework;
			remoteRef = 45E3EAEF19805F9100A42F0F /* PBXContainerItemProxy */;
			sourceTree = BUILT_PRODUCTS_DIR;
		};
		45E3EAF219805F9100A42F0F /* Shanty Mac OS X Tests.xctest */ = {
			isa = PBXReferenceProxy;
			fileType = wrapper.cfbundle;
			path = "Shanty Mac OS X Tests.xctest";
			remoteRef = 45E3EAF119805F9100A42F0F /* PBXContainerItemProxy */;
			sourceTree = BUILT_PRODUCTS_DIR;
		};
/* End PBXReferenceProxy section */

/* Begin PBXResourcesBuildPhase section */
		450F7DB619BA594A00905776 /* Resources */ = {
			isa = PBXResourcesBuildPhase;
			buildActionMask = 2147483647;
			files = (
				450F7DC219BA594A00905776 /* Main.storyboard in Resources */,
				450F7DC419BA594A00905776 /* Images.xcassets in Resources */,
			);
			runOnlyForDeploymentPostprocessing = 0;
		};
		4571C8C8197EF9070076C0D5 /* Resources */ = {
			isa = PBXResourcesBuildPhase;
			buildActionMask = 2147483647;
			files = (
				4563C294198B03F5007BCB49 /* MessagesViewController.xib in Resources */,
				451806681988450D0083CC28 /* ClientViewController.xib in Resources */,
				4518065E19881B6F0083CC28 /* ServerViewController.xib in Resources */,
				45319A1719A6AF49005A0F48 /* PeersViewController.storyboard in Resources */,
				4581B3A0198060B800B227E3 /* Application.xib in Resources */,
				45180666198825590083CC28 /* MainWindowController.xib in Resources */,
				4571C8D6197EF9080076C0D5 /* Images.xcassets in Resources */,
			);
			runOnlyForDeploymentPostprocessing = 0;
		};
/* End PBXResourcesBuildPhase section */

/* Begin PBXSourcesBuildPhase section */
		450F7DB419BA594A00905776 /* Sources */ = {
			isa = PBXSourcesBuildPhase;
			buildActionMask = 2147483647;
			files = (
				450F7DBF19BA594A00905776 /* ServerViewController.swift in Sources */,
				450F7DBD19BA594A00905776 /* AppDelegate.swift in Sources */,
			);
			runOnlyForDeploymentPostprocessing = 0;
		};
		4571C8C6197EF9070076C0D5 /* Sources */ = {
			isa = PBXSourcesBuildPhase;
			buildActionMask = 2147483647;
			files = (
				45C854C619A2B9FB00AE8AE3 /* GlobalWindowManager.swift in Sources */,
				4563C293198B03F5007BCB49 /* MessagesViewController.swift in Sources */,
				45E49518198184E1001D8588 /* ServerViewController.swift in Sources */,
				45ED490A1999826700D59C94 /* Utilities.swift in Sources */,
				4571C8D4197EF9080076C0D5 /* AppDelegate.swift in Sources */,
				4571C8D0197EF9080076C0D5 /* main.swift in Sources */,
				452D5FBE19A6C011009B6DBE /* SendMessageViewController.swift in Sources */,
				45BC27BB19A68F3300B65A4E /* PeersViewController.swift in Sources */,
				45CD31291982DFCB00EB6551 /* ClientViewController.swift in Sources */,
				45180665198825590083CC28 /* MainWindowController.swift in Sources */,
			);
			runOnlyForDeploymentPostprocessing = 0;
		};
/* End PBXSourcesBuildPhase section */

/* Begin PBXTargetDependency section */
		454353F819BE351200FEFB23 /* PBXTargetDependency */ = {
			isa = PBXTargetDependency;
			target = 4571C8C9197EF9070076C0D5 /* Shanty Testbed */;
			targetProxy = 454353F719BE351200FEFB23 /* PBXContainerItemProxy */;
		};
		454353FA19BE351200FEFB23 /* PBXTargetDependency */ = {
			isa = PBXTargetDependency;
			target = 450F7DB719BA594A00905776 /* Shanty Testbed iOS */;
			targetProxy = 454353F919BE351200FEFB23 /* PBXContainerItemProxy */;
		};
		45D5D66A19D3860000A76535 /* PBXTargetDependency */ = {
			isa = PBXTargetDependency;
			name = "Shanty iOS Framework";
			targetProxy = 45D5D66919D3860000A76535 /* PBXContainerItemProxy */;
		};
		45E3EAE819805F8A00A42F0F /* PBXTargetDependency */ = {
			isa = PBXTargetDependency;
			name = "Shanty OSX Framework";
			targetProxy = 45E3EAE719805F8A00A42F0F /* PBXContainerItemProxy */;
		};
/* End PBXTargetDependency section */

/* Begin PBXVariantGroup section */
		450F7DC019BA594A00905776 /* Main.storyboard */ = {
			isa = PBXVariantGroup;
			children = (
				450F7DC119BA594A00905776 /* Base */,
			);
			name = Main.storyboard;
			sourceTree = "<group>";
		};
/* End PBXVariantGroup section */

/* Begin XCBuildConfiguration section */
		450F7DD119BA594A00905776 /* Debug */ = {
			isa = XCBuildConfiguration;
			buildSettings = {
				ASSETCATALOG_COMPILER_APPICON_NAME = AppIcon;
				ASSETCATALOG_COMPILER_LAUNCHIMAGE_NAME = LaunchImage;
				CODE_SIGN_IDENTITY = "iPhone Developer";
				"CODE_SIGN_IDENTITY[sdk=iphoneos*]" = "iPhone Developer";
				GCC_PREPROCESSOR_DEFINITIONS = (
					"DEBUG=1",
					"$(inherited)",
				);
				INFOPLIST_FILE = "Shanty Testbed iOS/Info.plist";
				IPHONEOS_DEPLOYMENT_TARGET = 8.0;
				LD_RUNPATH_SEARCH_PATHS = "$(inherited) @executable_path/Frameworks";
				OTHER_LDFLAGS = "-ObjC";
				PRODUCT_NAME = "$(TARGET_NAME)";
				PROVISIONING_PROFILE = "";
				SDKROOT = iphoneos;
				TARGETED_DEVICE_FAMILY = "1,2";
			};
			name = Debug;
		};
		450F7DD219BA594A00905776 /* Release */ = {
			isa = XCBuildConfiguration;
			buildSettings = {
				ASSETCATALOG_COMPILER_APPICON_NAME = AppIcon;
				ASSETCATALOG_COMPILER_LAUNCHIMAGE_NAME = LaunchImage;
				CODE_SIGN_IDENTITY = "iPhone Developer";
				"CODE_SIGN_IDENTITY[sdk=iphoneos*]" = "iPhone Developer";
				INFOPLIST_FILE = "Shanty Testbed iOS/Info.plist";
				IPHONEOS_DEPLOYMENT_TARGET = 8.0;
				LD_RUNPATH_SEARCH_PATHS = "$(inherited) @executable_path/Frameworks";
				OTHER_LDFLAGS = "-ObjC";
				PRODUCT_NAME = "$(TARGET_NAME)";
				PROVISIONING_PROFILE = "";
				SDKROOT = iphoneos;
				TARGETED_DEVICE_FAMILY = "1,2";
				VALIDATE_PRODUCT = YES;
			};
			name = Release;
		};
		454353F519BE350600FEFB23 /* Debug */ = {
			isa = XCBuildConfiguration;
			buildSettings = {
				PRODUCT_NAME = "$(TARGET_NAME)";
			};
			name = Debug;
		};
		454353F619BE350600FEFB23 /* Release */ = {
			isa = XCBuildConfiguration;
			buildSettings = {
				PRODUCT_NAME = "$(TARGET_NAME)";
			};
			name = Release;
		};
		4571C8E6197EF9080076C0D5 /* Debug */ = {
			isa = XCBuildConfiguration;
			buildSettings = {
				ALWAYS_SEARCH_USER_PATHS = NO;
				CLANG_CXX_LANGUAGE_STANDARD = "gnu++0x";
				CLANG_CXX_LIBRARY = "libc++";
				CLANG_ENABLE_MODULES = YES;
				CLANG_ENABLE_OBJC_ARC = YES;
				CLANG_WARN_BOOL_CONVERSION = YES;
				CLANG_WARN_CONSTANT_CONVERSION = YES;
				CLANG_WARN_DIRECT_OBJC_ISA_USAGE = YES_ERROR;
				CLANG_WARN_EMPTY_BODY = YES;
				CLANG_WARN_ENUM_CONVERSION = YES;
				CLANG_WARN_INT_CONVERSION = YES;
				CLANG_WARN_OBJC_ROOT_CLASS = YES_ERROR;
				CLANG_WARN_UNREACHABLE_CODE = YES;
				CLANG_WARN__DUPLICATE_METHOD_MATCH = YES;
				CODE_SIGN_IDENTITY = "-";
				COPY_PHASE_STRIP = NO;
				ENABLE_STRICT_OBJC_MSGSEND = YES;
				GCC_C_LANGUAGE_STANDARD = gnu99;
				GCC_DYNAMIC_NO_PIC = NO;
				GCC_OPTIMIZATION_LEVEL = 0;
				GCC_PREPROCESSOR_DEFINITIONS = (
					"DEBUG=1",
					"$(inherited)",
				);
				GCC_SYMBOLS_PRIVATE_EXTERN = NO;
				GCC_WARN_64_TO_32_BIT_CONVERSION = YES;
				GCC_WARN_ABOUT_RETURN_TYPE = YES_ERROR;
				GCC_WARN_UNDECLARED_SELECTOR = YES;
				GCC_WARN_UNINITIALIZED_AUTOS = YES_AGGRESSIVE;
				GCC_WARN_UNUSED_FUNCTION = YES;
				GCC_WARN_UNUSED_VARIABLE = YES;
				MACOSX_DEPLOYMENT_TARGET = 10.10;
				MTL_ENABLE_DEBUG_INFO = YES;
				ONLY_ACTIVE_ARCH = YES;
				SDKROOT = macosx;
				SWIFT_OPTIMIZATION_LEVEL = "-Onone";
			};
			name = Debug;
		};
		4571C8E7197EF9080076C0D5 /* Release */ = {
			isa = XCBuildConfiguration;
			buildSettings = {
				ALWAYS_SEARCH_USER_PATHS = NO;
				CLANG_CXX_LANGUAGE_STANDARD = "gnu++0x";
				CLANG_CXX_LIBRARY = "libc++";
				CLANG_ENABLE_MODULES = YES;
				CLANG_ENABLE_OBJC_ARC = YES;
				CLANG_WARN_BOOL_CONVERSION = YES;
				CLANG_WARN_CONSTANT_CONVERSION = YES;
				CLANG_WARN_DIRECT_OBJC_ISA_USAGE = YES_ERROR;
				CLANG_WARN_EMPTY_BODY = YES;
				CLANG_WARN_ENUM_CONVERSION = YES;
				CLANG_WARN_INT_CONVERSION = YES;
				CLANG_WARN_OBJC_ROOT_CLASS = YES_ERROR;
				CLANG_WARN_UNREACHABLE_CODE = YES;
				CLANG_WARN__DUPLICATE_METHOD_MATCH = YES;
				CODE_SIGN_IDENTITY = "-";
				COPY_PHASE_STRIP = YES;
				DEBUG_INFORMATION_FORMAT = "dwarf-with-dsym";
				ENABLE_NS_ASSERTIONS = NO;
				ENABLE_STRICT_OBJC_MSGSEND = YES;
				GCC_C_LANGUAGE_STANDARD = gnu99;
				GCC_WARN_64_TO_32_BIT_CONVERSION = YES;
				GCC_WARN_ABOUT_RETURN_TYPE = YES_ERROR;
				GCC_WARN_UNDECLARED_SELECTOR = YES;
				GCC_WARN_UNINITIALIZED_AUTOS = YES_AGGRESSIVE;
				GCC_WARN_UNUSED_FUNCTION = YES;
				GCC_WARN_UNUSED_VARIABLE = YES;
				MACOSX_DEPLOYMENT_TARGET = 10.10;
				MTL_ENABLE_DEBUG_INFO = NO;
				SDKROOT = macosx;
			};
			name = Release;
		};
		4571C8E9197EF9080076C0D5 /* Debug */ = {
			isa = XCBuildConfiguration;
			buildSettings = {
				ASSETCATALOG_COMPILER_APPICON_NAME = AppIcon;
				CLANG_ENABLE_MODULES = YES;
				COMBINE_HIDPI_IMAGES = YES;
				INFOPLIST_FILE = "Shanty Testbed OSX/Info.plist";
				LD_RUNPATH_SEARCH_PATHS = "$(inherited) @executable_path/../Frameworks";
				MACOSX_DEPLOYMENT_TARGET = 10.9;
				PRODUCT_NAME = "$(TARGET_NAME)";
				SWIFT_OPTIMIZATION_LEVEL = "-Onone";
			};
			name = Debug;
		};
		4571C8EA197EF9080076C0D5 /* Release */ = {
			isa = XCBuildConfiguration;
			buildSettings = {
				ASSETCATALOG_COMPILER_APPICON_NAME = AppIcon;
				CLANG_ENABLE_MODULES = YES;
				COMBINE_HIDPI_IMAGES = YES;
				INFOPLIST_FILE = "Shanty Testbed OSX/Info.plist";
				LD_RUNPATH_SEARCH_PATHS = "$(inherited) @executable_path/../Frameworks";
				MACOSX_DEPLOYMENT_TARGET = 10.9;
				PRODUCT_NAME = "$(TARGET_NAME)";
			};
			name = Release;
		};
/* End XCBuildConfiguration section */

/* Begin XCConfigurationList section */
		450F7DD819BA594A00905776 /* Build configuration list for PBXNativeTarget "Shanty Testbed iOS" */ = {
			isa = XCConfigurationList;
			buildConfigurations = (
				450F7DD119BA594A00905776 /* Debug */,
				450F7DD219BA594A00905776 /* Release */,
			);
			defaultConfigurationIsVisible = 0;
			defaultConfigurationName = Release;
		};
		454353F419BE350600FEFB23 /* Build configuration list for PBXAggregateTarget "All" */ = {
			isa = XCConfigurationList;
			buildConfigurations = (
				454353F519BE350600FEFB23 /* Debug */,
				454353F619BE350600FEFB23 /* Release */,
			);
			defaultConfigurationIsVisible = 0;
			defaultConfigurationName = Release;
		};
		4571C8C5197EF9070076C0D5 /* Build configuration list for PBXProject "Shanty Testbed" */ = {
			isa = XCConfigurationList;
			buildConfigurations = (
				4571C8E6197EF9080076C0D5 /* Debug */,
				4571C8E7197EF9080076C0D5 /* Release */,
			);
			defaultConfigurationIsVisible = 0;
			defaultConfigurationName = Release;
		};
		4571C8E8197EF9080076C0D5 /* Build configuration list for PBXNativeTarget "Shanty Testbed" */ = {
			isa = XCConfigurationList;
			buildConfigurations = (
				4571C8E9197EF9080076C0D5 /* Debug */,
				4571C8EA197EF9080076C0D5 /* Release */,
			);
			defaultConfigurationIsVisible = 0;
			defaultConfigurationName = Release;
		};
/* End XCConfigurationList section */
	};
	rootObject = 4571C8C2197EF9070076C0D5 /* Project object */;
}
