// !$*UTF8*$!
{
	archiveVersion = 1;
	classes = {
	};
	objectVersion = 46;
	objects = {

/* Begin PBXBuildFile section */
		4518065E19881B6F0083CC28 /* ServerViewController.xib in Resources */ = {isa = PBXBuildFile; fileRef = 4518065D19881B6F0083CC28 /* ServerViewController.xib */; };
		45180665198825590083CC28 /* MainWindowController.swift in Sources */ = {isa = PBXBuildFile; fileRef = 45180663198825590083CC28 /* MainWindowController.swift */; };
		45180666198825590083CC28 /* MainWindowController.xib in Resources */ = {isa = PBXBuildFile; fileRef = 45180664198825590083CC28 /* MainWindowController.xib */; };
		451806681988450D0083CC28 /* ClientViewController.xib in Resources */ = {isa = PBXBuildFile; fileRef = 451806671988450D0083CC28 /* ClientViewController.xib */; };
		4563C293198B03F5007BCB49 /* MessagesViewController.swift in Sources */ = {isa = PBXBuildFile; fileRef = 4563C291198B03F5007BCB49 /* MessagesViewController.swift */; };
		4563C294198B03F5007BCB49 /* MessagesViewController.xib in Resources */ = {isa = PBXBuildFile; fileRef = 4563C292198B03F5007BCB49 /* MessagesViewController.xib */; };
		4571C8D0197EF9080076C0D5 /* main.swift in Sources */ = {isa = PBXBuildFile; fileRef = 4571C8CF197EF9080076C0D5 /* main.swift */; };
		4571C8D4197EF9080076C0D5 /* AppDelegate.swift in Sources */ = {isa = PBXBuildFile; fileRef = 4571C8D3197EF9080076C0D5 /* AppDelegate.swift */; };
		4571C8D6197EF9080076C0D5 /* Images.xcassets in Resources */ = {isa = PBXBuildFile; fileRef = 4571C8D5197EF9080076C0D5 /* Images.xcassets */; };
		4581B3A0198060B800B227E3 /* Application.xib in Resources */ = {isa = PBXBuildFile; fileRef = 4581B39F198060B800B227E3 /* Application.xib */; };
		45CD31291982DFCB00EB6551 /* ClientViewController.swift in Sources */ = {isa = PBXBuildFile; fileRef = 45CD31281982DFCB00EB6551 /* ClientViewController.swift */; };
		45D6E98D1989704600FF6AFE /* Shanty.framework in CopyFiles */ = {isa = PBXBuildFile; fileRef = 45E3EAF019805F9100A42F0F /* Shanty.framework */; settings = {ATTRIBUTES = (CodeSignOnCopy, ); }; };
		45E3EAF319805F9100A42F0F /* Shanty.framework in Frameworks */ = {isa = PBXBuildFile; fileRef = 45E3EAF019805F9100A42F0F /* Shanty.framework */; };
		45E49518198184E1001D8588 /* ServerViewController.swift in Sources */ = {isa = PBXBuildFile; fileRef = 45E49517198184E1001D8588 /* ServerViewController.swift */; };
		45ED490A1999826700D59C94 /* Utilities.swift in Sources */ = {isa = PBXBuildFile; fileRef = 45ED49091999826700D59C94 /* Utilities.swift */; };
/* End PBXBuildFile section */

/* Begin PBXContainerItemProxy section */
		45E3EAE719805F8A00A42F0F /* PBXContainerItemProxy */ = {
			isa = PBXContainerItemProxy;
			containerPortal = 45E3EAE419805F7A00A42F0F /* shanty.xcodeproj */;
			proxyType = 1;
			remoteGlobalIDString = 4518E30B185F90BA00B1B1D9;
			remoteInfo = "Shanty OSX Framework";
		};
		45E3EAED19805F9100A42F0F /* PBXContainerItemProxy */ = {
			isa = PBXContainerItemProxy;
			containerPortal = 45E3EAE419805F7A00A42F0F /* shanty.xcodeproj */;
			proxyType = 2;
			remoteGlobalIDString = 4538AEAE185F851A003DF921;
			remoteInfo = Shanty;
		};
		45E3EAEF19805F9100A42F0F /* PBXContainerItemProxy */ = {
			isa = PBXContainerItemProxy;
			containerPortal = 45E3EAE419805F7A00A42F0F /* shanty.xcodeproj */;
			proxyType = 2;
			remoteGlobalIDString = 4518E30C185F90BA00B1B1D9;
			remoteInfo = "Shanty OSX Framework";
		};
		45E3EAF119805F9100A42F0F /* PBXContainerItemProxy */ = {
			isa = PBXContainerItemProxy;
			containerPortal = 45E3EAE419805F7A00A42F0F /* shanty.xcodeproj */;
			proxyType = 2;
			remoteGlobalIDString = 45DA232C187E7BA700599FAC;
			remoteInfo = "Shanty Mac OS X Tests";
		};
/* End PBXContainerItemProxy section */

/* Begin PBXCopyFilesBuildPhase section */
		45D6E9891989703600FF6AFE /* CopyFiles */ = {
			isa = PBXCopyFilesBuildPhase;
			buildActionMask = 2147483647;
			dstPath = "";
			dstSubfolderSpec = 10;
			files = (
				45D6E98D1989704600FF6AFE /* Shanty.framework in CopyFiles */,
			);
			runOnlyForDeploymentPostprocessing = 0;
		};
/* End PBXCopyFilesBuildPhase section */

/* Begin PBXFileReference section */
		4518065D19881B6F0083CC28 /* ServerViewController.xib */ = {isa = PBXFileReference; fileEncoding = 4; lastKnownFileType = file.xib; path = ServerViewController.xib; sourceTree = "<group>"; };
		45180663198825590083CC28 /* MainWindowController.swift */ = {isa = PBXFileReference; fileEncoding = 4; lastKnownFileType = sourcecode.swift; path = MainWindowController.swift; sourceTree = "<group>"; };
		45180664198825590083CC28 /* MainWindowController.xib */ = {isa = PBXFileReference; fileEncoding = 4; lastKnownFileType = file.xib; path = MainWindowController.xib; sourceTree = "<group>"; };
		451806671988450D0083CC28 /* ClientViewController.xib */ = {isa = PBXFileReference; fileEncoding = 4; lastKnownFileType = file.xib; path = ClientViewController.xib; sourceTree = "<group>"; };
		4563C291198B03F5007BCB49 /* MessagesViewController.swift */ = {isa = PBXFileReference; fileEncoding = 4; lastKnownFileType = sourcecode.swift; path = MessagesViewController.swift; sourceTree = "<group>"; };
		4563C292198B03F5007BCB49 /* MessagesViewController.xib */ = {isa = PBXFileReference; fileEncoding = 4; lastKnownFileType = file.xib; path = MessagesViewController.xib; sourceTree = "<group>"; };
		4571C8CA197EF9070076C0D5 /* Shanty Testbed.app */ = {isa = PBXFileReference; explicitFileType = wrapper.application; includeInIndex = 0; path = "Shanty Testbed.app"; sourceTree = BUILT_PRODUCTS_DIR; };
		4571C8CE197EF9080076C0D5 /* Info.plist */ = {isa = PBXFileReference; lastKnownFileType = text.plist.xml; path = Info.plist; sourceTree = "<group>"; };
		4571C8CF197EF9080076C0D5 /* main.swift */ = {isa = PBXFileReference; lastKnownFileType = sourcecode.swift; path = main.swift; sourceTree = "<group>"; };
		4571C8D3197EF9080076C0D5 /* AppDelegate.swift */ = {isa = PBXFileReference; lastKnownFileType = sourcecode.swift; path = AppDelegate.swift; sourceTree = "<group>"; };
		4571C8D5197EF9080076C0D5 /* Images.xcassets */ = {isa = PBXFileReference; lastKnownFileType = folder.assetcatalog; path = Images.xcassets; sourceTree = "<group>"; };
		4581B39F198060B800B227E3 /* Application.xib */ = {isa = PBXFileReference; fileEncoding = 4; lastKnownFileType = file.xib; path = Application.xib; sourceTree = "<group>"; };
		45CD31281982DFCB00EB6551 /* ClientViewController.swift */ = {isa = PBXFileReference; fileEncoding = 4; lastKnownFileType = sourcecode.swift; name = ClientViewController.swift; path = ../ClientViewController.swift; sourceTree = "<group>"; };
		45E3EAE419805F7A00A42F0F /* shanty.xcodeproj */ = {isa = PBXFileReference; lastKnownFileType = "wrapper.pb-project"; name = shanty.xcodeproj; path = ../shanty.xcodeproj; sourceTree = "<group>"; };
		45E49517198184E1001D8588 /* ServerViewController.swift */ = {isa = PBXFileReference; fileEncoding = 4; lastKnownFileType = sourcecode.swift; path = ServerViewController.swift; sourceTree = "<group>"; };
		45ED49091999826700D59C94 /* Utilities.swift */ = {isa = PBXFileReference; fileEncoding = 4; lastKnownFileType = sourcecode.swift; path = Utilities.swift; sourceTree = "<group>"; };
/* End PBXFileReference section */

/* Begin PBXFrameworksBuildPhase section */
		4571C8C7197EF9070076C0D5 /* Frameworks */ = {
			isa = PBXFrameworksBuildPhase;
			buildActionMask = 2147483647;
			files = (
				45E3EAF319805F9100A42F0F /* Shanty.framework in Frameworks */,
			);
			runOnlyForDeploymentPostprocessing = 0;
		};
/* End PBXFrameworksBuildPhase section */

/* Begin PBXGroup section */
		4571C8C1197EF9070076C0D5 = {
			isa = PBXGroup;
			children = (
				4571C8CC197EF9070076C0D5 /* Shanty Testbed */,
				45E3EAE419805F7A00A42F0F /* shanty.xcodeproj */,
				4571C8CB197EF9070076C0D5 /* Products */,
			);
			sourceTree = "<group>";
		};
		4571C8CB197EF9070076C0D5 /* Products */ = {
			isa = PBXGroup;
			children = (
				4571C8CA197EF9070076C0D5 /* Shanty Testbed.app */,
			);
			name = Products;
			sourceTree = "<group>";
		};
		4571C8CC197EF9070076C0D5 /* Shanty Testbed */ = {
			isa = PBXGroup;
			children = (
				4571C8D3197EF9080076C0D5 /* AppDelegate.swift */,
				45180663198825590083CC28 /* MainWindowController.swift */,
				45180664198825590083CC28 /* MainWindowController.xib */,
				45E49517198184E1001D8588 /* ServerViewController.swift */,
				4518065D19881B6F0083CC28 /* ServerViewController.xib */,
				45CD31281982DFCB00EB6551 /* ClientViewController.swift */,
				451806671988450D0083CC28 /* ClientViewController.xib */,
				4563C291198B03F5007BCB49 /* MessagesViewController.swift */,
				4563C292198B03F5007BCB49 /* MessagesViewController.xib */,
				45ED49091999826700D59C94 /* Utilities.swift */,
				4571C8D5197EF9080076C0D5 /* Images.xcassets */,
				4571C8CD197EF9080076C0D5 /* Supporting Files */,
				4581B39F198060B800B227E3 /* Application.xib */,
			);
			path = "Shanty Testbed";
			sourceTree = "<group>";
		};
		4571C8CD197EF9080076C0D5 /* Supporting Files */ = {
			isa = PBXGroup;
			children = (
				4571C8CE197EF9080076C0D5 /* Info.plist */,
				4571C8CF197EF9080076C0D5 /* main.swift */,
			);
			name = "Supporting Files";
			sourceTree = "<group>";
		};
		45E3EAE519805F7A00A42F0F /* Products */ = {
			isa = PBXGroup;
			children = (
				45E3EAEE19805F9100A42F0F /* libShanty.a */,
				45E3EAF019805F9100A42F0F /* Shanty.framework */,
				45E3EAF219805F9100A42F0F /* Shanty Mac OS X Tests.xctest */,
			);
			name = Products;
			sourceTree = "<group>";
		};
/* End PBXGroup section */

/* Begin PBXNativeTarget section */
		4571C8C9197EF9070076C0D5 /* Shanty Testbed */ = {
			isa = PBXNativeTarget;
			buildConfigurationList = 4571C8E8197EF9080076C0D5 /* Build configuration list for PBXNativeTarget "Shanty Testbed" */;
			buildPhases = (
				4571C8C6197EF9070076C0D5 /* Sources */,
				4571C8C7197EF9070076C0D5 /* Frameworks */,
				4571C8C8197EF9070076C0D5 /* Resources */,
				45D6E9891989703600FF6AFE /* CopyFiles */,
			);
			buildRules = (
			);
			dependencies = (
				45E3EAE819805F8A00A42F0F /* PBXTargetDependency */,
			);
			name = "Shanty Testbed";
			productName = "Shanty Testbed";
			productReference = 4571C8CA197EF9070076C0D5 /* Shanty Testbed.app */;
			productType = "com.apple.product-type.application";
		};
/* End PBXNativeTarget section */

/* Begin PBXProject section */
		4571C8C2197EF9070076C0D5 /* Project object */ = {
			isa = PBXProject;
			attributes = {
				LastUpgradeCheck = 0600;
				ORGANIZATIONNAME = schwa;
				TargetAttributes = {
					4571C8C9197EF9070076C0D5 = {
						CreatedOnToolsVersion = 6.0;
					};
				};
			};
			buildConfigurationList = 4571C8C5197EF9070076C0D5 /* Build configuration list for PBXProject "Shanty Testbed" */;
			compatibilityVersion = "Xcode 3.2";
			developmentRegion = English;
			hasScannedForEncodings = 0;
			knownRegions = (
				en,
				Base,
			);
			mainGroup = 4571C8C1197EF9070076C0D5;
			productRefGroup = 4571C8CB197EF9070076C0D5 /* Products */;
			projectDirPath = "";
			projectReferences = (
				{
					ProductGroup = 45E3EAE519805F7A00A42F0F /* Products */;
					ProjectRef = 45E3EAE419805F7A00A42F0F /* shanty.xcodeproj */;
				},
			);
			projectRoot = "";
			targets = (
				4571C8C9197EF9070076C0D5 /* Shanty Testbed */,
			);
		};
/* End PBXProject section */

/* Begin PBXReferenceProxy section */
		45E3EAEE19805F9100A42F0F /* libShanty.a */ = {
			isa = PBXReferenceProxy;
			fileType = archive.ar;
			path = libShanty.a;
			remoteRef = 45E3EAED19805F9100A42F0F /* PBXContainerItemProxy */;
			sourceTree = BUILT_PRODUCTS_DIR;
		};
		45E3EAF019805F9100A42F0F /* Shanty.framework */ = {
			isa = PBXReferenceProxy;
			fileType = wrapper.framework;
			path = Shanty.framework;
			remoteRef = 45E3EAEF19805F9100A42F0F /* PBXContainerItemProxy */;
			sourceTree = BUILT_PRODUCTS_DIR;
		};
		45E3EAF219805F9100A42F0F /* Shanty Mac OS X Tests.xctest */ = {
			isa = PBXReferenceProxy;
			fileType = wrapper.cfbundle;
			path = "Shanty Mac OS X Tests.xctest";
			remoteRef = 45E3EAF119805F9100A42F0F /* PBXContainerItemProxy */;
			sourceTree = BUILT_PRODUCTS_DIR;
		};
/* End PBXReferenceProxy section */

/* Begin PBXResourcesBuildPhase section */
		4571C8C8197EF9070076C0D5 /* Resources */ = {
			isa = PBXResourcesBuildPhase;
			buildActionMask = 2147483647;
			files = (
				4563C294198B03F5007BCB49 /* MessagesViewController.xib in Resources */,
				451806681988450D0083CC28 /* ClientViewController.xib in Resources */,
				4518065E19881B6F0083CC28 /* ServerViewController.xib in Resources */,
				4581B3A0198060B800B227E3 /* Application.xib in Resources */,
				45180666198825590083CC28 /* MainWindowController.xib in Resources */,
				4571C8D6197EF9080076C0D5 /* Images.xcassets in Resources */,
			);
			runOnlyForDeploymentPostprocessing = 0;
		};
/* End PBXResourcesBuildPhase section */

/* Begin PBXSourcesBuildPhase section */
		4571C8C6197EF9070076C0D5 /* Sources */ = {
			isa = PBXSourcesBuildPhase;
			buildActionMask = 2147483647;
			files = (
				4563C293198B03F5007BCB49 /* MessagesViewController.swift in Sources */,
				45E49518198184E1001D8588 /* ServerViewController.swift in Sources */,
				45ED490A1999826700D59C94 /* Utilities.swift in Sources */,
				4571C8D4197EF9080076C0D5 /* AppDelegate.swift in Sources */,
				4571C8D0197EF9080076C0D5 /* main.swift in Sources */,
				45CD31291982DFCB00EB6551 /* ClientViewController.swift in Sources */,
				45180665198825590083CC28 /* MainWindowController.swift in Sources */,
			);
			runOnlyForDeploymentPostprocessing = 0;
		};
/* End PBXSourcesBuildPhase section */

/* Begin PBXTargetDependency section */
		45E3EAE819805F8A00A42F0F /* PBXTargetDependency */ = {
			isa = PBXTargetDependency;
			name = "Shanty OSX Framework";
			targetProxy = 45E3EAE719805F8A00A42F0F /* PBXContainerItemProxy */;
		};
/* End PBXTargetDependency section */

/* Begin XCBuildConfiguration section */
		4571C8E6197EF9080076C0D5 /* Debug */ = {
			isa = XCBuildConfiguration;
			buildSettings = {
				ALWAYS_SEARCH_USER_PATHS = NO;
				CLANG_CXX_LANGUAGE_STANDARD = "gnu++0x";
				CLANG_CXX_LIBRARY = "libc++";
				CLANG_ENABLE_MODULES = YES;
				CLANG_ENABLE_OBJC_ARC = YES;
				CLANG_WARN_BOOL_CONVERSION = YES;
				CLANG_WARN_CONSTANT_CONVERSION = YES;
				CLANG_WARN_DIRECT_OBJC_ISA_USAGE = YES_ERROR;
				CLANG_WARN_EMPTY_BODY = YES;
				CLANG_WARN_ENUM_CONVERSION = YES;
				CLANG_WARN_INT_CONVERSION = YES;
				CLANG_WARN_OBJC_ROOT_CLASS = YES_ERROR;
				CLANG_WARN_UNREACHABLE_CODE = YES;
				CLANG_WARN__DUPLICATE_METHOD_MATCH = YES;
				CODE_SIGN_IDENTITY = "-";
				COPY_PHASE_STRIP = NO;
				ENABLE_STRICT_OBJC_MSGSEND = YES;
				GCC_C_LANGUAGE_STANDARD = gnu99;
				GCC_DYNAMIC_NO_PIC = NO;
				GCC_OPTIMIZATION_LEVEL = 0;
				GCC_PREPROCESSOR_DEFINITIONS = (
					"DEBUG=1",
					"$(inherited)",
				);
				GCC_SYMBOLS_PRIVATE_EXTERN = NO;
				GCC_WARN_64_TO_32_BIT_CONVERSION = YES;
				GCC_WARN_ABOUT_RETURN_TYPE = YES_ERROR;
				GCC_WARN_UNDECLARED_SELECTOR = YES;
				GCC_WARN_UNINITIALIZED_AUTOS = YES_AGGRESSIVE;
				GCC_WARN_UNUSED_FUNCTION = YES;
				GCC_WARN_UNUSED_VARIABLE = YES;
				MACOSX_DEPLOYMENT_TARGET = 10.10;
				MTL_ENABLE_DEBUG_INFO = YES;
				ONLY_ACTIVE_ARCH = YES;
				SDKROOT = macosx;
				SWIFT_OPTIMIZATION_LEVEL = "-Onone";
			};
			name = Debug;
		};
		4571C8E7197EF9080076C0D5 /* Release */ = {
			isa = XCBuildConfiguration;
			buildSettings = {
				ALWAYS_SEARCH_USER_PATHS = NO;
				CLANG_CXX_LANGUAGE_STANDARD = "gnu++0x";
				CLANG_CXX_LIBRARY = "libc++";
				CLANG_ENABLE_MODULES = YES;
				CLANG_ENABLE_OBJC_ARC = YES;
				CLANG_WARN_BOOL_CONVERSION = YES;
				CLANG_WARN_CONSTANT_CONVERSION = YES;
				CLANG_WARN_DIRECT_OBJC_ISA_USAGE = YES_ERROR;
				CLANG_WARN_EMPTY_BODY = YES;
				CLANG_WARN_ENUM_CONVERSION = YES;
				CLANG_WARN_INT_CONVERSION = YES;
				CLANG_WARN_OBJC_ROOT_CLASS = YES_ERROR;
				CLANG_WARN_UNREACHABLE_CODE = YES;
				CLANG_WARN__DUPLICATE_METHOD_MATCH = YES;
				CODE_SIGN_IDENTITY = "-";
				COPY_PHASE_STRIP = YES;
				DEBUG_INFORMATION_FORMAT = "dwarf-with-dsym";
				ENABLE_NS_ASSERTIONS = NO;
				ENABLE_STRICT_OBJC_MSGSEND = YES;
				GCC_C_LANGUAGE_STANDARD = gnu99;
				GCC_WARN_64_TO_32_BIT_CONVERSION = YES;
				GCC_WARN_ABOUT_RETURN_TYPE = YES_ERROR;
				GCC_WARN_UNDECLARED_SELECTOR = YES;
				GCC_WARN_UNINITIALIZED_AUTOS = YES_AGGRESSIVE;
				GCC_WARN_UNUSED_FUNCTION = YES;
				GCC_WARN_UNUSED_VARIABLE = YES;
				MACOSX_DEPLOYMENT_TARGET = 10.10;
				MTL_ENABLE_DEBUG_INFO = NO;
				SDKROOT = macosx;
			};
			name = Release;
		};
		4571C8E9197EF9080076C0D5 /* Debug */ = {
			isa = XCBuildConfiguration;
			buildSettings = {
				ASSETCATALOG_COMPILER_APPICON_NAME = AppIcon;
				CLANG_ENABLE_MODULES = YES;
				COMBINE_HIDPI_IMAGES = YES;
				INFOPLIST_FILE = "Shanty Testbed/Info.plist";
				LD_RUNPATH_SEARCH_PATHS = "$(inherited) @executable_path/../Frameworks";
				MACOSX_DEPLOYMENT_TARGET = 10.9;
				PRODUCT_NAME = "$(TARGET_NAME)";
				SWIFT_OPTIMIZATION_LEVEL = "-Onone";
			};
			name = Debug;
		};
		4571C8EA197EF9080076C0D5 /* Release */ = {
			isa = XCBuildConfiguration;
			buildSettings = {
				ASSETCATALOG_COMPILER_APPICON_NAME = AppIcon;
				CLANG_ENABLE_MODULES = YES;
				COMBINE_HIDPI_IMAGES = YES;
				INFOPLIST_FILE = "Shanty Testbed/Info.plist";
				LD_RUNPATH_SEARCH_PATHS = "$(inherited) @executable_path/../Frameworks";
				MACOSX_DEPLOYMENT_TARGET = 10.9;
				PRODUCT_NAME = "$(TARGET_NAME)";
			};
			name = Release;
		};
/* End XCBuildConfiguration section */

/* Begin XCConfigurationList section */
		4571C8C5197EF9070076C0D5 /* Build configuration list for PBXProject "Shanty Testbed" */ = {
			isa = XCConfigurationList;
			buildConfigurations = (
				4571C8E6197EF9080076C0D5 /* Debug */,
				4571C8E7197EF9080076C0D5 /* Release */,
			);
			defaultConfigurationIsVisible = 0;
			defaultConfigurationName = Release;
		};
		4571C8E8197EF9080076C0D5 /* Build configuration list for PBXNativeTarget "Shanty Testbed" */ = {
			isa = XCConfigurationList;
			buildConfigurations = (
				4571C8E9197EF9080076C0D5 /* Debug */,
				4571C8EA197EF9080076C0D5 /* Release */,
			);
			defaultConfigurationIsVisible = 0;
			defaultConfigurationName = Release;
		};
/* End XCConfigurationList section */
	};
	rootObject = 4571C8C2197EF9070076C0D5 /* Project object */;
}
